// !$*UTF8*$!
{
	archiveVersion = 1;
	classes = {
	};
	objectVersion = 46;
	objects = {

/* Begin PBXBuildFile section */
		3FC2CE9D4EB4A8CDA9AB3DBA /* libPods-ShowNews.a in Frameworks */ = {isa = PBXBuildFile; fileRef = 96AD0E98A66EEF8312CF716E /* libPods-ShowNews.a */; };
		D6224A3E1D1E6A560048ED57 /* Foundation+Log.m in Sources */ = {isa = PBXBuildFile; fileRef = D6224A3D1D1E6A560048ED57 /* Foundation+Log.m */; };
		D6224A471D1E6F6E0048ED57 /* README.md in Sources */ = {isa = PBXBuildFile; fileRef = D6224A411D1E6F6E0048ED57 /* README.md */; };
		D6224A481D1E6F6E0048ED57 /* README.md in Sources */ = {isa = PBXBuildFile; fileRef = D6224A431D1E6F6E0048ED57 /* README.md */; };
		D6224A491D1E6F6E0048ED57 /* README.md in Sources */ = {isa = PBXBuildFile; fileRef = D6224A441D1E6F6E0048ED57 /* README.md */; };
		D6224A4A1D1E6F6E0048ED57 /* README.md in Sources */ = {isa = PBXBuildFile; fileRef = D6224A461D1E6F6E0048ED57 /* README.md */; };
		D6224A501D1E9E8C0048ED57 /* City.m in Sources */ = {isa = PBXBuildFile; fileRef = D6224A4F1D1E9E8C0048ED57 /* City.m */; };
		D6224A541D1E9EDA0048ED57 /* CityViewController.m in Sources */ = {isa = PBXBuildFile; fileRef = D6224A521D1E9EDA0048ED57 /* CityViewController.m */; };
		D6224A551D1E9EDA0048ED57 /* CityViewController.xib in Resources */ = {isa = PBXBuildFile; fileRef = D6224A531D1E9EDA0048ED57 /* CityViewController.xib */; };
		D64FA1131D1D1C92007DE414 /* main.m in Sources */ = {isa = PBXBuildFile; fileRef = D64FA1121D1D1C92007DE414 /* main.m */; };
		D64FA1191D1D1C92007DE414 /* ViewController.m in Sources */ = {isa = PBXBuildFile; fileRef = D64FA1181D1D1C92007DE414 /* ViewController.m */; };
		D64FA11C1D1D1C92007DE414 /* Main.storyboard in Resources */ = {isa = PBXBuildFile; fileRef = D64FA11A1D1D1C92007DE414 /* Main.storyboard */; };
		D64FA11E1D1D1C92007DE414 /* Assets.xcassets in Resources */ = {isa = PBXBuildFile; fileRef = D64FA11D1D1D1C92007DE414 /* Assets.xcassets */; };
		D64FA1211D1D1C92007DE414 /* LaunchScreen.storyboard in Resources */ = {isa = PBXBuildFile; fileRef = D64FA11F1D1D1C92007DE414 /* LaunchScreen.storyboard */; };
		D64FA1731D1D1D95007DE414 /* AppDelegate.m in Sources */ = {isa = PBXBuildFile; fileRef = D64FA1571D1D1D95007DE414 /* AppDelegate.m */; };
		D64FA1741D1D1D95007DE414 /* README.md in Sources */ = {isa = PBXBuildFile; fileRef = D64FA1591D1D1D95007DE414 /* README.md */; };
		D64FA1751D1D1D95007DE414 /* UIScrollView+Touches.m in Sources */ = {isa = PBXBuildFile; fileRef = D64FA15D1D1D1D95007DE414 /* UIScrollView+Touches.m */; };
		D64FA1761D1D1D95007DE414 /* README.md in Sources */ = {isa = PBXBuildFile; fileRef = D64FA15F1D1D1D95007DE414 /* README.md */; };
		D64FA1771D1D1D95007DE414 /* README.md in Sources */ = {isa = PBXBuildFile; fileRef = D64FA1611D1D1D95007DE414 /* README.md */; };
		D64FA1781D1D1D95007DE414 /* README.md in Sources */ = {isa = PBXBuildFile; fileRef = D64FA1631D1D1D95007DE414 /* README.md */; };
		D64FA1791D1D1D95007DE414 /* README.md in Sources */ = {isa = PBXBuildFile; fileRef = D64FA1651D1D1D95007DE414 /* README.md */; };
		D64FA17A1D1D1D95007DE414 /* README.md in Sources */ = {isa = PBXBuildFile; fileRef = D64FA1681D1D1D95007DE414 /* README.md */; };
		D64FA17B1D1D1D95007DE414 /* README.md in Sources */ = {isa = PBXBuildFile; fileRef = D64FA16A1D1D1D95007DE414 /* README.md */; };
		D64FA17C1D1D1D95007DE414 /* README.md in Sources */ = {isa = PBXBuildFile; fileRef = D64FA16C1D1D1D95007DE414 /* README.md */; };
		D64FA17D1D1D1D95007DE414 /* README.md in Sources */ = {isa = PBXBuildFile; fileRef = D64FA16E1D1D1D95007DE414 /* README.md */; };
		D64FA17E1D1D1D95007DE414 /* README.md in Sources */ = {isa = PBXBuildFile; fileRef = D64FA1701D1D1D95007DE414 /* README.md */; };
		D64FA17F1D1D1D95007DE414 /* README.md in Sources */ = {isa = PBXBuildFile; fileRef = D64FA1721D1D1D95007DE414 /* README.md */; };
		D64FA1861D1D2B41007DE414 /* README.md in Sources */ = {isa = PBXBuildFile; fileRef = D64FA1811D1D2B41007DE414 /* README.md */; };
		D64FA1871D1D2B41007DE414 /* README.md in Sources */ = {isa = PBXBuildFile; fileRef = D64FA1831D1D2B41007DE414 /* README.md */; };
		D64FA1881D1D2B41007DE414 /* README.md in Sources */ = {isa = PBXBuildFile; fileRef = D64FA1851D1D2B41007DE414 /* README.md */; };
		D64FA18F1D1D2B63007DE414 /* README.md in Sources */ = {isa = PBXBuildFile; fileRef = D64FA18A1D1D2B63007DE414 /* README.md */; };
		D64FA1901D1D2B63007DE414 /* README.md in Sources */ = {isa = PBXBuildFile; fileRef = D64FA18C1D1D2B63007DE414 /* README.md */; };
		D64FA1911D1D2B63007DE414 /* README.md in Sources */ = {isa = PBXBuildFile; fileRef = D64FA18E1D1D2B63007DE414 /* README.md */; };
		D64FA1A11D1D2B8D007DE414 /* README.md in Sources */ = {isa = PBXBuildFile; fileRef = D64FA19C1D1D2B8D007DE414 /* README.md */; };
		D64FA1A21D1D2B8D007DE414 /* README.md in Sources */ = {isa = PBXBuildFile; fileRef = D64FA19E1D1D2B8D007DE414 /* README.md */; };
		D64FA1A31D1D2B8D007DE414 /* README.md in Sources */ = {isa = PBXBuildFile; fileRef = D64FA1A01D1D2B8D007DE414 /* README.md */; };
		D64FA1AA1D1D2B97007DE414 /* README.md in Sources */ = {isa = PBXBuildFile; fileRef = D64FA1A51D1D2B97007DE414 /* README.md */; };
		D64FA1AB1D1D2B97007DE414 /* README.md in Sources */ = {isa = PBXBuildFile; fileRef = D64FA1A71D1D2B97007DE414 /* README.md */; };
		D64FA1AC1D1D2B97007DE414 /* README.md in Sources */ = {isa = PBXBuildFile; fileRef = D64FA1A91D1D2B97007DE414 /* README.md */; };
		D64FA1B31D1D2B9F007DE414 /* README.md in Sources */ = {isa = PBXBuildFile; fileRef = D64FA1AE1D1D2B9F007DE414 /* README.md */; };
		D64FA1B41D1D2B9F007DE414 /* README.md in Sources */ = {isa = PBXBuildFile; fileRef = D64FA1B01D1D2B9F007DE414 /* README.md */; };
		D64FA1B51D1D2B9F007DE414 /* README.md in Sources */ = {isa = PBXBuildFile; fileRef = D64FA1B21D1D2B9F007DE414 /* README.md */; };
		D66AA2941D1EC4BD00045D9E /* background.png in Resources */ = {isa = PBXBuildFile; fileRef = D66AA28F1D1EC4BD00045D9E /* background.png */; };
		D66AA2951D1EC4BD00045D9E /* collect.png in Resources */ = {isa = PBXBuildFile; fileRef = D66AA2901D1EC4BD00045D9E /* collect.png */; };
		D66AA2961D1EC4BD00045D9E /* icon.png in Resources */ = {isa = PBXBuildFile; fileRef = D66AA2911D1EC4BD00045D9E /* icon.png */; };
		D66AA2971D1EC4BD00045D9E /* lyric.png in Resources */ = {isa = PBXBuildFile; fileRef = D66AA2921D1EC4BD00045D9E /* lyric.png */; };
		D66AA2981D1EC4BD00045D9E /* thumb.png in Resources */ = {isa = PBXBuildFile; fileRef = D66AA2931D1EC4BD00045D9E /* thumb.png */; };
		D66AA29B1D1EC7FA00045D9E /* NewsViewController.m in Sources */ = {isa = PBXBuildFile; fileRef = D66AA29A1D1EC7FA00045D9E /* NewsViewController.m */; };
		D66AA29F1D1ECCD900045D9E /* UserViewController.m in Sources */ = {isa = PBXBuildFile; fileRef = D66AA29D1D1ECCD900045D9E /* UserViewController.m */; };
		D66AA2A01D1ECCD900045D9E /* UserViewController.xib in Resources */ = {isa = PBXBuildFile; fileRef = D66AA29E1D1ECCD900045D9E /* UserViewController.xib */; };
		D66AA2A41D1ECCF100045D9E /* MapViewController.m in Sources */ = {isa = PBXBuildFile; fileRef = D66AA2A21D1ECCF100045D9E /* MapViewController.m */; };
		D66AA2A51D1ECCF100045D9E /* MapViewController.xib in Resources */ = {isa = PBXBuildFile; fileRef = D66AA2A31D1ECCF100045D9E /* MapViewController.xib */; };
		D6BA65401D1E253200ECA213 /* WeatherHandle.m in Sources */ = {isa = PBXBuildFile; fileRef = D6BA653F1D1E253200ECA213 /* WeatherHandle.m */; };
		D6BA65461D1E2C7B00ECA213 /* Weather.m in Sources */ = {isa = PBXBuildFile; fileRef = D6BA65451D1E2C7B00ECA213 /* Weather.m */; };
		D6BA654C1D1E30C900ECA213 /* BaseViewController.m in Sources */ = {isa = PBXBuildFile; fileRef = D6BA654B1D1E30C900ECA213 /* BaseViewController.m */; };
		D6BA65581D1E5E0B00ECA213 /* GetPinYinFromChinese.m in Sources */ = {isa = PBXBuildFile; fileRef = D6BA65571D1E5E0B00ECA213 /* GetPinYinFromChinese.m */; };
		D6E2AC421D1E5E0200B18F0E /* Music.m in Sources */ = {isa = PBXBuildFile; fileRef = D6E2AC411D1E5E0200B18F0E /* Music.m */; };
		D6E2AC461D1E681900B18F0E /* MusicListCell.m in Sources */ = {isa = PBXBuildFile; fileRef = D6E2AC441D1E681900B18F0E /* MusicListCell.m */; };
		D6E2AC471D1E681900B18F0E /* MusicListCell.xib in Resources */ = {isa = PBXBuildFile; fileRef = D6E2AC451D1E681900B18F0E /* MusicListCell.xib */; };
		D6E2AC4B1D1E873600B18F0E /* PlayViewController.m in Sources */ = {isa = PBXBuildFile; fileRef = D6E2AC491D1E873600B18F0E /* PlayViewController.m */; };
		D6E2AC4C1D1E873600B18F0E /* PlayViewController.xib in Resources */ = {isa = PBXBuildFile; fileRef = D6E2AC4A1D1E873600B18F0E /* PlayViewController.xib */; };
		D6E2AC511D1E876700B18F0E /* PlayerManager.m in Sources */ = {isa = PBXBuildFile; fileRef = D6E2AC4E1D1E876700B18F0E /* PlayerManager.m */; };
		D6E2AC521D1E876700B18F0E /* PlayerConsole.m in Sources */ = {isa = PBXBuildFile; fileRef = D6E2AC501D1E876700B18F0E /* PlayerConsole.m */; };
		D6E2AC551D1E878B00B18F0E /* MusicTimeFormatter.m in Sources */ = {isa = PBXBuildFile; fileRef = D6E2AC541D1E878B00B18F0E /* MusicTimeFormatter.m */; };
		D6EA5E9E1D1D2DCF006B6C33 /* NewsPhotoSetCell.m in Sources */ = {isa = PBXBuildFile; fileRef = D6EA5E9C1D1D2DCF006B6C33 /* NewsPhotoSetCell.m */; };
		D6EA5E9F1D1D2DCF006B6C33 /* NewsPhotoSetCell.xib in Resources */ = {isa = PBXBuildFile; fileRef = D6EA5E9D1D1D2DCF006B6C33 /* NewsPhotoSetCell.xib */; };
		D6EA5EA31D1D2DF4006B6C33 /* NewsArticleCell.m in Sources */ = {isa = PBXBuildFile; fileRef = D6EA5EA11D1D2DF4006B6C33 /* NewsArticleCell.m */; };
		D6EA5EA41D1D2DF4006B6C33 /* NewsArticleCell.xib in Resources */ = {isa = PBXBuildFile; fileRef = D6EA5EA21D1D2DF4006B6C33 /* NewsArticleCell.xib */; };
		D6EA5EA81D1D2E11006B6C33 /* NewsSpecialCell.m in Sources */ = {isa = PBXBuildFile; fileRef = D6EA5EA61D1D2E11006B6C33 /* NewsSpecialCell.m */; };
		D6EA5EA91D1D2E11006B6C33 /* NewsSpecialCell.xib in Resources */ = {isa = PBXBuildFile; fileRef = D6EA5EA71D1D2E11006B6C33 /* NewsSpecialCell.xib */; };
		D6EA5ED51D1D576D006B6C33 /* UILabel+Font.m in Sources */ = {isa = PBXBuildFile; fileRef = D6EA5ED41D1D576D006B6C33 /* UILabel+Font.m */; };
		D6EA5ED91D1D6BF1006B6C33 /* MusicSearchController.m in Sources */ = {isa = PBXBuildFile; fileRef = D6EA5ED71D1D6BF1006B6C33 /* MusicSearchController.m */; };
		D6EA5EDA1D1D6BF1006B6C33 /* MusicSearchController.xib in Resources */ = {isa = PBXBuildFile; fileRef = D6EA5ED81D1D6BF1006B6C33 /* MusicSearchController.xib */; };
		F53D26261D1E2C20002E0644 /* VideoPlayerViewController.m in Sources */ = {isa = PBXBuildFile; fileRef = F53D26241D1E2C20002E0644 /* VideoPlayerViewController.m */; };
		F53D26271D1E2C20002E0644 /* VideoPlayerViewController.xib in Resources */ = {isa = PBXBuildFile; fileRef = F53D26251D1E2C20002E0644 /* VideoPlayerViewController.xib */; };
		F570BD0D1D1D5CD30031CDB3 /* VideoTableViewController.m in Sources */ = {isa = PBXBuildFile; fileRef = F570BD0C1D1D5CD30031CDB3 /* VideoTableViewController.m */; };
		F570BD111D1D5D000031CDB3 /* VideoCell.m in Sources */ = {isa = PBXBuildFile; fileRef = F570BD0F1D1D5D000031CDB3 /* VideoCell.m */; };
		F570BD121D1D5D000031CDB3 /* VideoCell.xib in Resources */ = {isa = PBXBuildFile; fileRef = F570BD101D1D5D000031CDB3 /* VideoCell.xib */; };
		F570BD151D1D6C9A0031CDB3 /* VideoModel.m in Sources */ = {isa = PBXBuildFile; fileRef = F570BD141D1D6C9A0031CDB3 /* VideoModel.m */; };
		F5D8CC9D1D1E2620006077C7 /* NSString+TimeFormatter.m in Sources */ = {isa = PBXBuildFile; fileRef = F5D8CC9C1D1E2620006077C7 /* NSString+TimeFormatter.m */; };
/* End PBXBuildFile section */

/* Begin PBXFileReference section */
		79CF943A678FF3DE14FD163E /* Pods-ShowNews.debug.xcconfig */ = {isa = PBXFileReference; includeInIndex = 1; lastKnownFileType = text.xcconfig; name = "Pods-ShowNews.debug.xcconfig"; path = "Pods/Target Support Files/Pods-ShowNews/Pods-ShowNews.debug.xcconfig"; sourceTree = "<group>"; };
		96AD0E98A66EEF8312CF716E /* libPods-ShowNews.a */ = {isa = PBXFileReference; explicitFileType = archive.ar; includeInIndex = 0; path = "libPods-ShowNews.a"; sourceTree = BUILT_PRODUCTS_DIR; };
		D6224A3D1D1E6A560048ED57 /* Foundation+Log.m */ = {isa = PBXFileReference; fileEncoding = 4; lastKnownFileType = sourcecode.c.objc; path = "Foundation+Log.m"; sourceTree = "<group>"; };
		D6224A411D1E6F6E0048ED57 /* README.md */ = {isa = PBXFileReference; fileEncoding = 4; lastKnownFileType = net.daringfireball.markdown; path = README.md; sourceTree = "<group>"; };
		D6224A431D1E6F6E0048ED57 /* README.md */ = {isa = PBXFileReference; fileEncoding = 4; lastKnownFileType = net.daringfireball.markdown; path = README.md; sourceTree = "<group>"; };
		D6224A441D1E6F6E0048ED57 /* README.md */ = {isa = PBXFileReference; fileEncoding = 4; lastKnownFileType = net.daringfireball.markdown; path = README.md; sourceTree = "<group>"; };
		D6224A461D1E6F6E0048ED57 /* README.md */ = {isa = PBXFileReference; fileEncoding = 4; lastKnownFileType = net.daringfireball.markdown; path = README.md; sourceTree = "<group>"; };
		D6224A4E1D1E9E8C0048ED57 /* City.h */ = {isa = PBXFileReference; fileEncoding = 4; lastKnownFileType = sourcecode.c.h; path = City.h; sourceTree = "<group>"; };
		D6224A4F1D1E9E8C0048ED57 /* City.m */ = {isa = PBXFileReference; fileEncoding = 4; lastKnownFileType = sourcecode.c.objc; path = City.m; sourceTree = "<group>"; };
		D6224A511D1E9EDA0048ED57 /* CityViewController.h */ = {isa = PBXFileReference; fileEncoding = 4; lastKnownFileType = sourcecode.c.h; path = CityViewController.h; sourceTree = "<group>"; };
		D6224A521D1E9EDA0048ED57 /* CityViewController.m */ = {isa = PBXFileReference; fileEncoding = 4; lastKnownFileType = sourcecode.c.objc; path = CityViewController.m; sourceTree = "<group>"; };
		D6224A531D1E9EDA0048ED57 /* CityViewController.xib */ = {isa = PBXFileReference; fileEncoding = 4; lastKnownFileType = file.xib; path = CityViewController.xib; sourceTree = "<group>"; };
		D64FA10E1D1D1C92007DE414 /* ShowNews.app */ = {isa = PBXFileReference; explicitFileType = wrapper.application; includeInIndex = 0; path = ShowNews.app; sourceTree = BUILT_PRODUCTS_DIR; };
		D64FA1121D1D1C92007DE414 /* main.m */ = {isa = PBXFileReference; lastKnownFileType = sourcecode.c.objc; path = main.m; sourceTree = "<group>"; };
		D64FA1171D1D1C92007DE414 /* ViewController.h */ = {isa = PBXFileReference; lastKnownFileType = sourcecode.c.h; path = ViewController.h; sourceTree = "<group>"; };
		D64FA1181D1D1C92007DE414 /* ViewController.m */ = {isa = PBXFileReference; lastKnownFileType = sourcecode.c.objc; path = ViewController.m; sourceTree = "<group>"; };
		D64FA11B1D1D1C92007DE414 /* Base */ = {isa = PBXFileReference; lastKnownFileType = file.storyboard; name = Base; path = Base.lproj/Main.storyboard; sourceTree = "<group>"; };
		D64FA11D1D1D1C92007DE414 /* Assets.xcassets */ = {isa = PBXFileReference; lastKnownFileType = folder.assetcatalog; path = Assets.xcassets; sourceTree = "<group>"; };
		D64FA1201D1D1C92007DE414 /* Base */ = {isa = PBXFileReference; lastKnownFileType = file.storyboard; name = Base; path = Base.lproj/LaunchScreen.storyboard; sourceTree = "<group>"; };
		D64FA1221D1D1C92007DE414 /* Info.plist */ = {isa = PBXFileReference; lastKnownFileType = text.plist.xml; path = Info.plist; sourceTree = "<group>"; };
		D64FA1561D1D1D95007DE414 /* AppDelegate.h */ = {isa = PBXFileReference; fileEncoding = 4; lastKnownFileType = sourcecode.c.h; path = AppDelegate.h; sourceTree = "<group>"; };
		D64FA1571D1D1D95007DE414 /* AppDelegate.m */ = {isa = PBXFileReference; fileEncoding = 4; lastKnownFileType = sourcecode.c.objc; path = AppDelegate.m; sourceTree = "<group>"; };
		D64FA1591D1D1D95007DE414 /* README.md */ = {isa = PBXFileReference; fileEncoding = 4; lastKnownFileType = net.daringfireball.markdown; path = README.md; sourceTree = "<group>"; };
		D64FA15C1D1D1D95007DE414 /* UIScrollView+Touches.h */ = {isa = PBXFileReference; fileEncoding = 4; lastKnownFileType = sourcecode.c.h; path = "UIScrollView+Touches.h"; sourceTree = "<group>"; };
		D64FA15D1D1D1D95007DE414 /* UIScrollView+Touches.m */ = {isa = PBXFileReference; fileEncoding = 4; lastKnownFileType = sourcecode.c.objc; path = "UIScrollView+Touches.m"; sourceTree = "<group>"; };
		D64FA15F1D1D1D95007DE414 /* README.md */ = {isa = PBXFileReference; fileEncoding = 4; lastKnownFileType = net.daringfireball.markdown; path = README.md; sourceTree = "<group>"; };
		D64FA1611D1D1D95007DE414 /* README.md */ = {isa = PBXFileReference; fileEncoding = 4; lastKnownFileType = net.daringfireball.markdown; path = README.md; sourceTree = "<group>"; };
		D64FA1631D1D1D95007DE414 /* README.md */ = {isa = PBXFileReference; fileEncoding = 4; lastKnownFileType = net.daringfireball.markdown; path = README.md; sourceTree = "<group>"; };
		D64FA1651D1D1D95007DE414 /* README.md */ = {isa = PBXFileReference; fileEncoding = 4; lastKnownFileType = net.daringfireball.markdown; path = README.md; sourceTree = "<group>"; };
		D64FA1681D1D1D95007DE414 /* README.md */ = {isa = PBXFileReference; fileEncoding = 4; lastKnownFileType = net.daringfireball.markdown; path = README.md; sourceTree = "<group>"; };
		D64FA16A1D1D1D95007DE414 /* README.md */ = {isa = PBXFileReference; fileEncoding = 4; lastKnownFileType = net.daringfireball.markdown; path = README.md; sourceTree = "<group>"; };
		D64FA16C1D1D1D95007DE414 /* README.md */ = {isa = PBXFileReference; fileEncoding = 4; lastKnownFileType = net.daringfireball.markdown; path = README.md; sourceTree = "<group>"; };
		D64FA16E1D1D1D95007DE414 /* README.md */ = {isa = PBXFileReference; fileEncoding = 4; lastKnownFileType = net.daringfireball.markdown; path = README.md; sourceTree = "<group>"; };
		D64FA1701D1D1D95007DE414 /* README.md */ = {isa = PBXFileReference; fileEncoding = 4; lastKnownFileType = net.daringfireball.markdown; path = README.md; sourceTree = "<group>"; };
		D64FA1721D1D1D95007DE414 /* README.md */ = {isa = PBXFileReference; fileEncoding = 4; lastKnownFileType = net.daringfireball.markdown; path = README.md; sourceTree = "<group>"; };
		D64FA1811D1D2B41007DE414 /* README.md */ = {isa = PBXFileReference; fileEncoding = 4; lastKnownFileType = net.daringfireball.markdown; path = README.md; sourceTree = "<group>"; };
		D64FA1831D1D2B41007DE414 /* README.md */ = {isa = PBXFileReference; fileEncoding = 4; lastKnownFileType = net.daringfireball.markdown; path = README.md; sourceTree = "<group>"; };
		D64FA1851D1D2B41007DE414 /* README.md */ = {isa = PBXFileReference; fileEncoding = 4; lastKnownFileType = net.daringfireball.markdown; path = README.md; sourceTree = "<group>"; };
		D64FA18A1D1D2B63007DE414 /* README.md */ = {isa = PBXFileReference; fileEncoding = 4; lastKnownFileType = net.daringfireball.markdown; path = README.md; sourceTree = "<group>"; };
		D64FA18C1D1D2B63007DE414 /* README.md */ = {isa = PBXFileReference; fileEncoding = 4; lastKnownFileType = net.daringfireball.markdown; path = README.md; sourceTree = "<group>"; };
		D64FA18E1D1D2B63007DE414 /* README.md */ = {isa = PBXFileReference; fileEncoding = 4; lastKnownFileType = net.daringfireball.markdown; path = README.md; sourceTree = "<group>"; };
		D64FA19C1D1D2B8D007DE414 /* README.md */ = {isa = PBXFileReference; fileEncoding = 4; lastKnownFileType = net.daringfireball.markdown; path = README.md; sourceTree = "<group>"; };
		D64FA19E1D1D2B8D007DE414 /* README.md */ = {isa = PBXFileReference; fileEncoding = 4; lastKnownFileType = net.daringfireball.markdown; path = README.md; sourceTree = "<group>"; };
		D64FA1A01D1D2B8D007DE414 /* README.md */ = {isa = PBXFileReference; fileEncoding = 4; lastKnownFileType = net.daringfireball.markdown; path = README.md; sourceTree = "<group>"; };
		D64FA1A51D1D2B97007DE414 /* README.md */ = {isa = PBXFileReference; fileEncoding = 4; lastKnownFileType = net.daringfireball.markdown; path = README.md; sourceTree = "<group>"; };
		D64FA1A71D1D2B97007DE414 /* README.md */ = {isa = PBXFileReference; fileEncoding = 4; lastKnownFileType = net.daringfireball.markdown; path = README.md; sourceTree = "<group>"; };
		D64FA1A91D1D2B97007DE414 /* README.md */ = {isa = PBXFileReference; fileEncoding = 4; lastKnownFileType = net.daringfireball.markdown; path = README.md; sourceTree = "<group>"; };
		D64FA1AE1D1D2B9F007DE414 /* README.md */ = {isa = PBXFileReference; fileEncoding = 4; lastKnownFileType = net.daringfireball.markdown; path = README.md; sourceTree = "<group>"; };
		D64FA1B01D1D2B9F007DE414 /* README.md */ = {isa = PBXFileReference; fileEncoding = 4; lastKnownFileType = net.daringfireball.markdown; path = README.md; sourceTree = "<group>"; };
		D64FA1B21D1D2B9F007DE414 /* README.md */ = {isa = PBXFileReference; fileEncoding = 4; lastKnownFileType = net.daringfireball.markdown; path = README.md; sourceTree = "<group>"; };
		D66AA28F1D1EC4BD00045D9E /* background.png */ = {isa = PBXFileReference; lastKnownFileType = image.png; path = background.png; sourceTree = "<group>"; };
		D66AA2901D1EC4BD00045D9E /* collect.png */ = {isa = PBXFileReference; lastKnownFileType = image.png; path = collect.png; sourceTree = "<group>"; };
		D66AA2911D1EC4BD00045D9E /* icon.png */ = {isa = PBXFileReference; lastKnownFileType = image.png; path = icon.png; sourceTree = "<group>"; };
		D66AA2921D1EC4BD00045D9E /* lyric.png */ = {isa = PBXFileReference; lastKnownFileType = image.png; path = lyric.png; sourceTree = "<group>"; };
		D66AA2931D1EC4BD00045D9E /* thumb.png */ = {isa = PBXFileReference; lastKnownFileType = image.png; path = thumb.png; sourceTree = "<group>"; };
		D66AA2991D1EC7FA00045D9E /* NewsViewController.h */ = {isa = PBXFileReference; fileEncoding = 4; lastKnownFileType = sourcecode.c.h; path = NewsViewController.h; sourceTree = "<group>"; };
		D66AA29A1D1EC7FA00045D9E /* NewsViewController.m */ = {isa = PBXFileReference; fileEncoding = 4; lastKnownFileType = sourcecode.c.objc; path = NewsViewController.m; sourceTree = "<group>"; };
		D66AA29C1D1ECCD900045D9E /* UserViewController.h */ = {isa = PBXFileReference; fileEncoding = 4; lastKnownFileType = sourcecode.c.h; path = UserViewController.h; sourceTree = "<group>"; };
		D66AA29D1D1ECCD900045D9E /* UserViewController.m */ = {isa = PBXFileReference; fileEncoding = 4; lastKnownFileType = sourcecode.c.objc; path = UserViewController.m; sourceTree = "<group>"; };
		D66AA29E1D1ECCD900045D9E /* UserViewController.xib */ = {isa = PBXFileReference; fileEncoding = 4; lastKnownFileType = file.xib; path = UserViewController.xib; sourceTree = "<group>"; };
		D66AA2A11D1ECCF100045D9E /* MapViewController.h */ = {isa = PBXFileReference; fileEncoding = 4; lastKnownFileType = sourcecode.c.h; path = MapViewController.h; sourceTree = "<group>"; };
		D66AA2A21D1ECCF100045D9E /* MapViewController.m */ = {isa = PBXFileReference; fileEncoding = 4; lastKnownFileType = sourcecode.c.objc; path = MapViewController.m; sourceTree = "<group>"; };
		D66AA2A31D1ECCF100045D9E /* MapViewController.xib */ = {isa = PBXFileReference; fileEncoding = 4; lastKnownFileType = file.xib; path = MapViewController.xib; sourceTree = "<group>"; };
		D6BA653E1D1E253200ECA213 /* WeatherHandle.h */ = {isa = PBXFileReference; fileEncoding = 4; lastKnownFileType = sourcecode.c.h; path = WeatherHandle.h; sourceTree = "<group>"; };
		D6BA653F1D1E253200ECA213 /* WeatherHandle.m */ = {isa = PBXFileReference; fileEncoding = 4; lastKnownFileType = sourcecode.c.objc; path = WeatherHandle.m; sourceTree = "<group>"; };
		D6BA65411D1E259400ECA213 /* Singleton.h */ = {isa = PBXFileReference; fileEncoding = 4; lastKnownFileType = sourcecode.c.h; path = Singleton.h; sourceTree = "<group>"; };
		D6BA65421D1E268F00ECA213 /* PrefixHeader.pch */ = {isa = PBXFileReference; fileEncoding = 4; lastKnownFileType = sourcecode.c.h; path = PrefixHeader.pch; sourceTree = "<group>"; };
		D6BA65431D1E2A5B00ECA213 /* EfficientDefine.h */ = {isa = PBXFileReference; fileEncoding = 4; lastKnownFileType = sourcecode.c.h; path = EfficientDefine.h; sourceTree = "<group>"; };
		D6BA65441D1E2C7B00ECA213 /* Weather.h */ = {isa = PBXFileReference; fileEncoding = 4; lastKnownFileType = sourcecode.c.h; path = Weather.h; sourceTree = "<group>"; };
		D6BA65451D1E2C7B00ECA213 /* Weather.m */ = {isa = PBXFileReference; fileEncoding = 4; lastKnownFileType = sourcecode.c.objc; path = Weather.m; sourceTree = "<group>"; };
		D6BA654A1D1E30C900ECA213 /* BaseViewController.h */ = {isa = PBXFileReference; fileEncoding = 4; lastKnownFileType = sourcecode.c.h; path = BaseViewController.h; sourceTree = "<group>"; };
		D6BA654B1D1E30C900ECA213 /* BaseViewController.m */ = {isa = PBXFileReference; fileEncoding = 4; lastKnownFileType = sourcecode.c.objc; path = BaseViewController.m; sourceTree = "<group>"; };
		D6BA65561D1E5E0B00ECA213 /* GetPinYinFromChinese.h */ = {isa = PBXFileReference; fileEncoding = 4; lastKnownFileType = sourcecode.c.h; path = GetPinYinFromChinese.h; sourceTree = "<group>"; };
		D6BA65571D1E5E0B00ECA213 /* GetPinYinFromChinese.m */ = {isa = PBXFileReference; fileEncoding = 4; lastKnownFileType = sourcecode.c.objc; path = GetPinYinFromChinese.m; sourceTree = "<group>"; };
		D6E2AC401D1E5E0200B18F0E /* Music.h */ = {isa = PBXFileReference; fileEncoding = 4; lastKnownFileType = sourcecode.c.h; path = Music.h; sourceTree = "<group>"; };
		D6E2AC411D1E5E0200B18F0E /* Music.m */ = {isa = PBXFileReference; fileEncoding = 4; lastKnownFileType = sourcecode.c.objc; path = Music.m; sourceTree = "<group>"; };
		D6E2AC431D1E681900B18F0E /* MusicListCell.h */ = {isa = PBXFileReference; fileEncoding = 4; lastKnownFileType = sourcecode.c.h; path = MusicListCell.h; sourceTree = "<group>"; };
		D6E2AC441D1E681900B18F0E /* MusicListCell.m */ = {isa = PBXFileReference; fileEncoding = 4; lastKnownFileType = sourcecode.c.objc; path = MusicListCell.m; sourceTree = "<group>"; };
		D6E2AC451D1E681900B18F0E /* MusicListCell.xib */ = {isa = PBXFileReference; fileEncoding = 4; lastKnownFileType = file.xib; path = MusicListCell.xib; sourceTree = "<group>"; };
		D6E2AC481D1E873600B18F0E /* PlayViewController.h */ = {isa = PBXFileReference; fileEncoding = 4; lastKnownFileType = sourcecode.c.h; path = PlayViewController.h; sourceTree = "<group>"; };
		D6E2AC491D1E873600B18F0E /* PlayViewController.m */ = {isa = PBXFileReference; fileEncoding = 4; lastKnownFileType = sourcecode.c.objc; path = PlayViewController.m; sourceTree = "<group>"; };
		D6E2AC4A1D1E873600B18F0E /* PlayViewController.xib */ = {isa = PBXFileReference; fileEncoding = 4; lastKnownFileType = file.xib; path = PlayViewController.xib; sourceTree = "<group>"; };
		D6E2AC4D1D1E876700B18F0E /* PlayerManager.h */ = {isa = PBXFileReference; fileEncoding = 4; lastKnownFileType = sourcecode.c.h; path = PlayerManager.h; sourceTree = "<group>"; };
		D6E2AC4E1D1E876700B18F0E /* PlayerManager.m */ = {isa = PBXFileReference; fileEncoding = 4; lastKnownFileType = sourcecode.c.objc; path = PlayerManager.m; sourceTree = "<group>"; };
		D6E2AC4F1D1E876700B18F0E /* PlayerConsole.h */ = {isa = PBXFileReference; fileEncoding = 4; lastKnownFileType = sourcecode.c.h; path = PlayerConsole.h; sourceTree = "<group>"; };
		D6E2AC501D1E876700B18F0E /* PlayerConsole.m */ = {isa = PBXFileReference; fileEncoding = 4; lastKnownFileType = sourcecode.c.objc; path = PlayerConsole.m; sourceTree = "<group>"; };
		D6E2AC531D1E878B00B18F0E /* MusicTimeFormatter.h */ = {isa = PBXFileReference; fileEncoding = 4; lastKnownFileType = sourcecode.c.h; path = MusicTimeFormatter.h; sourceTree = "<group>"; };
		D6E2AC541D1E878B00B18F0E /* MusicTimeFormatter.m */ = {isa = PBXFileReference; fileEncoding = 4; lastKnownFileType = sourcecode.c.objc; path = MusicTimeFormatter.m; sourceTree = "<group>"; };
		D6EA5E9B1D1D2DCF006B6C33 /* NewsPhotoSetCell.h */ = {isa = PBXFileReference; fileEncoding = 4; lastKnownFileType = sourcecode.c.h; path = NewsPhotoSetCell.h; sourceTree = "<group>"; };
		D6EA5E9C1D1D2DCF006B6C33 /* NewsPhotoSetCell.m */ = {isa = PBXFileReference; fileEncoding = 4; lastKnownFileType = sourcecode.c.objc; path = NewsPhotoSetCell.m; sourceTree = "<group>"; };
		D6EA5E9D1D1D2DCF006B6C33 /* NewsPhotoSetCell.xib */ = {isa = PBXFileReference; fileEncoding = 4; lastKnownFileType = file.xib; path = NewsPhotoSetCell.xib; sourceTree = "<group>"; };
		D6EA5EA01D1D2DF4006B6C33 /* NewsArticleCell.h */ = {isa = PBXFileReference; fileEncoding = 4; lastKnownFileType = sourcecode.c.h; path = NewsArticleCell.h; sourceTree = "<group>"; };
		D6EA5EA11D1D2DF4006B6C33 /* NewsArticleCell.m */ = {isa = PBXFileReference; fileEncoding = 4; lastKnownFileType = sourcecode.c.objc; path = NewsArticleCell.m; sourceTree = "<group>"; };
		D6EA5EA21D1D2DF4006B6C33 /* NewsArticleCell.xib */ = {isa = PBXFileReference; fileEncoding = 4; lastKnownFileType = file.xib; path = NewsArticleCell.xib; sourceTree = "<group>"; };
		D6EA5EA51D1D2E11006B6C33 /* NewsSpecialCell.h */ = {isa = PBXFileReference; fileEncoding = 4; lastKnownFileType = sourcecode.c.h; path = NewsSpecialCell.h; sourceTree = "<group>"; };
		D6EA5EA61D1D2E11006B6C33 /* NewsSpecialCell.m */ = {isa = PBXFileReference; fileEncoding = 4; lastKnownFileType = sourcecode.c.objc; path = NewsSpecialCell.m; sourceTree = "<group>"; };
		D6EA5EA71D1D2E11006B6C33 /* NewsSpecialCell.xib */ = {isa = PBXFileReference; fileEncoding = 4; lastKnownFileType = file.xib; path = NewsSpecialCell.xib; sourceTree = "<group>"; };
		D6EA5ED31D1D576D006B6C33 /* UILabel+Font.h */ = {isa = PBXFileReference; fileEncoding = 4; lastKnownFileType = sourcecode.c.h; path = "UILabel+Font.h"; sourceTree = "<group>"; };
		D6EA5ED41D1D576D006B6C33 /* UILabel+Font.m */ = {isa = PBXFileReference; fileEncoding = 4; lastKnownFileType = sourcecode.c.objc; path = "UILabel+Font.m"; sourceTree = "<group>"; };
		D6EA5ED61D1D6BF1006B6C33 /* MusicSearchController.h */ = {isa = PBXFileReference; fileEncoding = 4; lastKnownFileType = sourcecode.c.h; path = MusicSearchController.h; sourceTree = "<group>"; };
		D6EA5ED71D1D6BF1006B6C33 /* MusicSearchController.m */ = {isa = PBXFileReference; fileEncoding = 4; lastKnownFileType = sourcecode.c.objc; path = MusicSearchController.m; sourceTree = "<group>"; };
		D6EA5ED81D1D6BF1006B6C33 /* MusicSearchController.xib */ = {isa = PBXFileReference; fileEncoding = 4; lastKnownFileType = file.xib; path = MusicSearchController.xib; sourceTree = "<group>"; };
		D99B500FD685B92161D43C8B /* Pods-ShowNews.release.xcconfig */ = {isa = PBXFileReference; includeInIndex = 1; lastKnownFileType = text.xcconfig; name = "Pods-ShowNews.release.xcconfig"; path = "Pods/Target Support Files/Pods-ShowNews/Pods-ShowNews.release.xcconfig"; sourceTree = "<group>"; };
		F53D26231D1E2C20002E0644 /* VideoPlayerViewController.h */ = {isa = PBXFileReference; fileEncoding = 4; lastKnownFileType = sourcecode.c.h; path = VideoPlayerViewController.h; sourceTree = "<group>"; };
		F53D26241D1E2C20002E0644 /* VideoPlayerViewController.m */ = {isa = PBXFileReference; fileEncoding = 4; lastKnownFileType = sourcecode.c.objc; path = VideoPlayerViewController.m; sourceTree = "<group>"; };
		F53D26251D1E2C20002E0644 /* VideoPlayerViewController.xib */ = {isa = PBXFileReference; fileEncoding = 4; lastKnownFileType = file.xib; path = VideoPlayerViewController.xib; sourceTree = "<group>"; };
		F570BD0B1D1D5CD30031CDB3 /* VideoTableViewController.h */ = {isa = PBXFileReference; fileEncoding = 4; lastKnownFileType = sourcecode.c.h; path = VideoTableViewController.h; sourceTree = "<group>"; };
		F570BD0C1D1D5CD30031CDB3 /* VideoTableViewController.m */ = {isa = PBXFileReference; fileEncoding = 4; lastKnownFileType = sourcecode.c.objc; path = VideoTableViewController.m; sourceTree = "<group>"; };
		F570BD0E1D1D5D000031CDB3 /* VideoCell.h */ = {isa = PBXFileReference; fileEncoding = 4; lastKnownFileType = sourcecode.c.h; path = VideoCell.h; sourceTree = "<group>"; };
		F570BD0F1D1D5D000031CDB3 /* VideoCell.m */ = {isa = PBXFileReference; fileEncoding = 4; lastKnownFileType = sourcecode.c.objc; path = VideoCell.m; sourceTree = "<group>"; };
		F570BD101D1D5D000031CDB3 /* VideoCell.xib */ = {isa = PBXFileReference; fileEncoding = 4; lastKnownFileType = file.xib; path = VideoCell.xib; sourceTree = "<group>"; };
		F570BD131D1D6C9A0031CDB3 /* VideoModel.h */ = {isa = PBXFileReference; fileEncoding = 4; lastKnownFileType = sourcecode.c.h; path = VideoModel.h; sourceTree = "<group>"; };
		F570BD141D1D6C9A0031CDB3 /* VideoModel.m */ = {isa = PBXFileReference; fileEncoding = 4; lastKnownFileType = sourcecode.c.objc; path = VideoModel.m; sourceTree = "<group>"; };
		F570BD161D1D707D0031CDB3 /* NewsUrl.h */ = {isa = PBXFileReference; fileEncoding = 4; lastKnownFileType = sourcecode.c.h; path = NewsUrl.h; sourceTree = "<group>"; };
		F5D8CC9B1D1E2620006077C7 /* NSString+TimeFormatter.h */ = {isa = PBXFileReference; fileEncoding = 4; lastKnownFileType = sourcecode.c.h; path = "NSString+TimeFormatter.h"; sourceTree = "<group>"; };
		F5D8CC9C1D1E2620006077C7 /* NSString+TimeFormatter.m */ = {isa = PBXFileReference; fileEncoding = 4; lastKnownFileType = sourcecode.c.objc; path = "NSString+TimeFormatter.m"; sourceTree = "<group>"; };
/* End PBXFileReference section */

/* Begin PBXFrameworksBuildPhase section */
		D64FA10B1D1D1C92007DE414 /* Frameworks */ = {
			isa = PBXFrameworksBuildPhase;
			buildActionMask = 2147483647;
			files = (
				3FC2CE9D4EB4A8CDA9AB3DBA /* libPods-ShowNews.a in Frameworks */,
			);
			runOnlyForDeploymentPostprocessing = 0;
		};
/* End PBXFrameworksBuildPhase section */

/* Begin PBXGroup section */
		B61C3E55DC25BB3517D4F597 /* Pods */ = {
			isa = PBXGroup;
			children = (
				79CF943A678FF3DE14FD163E /* Pods-ShowNews.debug.xcconfig */,
				D99B500FD685B92161D43C8B /* Pods-ShowNews.release.xcconfig */,
			);
			name = Pods;
			sourceTree = "<group>";
		};
		D6224A3F1D1E6F6E0048ED57 /* City */ = {
			isa = PBXGroup;
			children = (
				D6224A401D1E6F6E0048ED57 /* Controller */,
				D6224A421D1E6F6E0048ED57 /* Model */,
				D6224A441D1E6F6E0048ED57 /* README.md */,
				D6224A451D1E6F6E0048ED57 /* View */,
			);
			path = City;
			sourceTree = "<group>";
		};
		D6224A401D1E6F6E0048ED57 /* Controller */ = {
			isa = PBXGroup;
			children = (
				D6224A411D1E6F6E0048ED57 /* README.md */,
				D6224A511D1E9EDA0048ED57 /* CityViewController.h */,
				D6224A521D1E9EDA0048ED57 /* CityViewController.m */,
				D6224A531D1E9EDA0048ED57 /* CityViewController.xib */,
			);
			path = Controller;
			sourceTree = "<group>";
		};
		D6224A421D1E6F6E0048ED57 /* Model */ = {
			isa = PBXGroup;
			children = (
				D6224A4E1D1E9E8C0048ED57 /* City.h */,
				D6224A4F1D1E9E8C0048ED57 /* City.m */,
				D6224A431D1E6F6E0048ED57 /* README.md */,
			);
			path = Model;
			sourceTree = "<group>";
		};
		D6224A451D1E6F6E0048ED57 /* View */ = {
			isa = PBXGroup;
			children = (
				D6224A461D1E6F6E0048ED57 /* README.md */,
			);
			path = View;
			sourceTree = "<group>";
		};
		D64FA1051D1D1C92007DE414 = {
			isa = PBXGroup;
			children = (
				D64FA1101D1D1C92007DE414 /* ShowNews */,
				D64FA10F1D1D1C92007DE414 /* Products */,
				B61C3E55DC25BB3517D4F597 /* Pods */,
				EBC2337212AA4DE4AE825C25 /* Frameworks */,
			);
			sourceTree = "<group>";
		};
		D64FA10F1D1D1C92007DE414 /* Products */ = {
			isa = PBXGroup;
			children = (
				D64FA10E1D1D1C92007DE414 /* ShowNews.app */,
			);
			name = Products;
			sourceTree = "<group>";
		};
		D64FA1101D1D1C92007DE414 /* ShowNews */ = {
			isa = PBXGroup;
			children = (
				D64FA1541D1D1D95007DE414 /* classes */,
				D64FA1171D1D1C92007DE414 /* ViewController.h */,
				D64FA1181D1D1C92007DE414 /* ViewController.m */,
				D64FA11A1D1D1C92007DE414 /* Main.storyboard */,
				D64FA11D1D1D1C92007DE414 /* Assets.xcassets */,
				D64FA11F1D1D1C92007DE414 /* LaunchScreen.storyboard */,
				D64FA1221D1D1C92007DE414 /* Info.plist */,
				D64FA1111D1D1C92007DE414 /* Supporting Files */,
			);
			path = ShowNews;
			sourceTree = "<group>";
		};
		D64FA1111D1D1C92007DE414 /* Supporting Files */ = {
			isa = PBXGroup;
			children = (
				D64FA1121D1D1C92007DE414 /* main.m */,
			);
			name = "Supporting Files";
			sourceTree = "<group>";
		};
		D64FA1541D1D1D95007DE414 /* classes */ = {
			isa = PBXGroup;
			children = (
				D64FA1551D1D1D95007DE414 /* AppDelegate */,
				D64FA15A1D1D1D95007DE414 /* General */,
				D64FA15E1D1D1D95007DE414 /* Helper */,
				D64FA1601D1D1D95007DE414 /* Marco */,
				D64FA1621D1D1D95007DE414 /* Models */,
				D64FA1641D1D1D95007DE414 /* Resources */,
				D64FA1661D1D1D95007DE414 /* Scences */,
				D64FA1711D1D1D95007DE414 /* Vendors */,
			);
			path = classes;
			sourceTree = "<group>";
		};
		D64FA1551D1D1D95007DE414 /* AppDelegate */ = {
			isa = PBXGroup;
			children = (
				D64FA1561D1D1D95007DE414 /* AppDelegate.h */,
				D64FA1571D1D1D95007DE414 /* AppDelegate.m */,
				D64FA1581D1D1D95007DE414 /* RootViewController */,
			);
			path = AppDelegate;
			sourceTree = "<group>";
		};
		D64FA1581D1D1D95007DE414 /* RootViewController */ = {
			isa = PBXGroup;
			children = (
				D64FA1591D1D1D95007DE414 /* README.md */,
				D6BA654A1D1E30C900ECA213 /* BaseViewController.h */,
				D6BA654B1D1E30C900ECA213 /* BaseViewController.m */,
			);
			path = RootViewController;
			sourceTree = "<group>";
		};
		D64FA15A1D1D1D95007DE414 /* General */ = {
			isa = PBXGroup;
			children = (
				D64FA15B1D1D1D95007DE414 /* Categories */,
			);
			path = General;
			sourceTree = "<group>";
		};
		D64FA15B1D1D1D95007DE414 /* Categories */ = {
			isa = PBXGroup;
			children = (
				D6EA5ED31D1D576D006B6C33 /* UILabel+Font.h */,
				D6EA5ED41D1D576D006B6C33 /* UILabel+Font.m */,
				D64FA15C1D1D1D95007DE414 /* UIScrollView+Touches.h */,
				D64FA15D1D1D1D95007DE414 /* UIScrollView+Touches.m */,
				F5D8CC9B1D1E2620006077C7 /* NSString+TimeFormatter.h */,
				F5D8CC9C1D1E2620006077C7 /* NSString+TimeFormatter.m */,
			);
			path = Categories;
			sourceTree = "<group>";
		};
		D64FA15E1D1D1D95007DE414 /* Helper */ = {
			isa = PBXGroup;
			children = (
				D64FA15F1D1D1D95007DE414 /* README.md */,
				D6224A3D1D1E6A560048ED57 /* Foundation+Log.m */,
				D6BA65561D1E5E0B00ECA213 /* GetPinYinFromChinese.h */,
				D6BA65571D1E5E0B00ECA213 /* GetPinYinFromChinese.m */,
				D6BA653E1D1E253200ECA213 /* WeatherHandle.h */,
				D6BA653F1D1E253200ECA213 /* WeatherHandle.m */,
				D6E2AC531D1E878B00B18F0E /* MusicTimeFormatter.h */,
				D6E2AC541D1E878B00B18F0E /* MusicTimeFormatter.m */,
			);
			path = Helper;
			sourceTree = "<group>";
		};
		D64FA1601D1D1D95007DE414 /* Marco */ = {
			isa = PBXGroup;
			children = (
				D64FA1611D1D1D95007DE414 /* README.md */,
				D6BA65411D1E259400ECA213 /* Singleton.h */,
				F570BD161D1D707D0031CDB3 /* NewsUrl.h */,
				D6BA65421D1E268F00ECA213 /* PrefixHeader.pch */,
				D6BA65431D1E2A5B00ECA213 /* EfficientDefine.h */,
			);
			path = Marco;
			sourceTree = "<group>";
		};
		D64FA1621D1D1D95007DE414 /* Models */ = {
			isa = PBXGroup;
			children = (
				D64FA1631D1D1D95007DE414 /* README.md */,
				D6BA65441D1E2C7B00ECA213 /* Weather.h */,
				D6BA65451D1E2C7B00ECA213 /* Weather.m */,
			);
			path = Models;
			sourceTree = "<group>";
		};
		D64FA1641D1D1D95007DE414 /* Resources */ = {
			isa = PBXGroup;
			children = (
				D66AA28E1D1EC4BD00045D9E /* Image */,
				D64FA1651D1D1D95007DE414 /* README.md */,
			);
			path = Resources;
			sourceTree = "<group>";
		};
		D64FA1661D1D1D95007DE414 /* Scences */ = {
			isa = PBXGroup;
			children = (
				D6224A3F1D1E6F6E0048ED57 /* City */,
				D64FA1671D1D1D95007DE414 /* Map */,
				D64FA1691D1D1D95007DE414 /* Music */,
				D64FA16B1D1D1D95007DE414 /* News */,
				D64FA16D1D1D1D95007DE414 /* User */,
				D64FA16F1D1D1D95007DE414 /* Videos */,
			);
			path = Scences;
			sourceTree = "<group>";
		};
		D64FA1671D1D1D95007DE414 /* Map */ = {
			isa = PBXGroup;
			children = (
				D64FA1801D1D2B41007DE414 /* Controller */,
				D64FA1821D1D2B41007DE414 /* Model */,
				D64FA1841D1D2B41007DE414 /* View */,
				D64FA1681D1D1D95007DE414 /* README.md */,
			);
			path = Map;
			sourceTree = "<group>";
		};
		D64FA1691D1D1D95007DE414 /* Music */ = {
			isa = PBXGroup;
			children = (
				D64FA1891D1D2B63007DE414 /* Controller */,
				D64FA18B1D1D2B63007DE414 /* Model */,
				D64FA18D1D1D2B63007DE414 /* View */,
				D64FA16A1D1D1D95007DE414 /* README.md */,
			);
			path = Music;
			sourceTree = "<group>";
		};
		D64FA16B1D1D1D95007DE414 /* News */ = {
			isa = PBXGroup;
			children = (
				D64FA19B1D1D2B8D007DE414 /* Controller */,
				D64FA19D1D1D2B8D007DE414 /* Model */,
				D64FA19F1D1D2B8D007DE414 /* View */,
				D64FA16C1D1D1D95007DE414 /* README.md */,
			);
			path = News;
			sourceTree = "<group>";
		};
		D64FA16D1D1D1D95007DE414 /* User */ = {
			isa = PBXGroup;
			children = (
				D64FA1A41D1D2B97007DE414 /* Controller */,
				D64FA1A61D1D2B97007DE414 /* Model */,
				D64FA1A81D1D2B97007DE414 /* View */,
				D64FA16E1D1D1D95007DE414 /* README.md */,
			);
			path = User;
			sourceTree = "<group>";
		};
		D64FA16F1D1D1D95007DE414 /* Videos */ = {
			isa = PBXGroup;
			children = (
				D64FA1AD1D1D2B9F007DE414 /* Controller */,
				D64FA1AF1D1D2B9F007DE414 /* Model */,
				D64FA1B11D1D2B9F007DE414 /* View */,
				D64FA1701D1D1D95007DE414 /* README.md */,
			);
			path = Videos;
			sourceTree = "<group>";
		};
		D64FA1711D1D1D95007DE414 /* Vendors */ = {
			isa = PBXGroup;
			children = (
				D64FA1721D1D1D95007DE414 /* README.md */,
			);
			path = Vendors;
			sourceTree = "<group>";
		};
		D64FA1801D1D2B41007DE414 /* Controller */ = {
			isa = PBXGroup;
			children = (
				D64FA1811D1D2B41007DE414 /* README.md */,
				D66AA2A11D1ECCF100045D9E /* MapViewController.h */,
				D66AA2A21D1ECCF100045D9E /* MapViewController.m */,
				D66AA2A31D1ECCF100045D9E /* MapViewController.xib */,
			);
			path = Controller;
			sourceTree = "<group>";
		};
		D64FA1821D1D2B41007DE414 /* Model */ = {
			isa = PBXGroup;
			children = (
				D64FA1831D1D2B41007DE414 /* README.md */,
			);
			path = Model;
			sourceTree = "<group>";
		};
		D64FA1841D1D2B41007DE414 /* View */ = {
			isa = PBXGroup;
			children = (
				D64FA1851D1D2B41007DE414 /* README.md */,
			);
			path = View;
			sourceTree = "<group>";
		};
		D64FA1891D1D2B63007DE414 /* Controller */ = {
			isa = PBXGroup;
			children = (
				D64FA18A1D1D2B63007DE414 /* README.md */,
				D6EA5ED61D1D6BF1006B6C33 /* MusicSearchController.h */,
				D6EA5ED71D1D6BF1006B6C33 /* MusicSearchController.m */,
				D6EA5ED81D1D6BF1006B6C33 /* MusicSearchController.xib */,
				D6E2AC481D1E873600B18F0E /* PlayViewController.h */,
				D6E2AC491D1E873600B18F0E /* PlayViewController.m */,
				D6E2AC4A1D1E873600B18F0E /* PlayViewController.xib */,
			);
			path = Controller;
			sourceTree = "<group>";
		};
		D64FA18B1D1D2B63007DE414 /* Model */ = {
			isa = PBXGroup;
			children = (
				D6E2AC4D1D1E876700B18F0E /* PlayerManager.h */,
				D6E2AC4E1D1E876700B18F0E /* PlayerManager.m */,
				D6E2AC4F1D1E876700B18F0E /* PlayerConsole.h */,
				D6E2AC501D1E876700B18F0E /* PlayerConsole.m */,
				D64FA18C1D1D2B63007DE414 /* README.md */,
				D6E2AC401D1E5E0200B18F0E /* Music.h */,
				D6E2AC411D1E5E0200B18F0E /* Music.m */,
			);
			path = Model;
			sourceTree = "<group>";
		};
		D64FA18D1D1D2B63007DE414 /* View */ = {
			isa = PBXGroup;
			children = (
				D64FA18E1D1D2B63007DE414 /* README.md */,
				D6E2AC431D1E681900B18F0E /* MusicListCell.h */,
				D6E2AC441D1E681900B18F0E /* MusicListCell.m */,
				D6E2AC451D1E681900B18F0E /* MusicListCell.xib */,
			);
			path = View;
			sourceTree = "<group>";
		};
		D64FA19B1D1D2B8D007DE414 /* Controller */ = {
			isa = PBXGroup;
			children = (
				D64FA19C1D1D2B8D007DE414 /* README.md */,
				D66AA2991D1EC7FA00045D9E /* NewsViewController.h */,
				D66AA29A1D1EC7FA00045D9E /* NewsViewController.m */,
			);
			path = Controller;
			sourceTree = "<group>";
		};
		D64FA19D1D1D2B8D007DE414 /* Model */ = {
			isa = PBXGroup;
			children = (
				D64FA19E1D1D2B8D007DE414 /* README.md */,
			);
			path = Model;
			sourceTree = "<group>";
		};
		D64FA19F1D1D2B8D007DE414 /* View */ = {
			isa = PBXGroup;
			children = (
				D64FA1A01D1D2B8D007DE414 /* README.md */,
				D6EA5E9B1D1D2DCF006B6C33 /* NewsPhotoSetCell.h */,
				D6EA5E9C1D1D2DCF006B6C33 /* NewsPhotoSetCell.m */,
				D6EA5E9D1D1D2DCF006B6C33 /* NewsPhotoSetCell.xib */,
				D6EA5EA01D1D2DF4006B6C33 /* NewsArticleCell.h */,
				D6EA5EA11D1D2DF4006B6C33 /* NewsArticleCell.m */,
				D6EA5EA21D1D2DF4006B6C33 /* NewsArticleCell.xib */,
				D6EA5EA51D1D2E11006B6C33 /* NewsSpecialCell.h */,
				D6EA5EA61D1D2E11006B6C33 /* NewsSpecialCell.m */,
				D6EA5EA71D1D2E11006B6C33 /* NewsSpecialCell.xib */,
			);
			path = View;
			sourceTree = "<group>";
		};
		D64FA1A41D1D2B97007DE414 /* Controller */ = {
			isa = PBXGroup;
			children = (
				D64FA1A51D1D2B97007DE414 /* README.md */,
				D66AA29C1D1ECCD900045D9E /* UserViewController.h */,
				D66AA29D1D1ECCD900045D9E /* UserViewController.m */,
				D66AA29E1D1ECCD900045D9E /* UserViewController.xib */,
			);
			path = Controller;
			sourceTree = "<group>";
		};
		D64FA1A61D1D2B97007DE414 /* Model */ = {
			isa = PBXGroup;
			children = (
				D64FA1A71D1D2B97007DE414 /* README.md */,
			);
			path = Model;
			sourceTree = "<group>";
		};
		D64FA1A81D1D2B97007DE414 /* View */ = {
			isa = PBXGroup;
			children = (
				D64FA1A91D1D2B97007DE414 /* README.md */,
			);
			path = View;
			sourceTree = "<group>";
		};
		D64FA1AD1D1D2B9F007DE414 /* Controller */ = {
			isa = PBXGroup;
			children = (
				D64FA1AE1D1D2B9F007DE414 /* README.md */,
				F570BD0B1D1D5CD30031CDB3 /* VideoTableViewController.h */,
				F570BD0C1D1D5CD30031CDB3 /* VideoTableViewController.m */,
				F53D26231D1E2C20002E0644 /* VideoPlayerViewController.h */,
				F53D26241D1E2C20002E0644 /* VideoPlayerViewController.m */,
				F53D26251D1E2C20002E0644 /* VideoPlayerViewController.xib */,
			);
			path = Controller;
			sourceTree = "<group>";
		};
		D64FA1AF1D1D2B9F007DE414 /* Model */ = {
			isa = PBXGroup;
			children = (
				D64FA1B01D1D2B9F007DE414 /* README.md */,
				F570BD131D1D6C9A0031CDB3 /* VideoModel.h */,
				F570BD141D1D6C9A0031CDB3 /* VideoModel.m */,
			);
			path = Model;
			sourceTree = "<group>";
		};
		D64FA1B11D1D2B9F007DE414 /* View */ = {
			isa = PBXGroup;
			children = (
				D64FA1B21D1D2B9F007DE414 /* README.md */,
				F570BD0E1D1D5D000031CDB3 /* VideoCell.h */,
				F570BD0F1D1D5D000031CDB3 /* VideoCell.m */,
				F570BD101D1D5D000031CDB3 /* VideoCell.xib */,
			);
			path = View;
			sourceTree = "<group>";
		};
		D66AA28E1D1EC4BD00045D9E /* Image */ = {
			isa = PBXGroup;
			children = (
				D66AA28F1D1EC4BD00045D9E /* background.png */,
				D66AA2901D1EC4BD00045D9E /* collect.png */,
				D66AA2911D1EC4BD00045D9E /* icon.png */,
				D66AA2921D1EC4BD00045D9E /* lyric.png */,
				D66AA2931D1EC4BD00045D9E /* thumb.png */,
			);
			path = Image;
			sourceTree = "<group>";
		};
		EBC2337212AA4DE4AE825C25 /* Frameworks */ = {
			isa = PBXGroup;
			children = (
				96AD0E98A66EEF8312CF716E /* libPods-ShowNews.a */,
			);
			name = Frameworks;
			sourceTree = "<group>";
		};
/* End PBXGroup section */

/* Begin PBXNativeTarget section */
		D64FA10D1D1D1C92007DE414 /* ShowNews */ = {
			isa = PBXNativeTarget;
			buildConfigurationList = D64FA1251D1D1C92007DE414 /* Build configuration list for PBXNativeTarget "ShowNews" */;
			buildPhases = (
				089B828A87202E92E17AE6E7 /* 📦 Check Pods Manifest.lock */,
				D64FA10A1D1D1C92007DE414 /* Sources */,
				D64FA10B1D1D1C92007DE414 /* Frameworks */,
				D64FA10C1D1D1C92007DE414 /* Resources */,
				36C413AF1736369356E8D83E /* 📦 Embed Pods Frameworks */,
				0521704254F388981311C8E1 /* 📦 Copy Pods Resources */,
			);
			buildRules = (
			);
			dependencies = (
			);
			name = ShowNews;
			productName = ShowNews;
			productReference = D64FA10E1D1D1C92007DE414 /* ShowNews.app */;
			productType = "com.apple.product-type.application";
		};
/* End PBXNativeTarget section */

/* Begin PBXProject section */
		D64FA1061D1D1C92007DE414 /* Project object */ = {
			isa = PBXProject;
			attributes = {
				LastUpgradeCheck = 0720;
				ORGANIZATIONNAME = YZZL;
				TargetAttributes = {
					D64FA10D1D1D1C92007DE414 = {
						CreatedOnToolsVersion = 7.2;
					};
				};
			};
			buildConfigurationList = D64FA1091D1D1C92007DE414 /* Build configuration list for PBXProject "ShowNews" */;
			compatibilityVersion = "Xcode 3.2";
			developmentRegion = English;
			hasScannedForEncodings = 0;
			knownRegions = (
				en,
				Base,
			);
			mainGroup = D64FA1051D1D1C92007DE414;
			productRefGroup = D64FA10F1D1D1C92007DE414 /* Products */;
			projectDirPath = "";
			projectRoot = "";
			targets = (
				D64FA10D1D1D1C92007DE414 /* ShowNews */,
			);
		};
/* End PBXProject section */

/* Begin PBXResourcesBuildPhase section */
		D64FA10C1D1D1C92007DE414 /* Resources */ = {
			isa = PBXResourcesBuildPhase;
			buildActionMask = 2147483647;
			files = (
				D6EA5E9F1D1D2DCF006B6C33 /* NewsPhotoSetCell.xib in Resources */,
				D66AA2A01D1ECCD900045D9E /* UserViewController.xib in Resources */,
				F53D26271D1E2C20002E0644 /* VideoPlayerViewController.xib in Resources */,
				D66AA2941D1EC4BD00045D9E /* background.png in Resources */,
				D64FA1211D1D1C92007DE414 /* LaunchScreen.storyboard in Resources */,
				F570BD121D1D5D000031CDB3 /* VideoCell.xib in Resources */,
				D66AA2A51D1ECCF100045D9E /* MapViewController.xib in Resources */,
				D66AA2981D1EC4BD00045D9E /* thumb.png in Resources */,
				D6EA5EA91D1D2E11006B6C33 /* NewsSpecialCell.xib in Resources */,
				D6EA5EDA1D1D6BF1006B6C33 /* MusicSearchController.xib in Resources */,
				D6EA5EA41D1D2DF4006B6C33 /* NewsArticleCell.xib in Resources */,
				D66AA2951D1EC4BD00045D9E /* collect.png in Resources */,
				D6E2AC4C1D1E873600B18F0E /* PlayViewController.xib in Resources */,
				D64FA11E1D1D1C92007DE414 /* Assets.xcassets in Resources */,
				D66AA2961D1EC4BD00045D9E /* icon.png in Resources */,
				D64FA11C1D1D1C92007DE414 /* Main.storyboard in Resources */,
				D6224A551D1E9EDA0048ED57 /* CityViewController.xib in Resources */,
				D6E2AC471D1E681900B18F0E /* MusicListCell.xib in Resources */,
				D66AA2971D1EC4BD00045D9E /* lyric.png in Resources */,
			);
			runOnlyForDeploymentPostprocessing = 0;
		};
/* End PBXResourcesBuildPhase section */

/* Begin PBXShellScriptBuildPhase section */
		0521704254F388981311C8E1 /* 📦 Copy Pods Resources */ = {
			isa = PBXShellScriptBuildPhase;
			buildActionMask = 2147483647;
			files = (
			);
			inputPaths = (
			);
			name = "📦 Copy Pods Resources";
			outputPaths = (
			);
			runOnlyForDeploymentPostprocessing = 0;
			shellPath = /bin/sh;
			shellScript = "\"${SRCROOT}/Pods/Target Support Files/Pods-ShowNews/Pods-ShowNews-resources.sh\"\n";
			showEnvVarsInLog = 0;
		};
		089B828A87202E92E17AE6E7 /* 📦 Check Pods Manifest.lock */ = {
			isa = PBXShellScriptBuildPhase;
			buildActionMask = 2147483647;
			files = (
			);
			inputPaths = (
			);
			name = "📦 Check Pods Manifest.lock";
			outputPaths = (
			);
			runOnlyForDeploymentPostprocessing = 0;
			shellPath = /bin/sh;
			shellScript = "diff \"${PODS_ROOT}/../Podfile.lock\" \"${PODS_ROOT}/Manifest.lock\" > /dev/null\nif [[ $? != 0 ]] ; then\n    cat << EOM\nerror: The sandbox is not in sync with the Podfile.lock. Run 'pod install' or update your CocoaPods installation.\nEOM\n    exit 1\nfi\n";
			showEnvVarsInLog = 0;
		};
		36C413AF1736369356E8D83E /* 📦 Embed Pods Frameworks */ = {
			isa = PBXShellScriptBuildPhase;
			buildActionMask = 2147483647;
			files = (
			);
			inputPaths = (
			);
			name = "📦 Embed Pods Frameworks";
			outputPaths = (
			);
			runOnlyForDeploymentPostprocessing = 0;
			shellPath = /bin/sh;
			shellScript = "\"${SRCROOT}/Pods/Target Support Files/Pods-ShowNews/Pods-ShowNews-frameworks.sh\"\n";
			showEnvVarsInLog = 0;
		};
/* End PBXShellScriptBuildPhase section */

/* Begin PBXSourcesBuildPhase section */
		D64FA10A1D1D1C92007DE414 /* Sources */ = {
			isa = PBXSourcesBuildPhase;
			buildActionMask = 2147483647;
			files = (
				D64FA1761D1D1D95007DE414 /* README.md in Sources */,
				D6BA654C1D1E30C900ECA213 /* BaseViewController.m in Sources */,
				D64FA1191D1D1C92007DE414 /* ViewController.m in Sources */,
				D64FA1901D1D2B63007DE414 /* README.md in Sources */,
				D6BA65461D1E2C7B00ECA213 /* Weather.m in Sources */,
				D66AA2A41D1ECCF100045D9E /* MapViewController.m in Sources */,
				D6224A501D1E9E8C0048ED57 /* City.m in Sources */,
				F570BD151D1D6C9A0031CDB3 /* VideoModel.m in Sources */,
				F570BD0D1D1D5CD30031CDB3 /* VideoTableViewController.m in Sources */,
				D64FA1911D1D2B63007DE414 /* README.md in Sources */,
				D64FA1AB1D1D2B97007DE414 /* README.md in Sources */,
				D64FA17A1D1D1D95007DE414 /* README.md in Sources */,
				D64FA1131D1D1C92007DE414 /* main.m in Sources */,
				D64FA1A31D1D2B8D007DE414 /* README.md in Sources */,
				D6224A4A1D1E6F6E0048ED57 /* README.md in Sources */,
				D6224A471D1E6F6E0048ED57 /* README.md in Sources */,
				D64FA17D1D1D1D95007DE414 /* README.md in Sources */,
				D64FA1771D1D1D95007DE414 /* README.md in Sources */,
				D64FA1B31D1D2B9F007DE414 /* README.md in Sources */,
				D6224A3E1D1E6A560048ED57 /* Foundation+Log.m in Sources */,
				D6E2AC511D1E876700B18F0E /* PlayerManager.m in Sources */,
				D64FA1A21D1D2B8D007DE414 /* README.md in Sources */,
				D66AA29F1D1ECCD900045D9E /* UserViewController.m in Sources */,
				D64FA1B51D1D2B9F007DE414 /* README.md in Sources */,
				D6EA5EA31D1D2DF4006B6C33 /* NewsArticleCell.m in Sources */,
				D66AA29B1D1EC7FA00045D9E /* NewsViewController.m in Sources */,
				D64FA1881D1D2B41007DE414 /* README.md in Sources */,
				D64FA1B41D1D2B9F007DE414 /* README.md in Sources */,
				D6BA65401D1E253200ECA213 /* WeatherHandle.m in Sources */,
				D64FA1861D1D2B41007DE414 /* README.md in Sources */,
				F53D26261D1E2C20002E0644 /* VideoPlayerViewController.m in Sources */,
				D64FA1AA1D1D2B97007DE414 /* README.md in Sources */,
				D64FA1741D1D1D95007DE414 /* README.md in Sources */,
				D6EA5EA81D1D2E11006B6C33 /* NewsSpecialCell.m in Sources */,
				D6224A491D1E6F6E0048ED57 /* README.md in Sources */,
				D64FA1AC1D1D2B97007DE414 /* README.md in Sources */,
				F570BD111D1D5D000031CDB3 /* VideoCell.m in Sources */,
				D64FA17C1D1D1D95007DE414 /* README.md in Sources */,
				D6E2AC521D1E876700B18F0E /* PlayerConsole.m in Sources */,
				D6EA5ED51D1D576D006B6C33 /* UILabel+Font.m in Sources */,
				D6EA5E9E1D1D2DCF006B6C33 /* NewsPhotoSetCell.m in Sources */,
				D6E2AC461D1E681900B18F0E /* MusicListCell.m in Sources */,
				D6E2AC4B1D1E873600B18F0E /* PlayViewController.m in Sources */,
				D64FA1751D1D1D95007DE414 /* UIScrollView+Touches.m in Sources */,
				D6EA5ED91D1D6BF1006B6C33 /* MusicSearchController.m in Sources */,
				D64FA1791D1D1D95007DE414 /* README.md in Sources */,
				D64FA1871D1D2B41007DE414 /* README.md in Sources */,
				D6E2AC421D1E5E0200B18F0E /* Music.m in Sources */,
				D64FA18F1D1D2B63007DE414 /* README.md in Sources */,
				D64FA17E1D1D1D95007DE414 /* README.md in Sources */,
				D6BA65581D1E5E0B00ECA213 /* GetPinYinFromChinese.m in Sources */,
				D64FA1781D1D1D95007DE414 /* README.md in Sources */,
				D6224A481D1E6F6E0048ED57 /* README.md in Sources */,
				D64FA17F1D1D1D95007DE414 /* README.md in Sources */,
				D64FA17B1D1D1D95007DE414 /* README.md in Sources */,
				F5D8CC9D1D1E2620006077C7 /* NSString+TimeFormatter.m in Sources */,
				D6224A541D1E9EDA0048ED57 /* CityViewController.m in Sources */,
				D6E2AC551D1E878B00B18F0E /* MusicTimeFormatter.m in Sources */,
				D64FA1A11D1D2B8D007DE414 /* README.md in Sources */,
				D64FA1731D1D1D95007DE414 /* AppDelegate.m in Sources */,
			);
			runOnlyForDeploymentPostprocessing = 0;
		};
/* End PBXSourcesBuildPhase section */

/* Begin PBXVariantGroup section */
		D64FA11A1D1D1C92007DE414 /* Main.storyboard */ = {
			isa = PBXVariantGroup;
			children = (
				D64FA11B1D1D1C92007DE414 /* Base */,
			);
			name = Main.storyboard;
			sourceTree = "<group>";
		};
		D64FA11F1D1D1C92007DE414 /* LaunchScreen.storyboard */ = {
			isa = PBXVariantGroup;
			children = (
				D64FA1201D1D1C92007DE414 /* Base */,
			);
			name = LaunchScreen.storyboard;
			sourceTree = "<group>";
		};
/* End PBXVariantGroup section */

/* Begin XCBuildConfiguration section */
		D64FA1231D1D1C92007DE414 /* Debug */ = {
			isa = XCBuildConfiguration;
			buildSettings = {
				ALWAYS_SEARCH_USER_PATHS = NO;
				CLANG_CXX_LANGUAGE_STANDARD = "gnu++0x";
				CLANG_CXX_LIBRARY = "libc++";
				CLANG_ENABLE_MODULES = YES;
				CLANG_ENABLE_OBJC_ARC = YES;
				CLANG_WARN_BOOL_CONVERSION = YES;
				CLANG_WARN_CONSTANT_CONVERSION = YES;
				CLANG_WARN_DIRECT_OBJC_ISA_USAGE = YES_ERROR;
				CLANG_WARN_EMPTY_BODY = YES;
				CLANG_WARN_ENUM_CONVERSION = YES;
				CLANG_WARN_INT_CONVERSION = YES;
				CLANG_WARN_OBJC_ROOT_CLASS = YES_ERROR;
				CLANG_WARN_UNREACHABLE_CODE = YES;
				CLANG_WARN__DUPLICATE_METHOD_MATCH = YES;
				"CODE_SIGN_IDENTITY[sdk=iphoneos*]" = "iPhone Developer";
				COPY_PHASE_STRIP = NO;
				DEBUG_INFORMATION_FORMAT = dwarf;
				ENABLE_STRICT_OBJC_MSGSEND = YES;
				ENABLE_TESTABILITY = YES;
				GCC_C_LANGUAGE_STANDARD = gnu99;
				GCC_DYNAMIC_NO_PIC = NO;
				GCC_NO_COMMON_BLOCKS = YES;
				GCC_OPTIMIZATION_LEVEL = 0;
				GCC_PREPROCESSOR_DEFINITIONS = (
					"DEBUG=1",
					"$(inherited)",
				);
				GCC_WARN_64_TO_32_BIT_CONVERSION = YES;
				GCC_WARN_ABOUT_RETURN_TYPE = YES_ERROR;
				GCC_WARN_UNDECLARED_SELECTOR = YES;
				GCC_WARN_UNINITIALIZED_AUTOS = YES_AGGRESSIVE;
				GCC_WARN_UNUSED_FUNCTION = YES;
				GCC_WARN_UNUSED_VARIABLE = YES;
				IPHONEOS_DEPLOYMENT_TARGET = 9.2;
				MTL_ENABLE_DEBUG_INFO = YES;
				ONLY_ACTIVE_ARCH = YES;
				SDKROOT = iphoneos;
			};
			name = Debug;
		};
		D64FA1241D1D1C92007DE414 /* Release */ = {
			isa = XCBuildConfiguration;
			buildSettings = {
				ALWAYS_SEARCH_USER_PATHS = NO;
				CLANG_CXX_LANGUAGE_STANDARD = "gnu++0x";
				CLANG_CXX_LIBRARY = "libc++";
				CLANG_ENABLE_MODULES = YES;
				CLANG_ENABLE_OBJC_ARC = YES;
				CLANG_WARN_BOOL_CONVERSION = YES;
				CLANG_WARN_CONSTANT_CONVERSION = YES;
				CLANG_WARN_DIRECT_OBJC_ISA_USAGE = YES_ERROR;
				CLANG_WARN_EMPTY_BODY = YES;
				CLANG_WARN_ENUM_CONVERSION = YES;
				CLANG_WARN_INT_CONVERSION = YES;
				CLANG_WARN_OBJC_ROOT_CLASS = YES_ERROR;
				CLANG_WARN_UNREACHABLE_CODE = YES;
				CLANG_WARN__DUPLICATE_METHOD_MATCH = YES;
				"CODE_SIGN_IDENTITY[sdk=iphoneos*]" = "iPhone Developer";
				COPY_PHASE_STRIP = NO;
				DEBUG_INFORMATION_FORMAT = "dwarf-with-dsym";
				ENABLE_NS_ASSERTIONS = NO;
				ENABLE_STRICT_OBJC_MSGSEND = YES;
				GCC_C_LANGUAGE_STANDARD = gnu99;
				GCC_NO_COMMON_BLOCKS = YES;
				GCC_WARN_64_TO_32_BIT_CONVERSION = YES;
				GCC_WARN_ABOUT_RETURN_TYPE = YES_ERROR;
				GCC_WARN_UNDECLARED_SELECTOR = YES;
				GCC_WARN_UNINITIALIZED_AUTOS = YES_AGGRESSIVE;
				GCC_WARN_UNUSED_FUNCTION = YES;
				GCC_WARN_UNUSED_VARIABLE = YES;
				IPHONEOS_DEPLOYMENT_TARGET = 9.2;
				MTL_ENABLE_DEBUG_INFO = NO;
				SDKROOT = iphoneos;
				VALIDATE_PRODUCT = YES;
			};
			name = Release;
		};
		D64FA1261D1D1C92007DE414 /* Debug */ = {
			isa = XCBuildConfiguration;
			baseConfigurationReference = 79CF943A678FF3DE14FD163E /* Pods-ShowNews.debug.xcconfig */;
			buildSettings = {
				ASSETCATALOG_COMPILER_APPICON_NAME = AppIcon;
				CODE_SIGN_IDENTITY = "iPhone Developer: Wei Yang (F2N9DLANA4)";
				GCC_PREFIX_HEADER = "$(SRCROOT)/ShowNews/classes/Marco/PrefixHeader.pch";
				INFOPLIST_FILE = ShowNews/Info.plist;
				LD_RUNPATH_SEARCH_PATHS = "$(inherited) @executable_path/Frameworks";
				PRODUCT_BUNDLE_IDENTIFIER = com.YZZL.ShowNews;
				PRODUCT_NAME = "$(TARGET_NAME)";
				PROVISIONING_PROFILE = "b72ed5ba-2c80-4fc4-ad1b-b5d374b7c63c";
			};
			name = Debug;
		};
		D64FA1271D1D1C92007DE414 /* Release */ = {
			isa = XCBuildConfiguration;
			baseConfigurationReference = D99B500FD685B92161D43C8B /* Pods-ShowNews.release.xcconfig */;
			buildSettings = {
				ASSETCATALOG_COMPILER_APPICON_NAME = AppIcon;
				CODE_SIGN_IDENTITY = "iPhone Developer: Wei Yang (F2N9DLANA4)";
				GCC_PREFIX_HEADER = "$(SRCROOT)/ShowNews/classes/Marco/PrefixHeader.pch";
				INFOPLIST_FILE = ShowNews/Info.plist;
				LD_RUNPATH_SEARCH_PATHS = "$(inherited) @executable_path/Frameworks";
				PRODUCT_BUNDLE_IDENTIFIER = com.YZZL.ShowNews;
				PRODUCT_NAME = "$(TARGET_NAME)";
				PROVISIONING_PROFILE = "b72ed5ba-2c80-4fc4-ad1b-b5d374b7c63c";
			};
			name = Release;
		};
/* End XCBuildConfiguration section */

/* Begin XCConfigurationList section */
		D64FA1091D1D1C92007DE414 /* Build configuration list for PBXProject "ShowNews" */ = {
			isa = XCConfigurationList;
			buildConfigurations = (
				D64FA1231D1D1C92007DE414 /* Debug */,
				D64FA1241D1D1C92007DE414 /* Release */,
			);
			defaultConfigurationIsVisible = 0;
			defaultConfigurationName = Release;
		};
		D64FA1251D1D1C92007DE414 /* Build configuration list for PBXNativeTarget "ShowNews" */ = {
			isa = XCConfigurationList;
			buildConfigurations = (
				D64FA1261D1D1C92007DE414 /* Debug */,
				D64FA1271D1D1C92007DE414 /* Release */,
			);
			defaultConfigurationIsVisible = 0;
			defaultConfigurationName = Release;
		};
/* End XCConfigurationList section */
	};
	rootObject = D64FA1061D1D1C92007DE414 /* Project object */;
}
