// !$*UTF8*$!
{
	archiveVersion = 1;
	classes = {
	};
	objectVersion = 46;
	objects = {

/* Begin PBXBuildFile section */
		3FC2CE9D4EB4A8CDA9AB3DBA /* libPods-ShowNews.a in Frameworks */ = {isa = PBXBuildFile; fileRef = 96AD0E98A66EEF8312CF716E /* libPods-ShowNews.a */; };
		D611904F1D226A92003F5447 /* NewsFirstViewCell.m in Sources */ = {isa = PBXBuildFile; fileRef = D611904E1D226A92003F5447 /* NewsFirstViewCell.m */; };
		D613BC001D253CCD000CB718 /* ToolForHeight.m in Sources */ = {isa = PBXBuildFile; fileRef = D613BBFF1D253CCD000CB718 /* ToolForHeight.m */; };
		D6224A3E1D1E6A560048ED57 /* Foundation+Log.m in Sources */ = {isa = PBXBuildFile; fileRef = D6224A3D1D1E6A560048ED57 /* Foundation+Log.m */; };
		D6224A471D1E6F6E0048ED57 /* README.md in Sources */ = {isa = PBXBuildFile; fileRef = D6224A411D1E6F6E0048ED57 /* README.md */; };
		D6224A481D1E6F6E0048ED57 /* README.md in Sources */ = {isa = PBXBuildFile; fileRef = D6224A431D1E6F6E0048ED57 /* README.md */; };
		D6224A491D1E6F6E0048ED57 /* README.md in Sources */ = {isa = PBXBuildFile; fileRef = D6224A441D1E6F6E0048ED57 /* README.md */; };
		D6224A4A1D1E6F6E0048ED57 /* README.md in Sources */ = {isa = PBXBuildFile; fileRef = D6224A461D1E6F6E0048ED57 /* README.md */; };
		D6224A541D1E9EDA0048ED57 /* CityViewController.m in Sources */ = {isa = PBXBuildFile; fileRef = D6224A521D1E9EDA0048ED57 /* CityViewController.m */; };
		D6224A551D1E9EDA0048ED57 /* CityViewController.xib in Resources */ = {isa = PBXBuildFile; fileRef = D6224A531D1E9EDA0048ED57 /* CityViewController.xib */; };
		D6321E1C1D23BE69002F137F /* NewsSpecialListViewController.m in Sources */ = {isa = PBXBuildFile; fileRef = D6321E1B1D23BE69002F137F /* NewsSpecialListViewController.m */; };
		D6321E1F1D23BE9C002F137F /* NewsDetailViewController.m in Sources */ = {isa = PBXBuildFile; fileRef = D6321E1E1D23BE9C002F137F /* NewsDetailViewController.m */; };
		D6321E221D23C6EF002F137F /* NewsPhotoSetDetailViewController.m in Sources */ = {isa = PBXBuildFile; fileRef = D6321E211D23C6EF002F137F /* NewsPhotoSetDetailViewController.m */; };
		D64FA1131D1D1C92007DE414 /* main.m in Sources */ = {isa = PBXBuildFile; fileRef = D64FA1121D1D1C92007DE414 /* main.m */; };
		D64FA1191D1D1C92007DE414 /* ViewController.m in Sources */ = {isa = PBXBuildFile; fileRef = D64FA1181D1D1C92007DE414 /* ViewController.m */; };
		D64FA11C1D1D1C92007DE414 /* Main.storyboard in Resources */ = {isa = PBXBuildFile; fileRef = D64FA11A1D1D1C92007DE414 /* Main.storyboard */; };
		D64FA11E1D1D1C92007DE414 /* Assets.xcassets in Resources */ = {isa = PBXBuildFile; fileRef = D64FA11D1D1D1C92007DE414 /* Assets.xcassets */; };
		D64FA1211D1D1C92007DE414 /* LaunchScreen.storyboard in Resources */ = {isa = PBXBuildFile; fileRef = D64FA11F1D1D1C92007DE414 /* LaunchScreen.storyboard */; };
		D64FA1731D1D1D95007DE414 /* AppDelegate.m in Sources */ = {isa = PBXBuildFile; fileRef = D64FA1571D1D1D95007DE414 /* AppDelegate.m */; };
		D64FA1741D1D1D95007DE414 /* README.md in Sources */ = {isa = PBXBuildFile; fileRef = D64FA1591D1D1D95007DE414 /* README.md */; };
		D64FA1751D1D1D95007DE414 /* UIScrollView+Touches.m in Sources */ = {isa = PBXBuildFile; fileRef = D64FA15D1D1D1D95007DE414 /* UIScrollView+Touches.m */; };
		D64FA1761D1D1D95007DE414 /* README.md in Sources */ = {isa = PBXBuildFile; fileRef = D64FA15F1D1D1D95007DE414 /* README.md */; };
		D64FA1771D1D1D95007DE414 /* README.md in Sources */ = {isa = PBXBuildFile; fileRef = D64FA1611D1D1D95007DE414 /* README.md */; };
		D64FA1781D1D1D95007DE414 /* README.md in Sources */ = {isa = PBXBuildFile; fileRef = D64FA1631D1D1D95007DE414 /* README.md */; };
		D64FA1791D1D1D95007DE414 /* README.md in Sources */ = {isa = PBXBuildFile; fileRef = D64FA1651D1D1D95007DE414 /* README.md */; };
		D64FA17A1D1D1D95007DE414 /* README.md in Sources */ = {isa = PBXBuildFile; fileRef = D64FA1681D1D1D95007DE414 /* README.md */; };
		D64FA17B1D1D1D95007DE414 /* README.md in Sources */ = {isa = PBXBuildFile; fileRef = D64FA16A1D1D1D95007DE414 /* README.md */; };
		D64FA17C1D1D1D95007DE414 /* README.md in Sources */ = {isa = PBXBuildFile; fileRef = D64FA16C1D1D1D95007DE414 /* README.md */; };
		D64FA17D1D1D1D95007DE414 /* README.md in Sources */ = {isa = PBXBuildFile; fileRef = D64FA16E1D1D1D95007DE414 /* README.md */; };
		D64FA17E1D1D1D95007DE414 /* README.md in Sources */ = {isa = PBXBuildFile; fileRef = D64FA1701D1D1D95007DE414 /* README.md */; };
		D64FA17F1D1D1D95007DE414 /* README.md in Sources */ = {isa = PBXBuildFile; fileRef = D64FA1721D1D1D95007DE414 /* README.md */; };
		D64FA1861D1D2B41007DE414 /* README.md in Sources */ = {isa = PBXBuildFile; fileRef = D64FA1811D1D2B41007DE414 /* README.md */; };
		D64FA1871D1D2B41007DE414 /* README.md in Sources */ = {isa = PBXBuildFile; fileRef = D64FA1831D1D2B41007DE414 /* README.md */; };
		D64FA1881D1D2B41007DE414 /* README.md in Sources */ = {isa = PBXBuildFile; fileRef = D64FA1851D1D2B41007DE414 /* README.md */; };
		D64FA18F1D1D2B63007DE414 /* README.md in Sources */ = {isa = PBXBuildFile; fileRef = D64FA18A1D1D2B63007DE414 /* README.md */; };
		D64FA1901D1D2B63007DE414 /* README.md in Sources */ = {isa = PBXBuildFile; fileRef = D64FA18C1D1D2B63007DE414 /* README.md */; };
		D64FA1911D1D2B63007DE414 /* README.md in Sources */ = {isa = PBXBuildFile; fileRef = D64FA18E1D1D2B63007DE414 /* README.md */; };
		D64FA1A11D1D2B8D007DE414 /* README.md in Sources */ = {isa = PBXBuildFile; fileRef = D64FA19C1D1D2B8D007DE414 /* README.md */; };
		D64FA1A21D1D2B8D007DE414 /* README.md in Sources */ = {isa = PBXBuildFile; fileRef = D64FA19E1D1D2B8D007DE414 /* README.md */; };
		D64FA1A31D1D2B8D007DE414 /* README.md in Sources */ = {isa = PBXBuildFile; fileRef = D64FA1A01D1D2B8D007DE414 /* README.md */; };
		D64FA1AA1D1D2B97007DE414 /* README.md in Sources */ = {isa = PBXBuildFile; fileRef = D64FA1A51D1D2B97007DE414 /* README.md */; };
		D64FA1AB1D1D2B97007DE414 /* README.md in Sources */ = {isa = PBXBuildFile; fileRef = D64FA1A71D1D2B97007DE414 /* README.md */; };
		D64FA1AC1D1D2B97007DE414 /* README.md in Sources */ = {isa = PBXBuildFile; fileRef = D64FA1A91D1D2B97007DE414 /* README.md */; };
		D64FA1B31D1D2B9F007DE414 /* README.md in Sources */ = {isa = PBXBuildFile; fileRef = D64FA1AE1D1D2B9F007DE414 /* README.md */; };
		D64FA1B41D1D2B9F007DE414 /* README.md in Sources */ = {isa = PBXBuildFile; fileRef = D64FA1B01D1D2B9F007DE414 /* README.md */; };
		D65A07A11D23ED8600DF3593 /* UIScrollView+ScalableCover.m in Sources */ = {isa = PBXBuildFile; fileRef = D65A07A01D23ED8600DF3593 /* UIScrollView+ScalableCover.m */; };
		D65A07A51D23EF6300DF3593 /* collectCell.xib in Resources */ = {isa = PBXBuildFile; fileRef = D65A07A21D23EF6300DF3593 /* collectCell.xib */; };
		D65A07A61D23EF6300DF3593 /* collectCell.m in Sources */ = {isa = PBXBuildFile; fileRef = D65A07A31D23EF6300DF3593 /* collectCell.m */; };
		D65E699F1D21081D004286E5 /* SmallPlayer.m in Sources */ = {isa = PBXBuildFile; fileRef = D65E699E1D21081D004286E5 /* SmallPlayer.m */; };
		D66AA2961D1EC4BD00045D9E /* icon.png in Resources */ = {isa = PBXBuildFile; fileRef = D66AA2911D1EC4BD00045D9E /* icon.png */; };
		D66AA29B1D1EC7FA00045D9E /* NewsViewController.m in Sources */ = {isa = PBXBuildFile; fileRef = D66AA29A1D1EC7FA00045D9E /* NewsViewController.m */; };
		D66AA29F1D1ECCD900045D9E /* UserViewController.m in Sources */ = {isa = PBXBuildFile; fileRef = D66AA29D1D1ECCD900045D9E /* UserViewController.m */; };
		D66AA2A01D1ECCD900045D9E /* UserViewController.xib in Resources */ = {isa = PBXBuildFile; fileRef = D66AA29E1D1ECCD900045D9E /* UserViewController.xib */; };
		D66AA2A41D1ECCF100045D9E /* MapViewController.m in Sources */ = {isa = PBXBuildFile; fileRef = D66AA2A21D1ECCF100045D9E /* MapViewController.m */; };
		D66AA2A51D1ECCF100045D9E /* MapViewController.xib in Resources */ = {isa = PBXBuildFile; fileRef = D66AA2A31D1ECCF100045D9E /* MapViewController.xib */; };
		D66E3E751D1FBB4400DB84BF /* SegmentView.m in Sources */ = {isa = PBXBuildFile; fileRef = D66E3E741D1FBB4400DB84BF /* SegmentView.m */; };
		D66E3E7D1D1FD6F500DB84BF /* MyScorllView.m in Sources */ = {isa = PBXBuildFile; fileRef = D66E3E7C1D1FD6F500DB84BF /* MyScorllView.m */; };
		D66E3E831D1FEE5700DB84BF /* BigScrollView.m in Sources */ = {isa = PBXBuildFile; fileRef = D66E3E821D1FEE5700DB84BF /* BigScrollView.m */; };
		D66E6EA81D261F5600534723 /* NewsCollectViewController.m in Sources */ = {isa = PBXBuildFile; fileRef = D66E6EA61D261F5600534723 /* NewsCollectViewController.m */; };
		D66E6EA91D261F5600534723 /* NewsCollectViewController.xib in Resources */ = {isa = PBXBuildFile; fileRef = D66E6EA71D261F5600534723 /* NewsCollectViewController.xib */; };
		D686D3FC1D20B7FE002B75C2 /* UIImage+ImageByColor.m in Sources */ = {isa = PBXBuildFile; fileRef = D686D3FB1D20B7FE002B75C2 /* UIImage+ImageByColor.m */; };
		D686D4201D20CBBD002B75C2 /* background.png in Resources */ = {isa = PBXBuildFile; fileRef = D686D4151D20CBBD002B75C2 /* background.png */; };
		D686D4211D20CBBD002B75C2 /* collect.png in Resources */ = {isa = PBXBuildFile; fileRef = D686D4161D20CBBD002B75C2 /* collect.png */; };
		D686D4221D20CBBD002B75C2 /* lyric.png in Resources */ = {isa = PBXBuildFile; fileRef = D686D4171D20CBBD002B75C2 /* lyric.png */; };
		D686D4231D20CBBD002B75C2 /* tabbar_icon_me_highlight@2x.png in Resources */ = {isa = PBXBuildFile; fileRef = D686D4191D20CBBD002B75C2 /* tabbar_icon_me_highlight@2x.png */; };
		D686D4241D20CBBD002B75C2 /* tabbar_icon_me_normal@2x.png in Resources */ = {isa = PBXBuildFile; fileRef = D686D41A1D20CBBD002B75C2 /* tabbar_icon_me_normal@2x.png */; };
		D686D4251D20CBBD002B75C2 /* tabbar_icon_media_highlight@2x.png in Resources */ = {isa = PBXBuildFile; fileRef = D686D41B1D20CBBD002B75C2 /* tabbar_icon_media_highlight@2x.png */; };
		D686D4261D20CBBD002B75C2 /* tabbar_icon_media_normal@2x.png in Resources */ = {isa = PBXBuildFile; fileRef = D686D41C1D20CBBD002B75C2 /* tabbar_icon_media_normal@2x.png */; };
		D686D4271D20CBBD002B75C2 /* tabbar_icon_news_highlight@2x.png in Resources */ = {isa = PBXBuildFile; fileRef = D686D41D1D20CBBD002B75C2 /* tabbar_icon_news_highlight@2x.png */; };
		D686D4281D20CBBD002B75C2 /* tabbar_icon_news_normal@2x.png in Resources */ = {isa = PBXBuildFile; fileRef = D686D41E1D20CBBD002B75C2 /* tabbar_icon_news_normal@2x.png */; };
		D686D4291D20CBBD002B75C2 /* thumb.png in Resources */ = {isa = PBXBuildFile; fileRef = D686D41F1D20CBBD002B75C2 /* thumb.png */; };
		D686D4331D20D35C002B75C2 /* musicBarButton.png in Resources */ = {isa = PBXBuildFile; fileRef = D686D4321D20D35C002B75C2 /* musicBarButton.png */; };
		D686D43D1D20FB26002B75C2 /* tabbar_icon_map_normal@2x.png in Resources */ = {isa = PBXBuildFile; fileRef = D686D43C1D20FB26002B75C2 /* tabbar_icon_map_normal@2x.png */; };
		D686D43F1D20FB97002B75C2 /* tabbar_icon_map_highlight@2x.png in Resources */ = {isa = PBXBuildFile; fileRef = D686D43E1D20FB97002B75C2 /* tabbar_icon_map_highlight@2x.png */; };
		D686D4411D20FC9A002B75C2 /* redPacket_btn_1@2x.png in Resources */ = {isa = PBXBuildFile; fileRef = D686D4401D20FC9A002B75C2 /* redPacket_btn_1@2x.png */; };
		D686D4441D216144002B75C2 /* NewsDataManager.m in Sources */ = {isa = PBXBuildFile; fileRef = D686D4431D216144002B75C2 /* NewsDataManager.m */; };
		D686D4471D21616C002B75C2 /* News.m in Sources */ = {isa = PBXBuildFile; fileRef = D686D4461D21616C002B75C2 /* News.m */; };
		D6BA65401D1E253200ECA213 /* WeatherHandle.m in Sources */ = {isa = PBXBuildFile; fileRef = D6BA653F1D1E253200ECA213 /* WeatherHandle.m */; };
		D6BA65461D1E2C7B00ECA213 /* Weather.m in Sources */ = {isa = PBXBuildFile; fileRef = D6BA65451D1E2C7B00ECA213 /* Weather.m */; };
		D6BA654C1D1E30C900ECA213 /* BaseViewController.m in Sources */ = {isa = PBXBuildFile; fileRef = D6BA654B1D1E30C900ECA213 /* BaseViewController.m */; };
		D6BA65581D1E5E0B00ECA213 /* GetPinYinFromChinese.m in Sources */ = {isa = PBXBuildFile; fileRef = D6BA65571D1E5E0B00ECA213 /* GetPinYinFromChinese.m */; };
		D6D1BF941D22C1C60023F6FC /* p1156430977.jpg in Resources */ = {isa = PBXBuildFile; fileRef = D6D1BF931D22C1C60023F6FC /* p1156430977.jpg */; };
		D6E261871D1FEAA500F8570C /* GDataXMLNode.m in Sources */ = {isa = PBXBuildFile; fileRef = D6E261861D1FEAA500F8570C /* GDataXMLNode.m */; settings = {COMPILER_FLAGS = "-fno-objc-arc"; }; };
		D6E2AC421D1E5E0200B18F0E /* Music.m in Sources */ = {isa = PBXBuildFile; fileRef = D6E2AC411D1E5E0200B18F0E /* Music.m */; };
		D6E2AC461D1E681900B18F0E /* MusicListCell.m in Sources */ = {isa = PBXBuildFile; fileRef = D6E2AC441D1E681900B18F0E /* MusicListCell.m */; };
		D6E2AC471D1E681900B18F0E /* MusicListCell.xib in Resources */ = {isa = PBXBuildFile; fileRef = D6E2AC451D1E681900B18F0E /* MusicListCell.xib */; };
		D6E2AC4B1D1E873600B18F0E /* PlayViewController.m in Sources */ = {isa = PBXBuildFile; fileRef = D6E2AC491D1E873600B18F0E /* PlayViewController.m */; };
		D6E2AC4C1D1E873600B18F0E /* PlayViewController.xib in Resources */ = {isa = PBXBuildFile; fileRef = D6E2AC4A1D1E873600B18F0E /* PlayViewController.xib */; };
		D6E2AC511D1E876700B18F0E /* PlayerManager.m in Sources */ = {isa = PBXBuildFile; fileRef = D6E2AC4E1D1E876700B18F0E /* PlayerManager.m */; };
		D6E2AC521D1E876700B18F0E /* PlayerConsole.m in Sources */ = {isa = PBXBuildFile; fileRef = D6E2AC501D1E876700B18F0E /* PlayerConsole.m */; };
		D6E2AC551D1E878B00B18F0E /* MusicTimeFormatter.m in Sources */ = {isa = PBXBuildFile; fileRef = D6E2AC541D1E878B00B18F0E /* MusicTimeFormatter.m */; };
		D6E4996C1D240E3200892D54 /* NewsImage.m in Sources */ = {isa = PBXBuildFile; fileRef = D6E4996B1D240E3200892D54 /* NewsImage.m */; };
		D6E4996E1D240ED300892D54 /* Details.css in Resources */ = {isa = PBXBuildFile; fileRef = D6E4996D1D240ED300892D54 /* Details.css */; };
		D6E96A9D1D256CC300AF7AF3 /* SetCell.m in Sources */ = {isa = PBXBuildFile; fileRef = D6E96A9B1D256CC300AF7AF3 /* SetCell.m */; };
		D6E96A9E1D256CC300AF7AF3 /* SetCell.xib in Resources */ = {isa = PBXBuildFile; fileRef = D6E96A9C1D256CC300AF7AF3 /* SetCell.xib */; };
		D6EA5E9E1D1D2DCF006B6C33 /* NewsPhotoSetCell.m in Sources */ = {isa = PBXBuildFile; fileRef = D6EA5E9C1D1D2DCF006B6C33 /* NewsPhotoSetCell.m */; };
		D6EA5E9F1D1D2DCF006B6C33 /* NewsPhotoSetCell.xib in Resources */ = {isa = PBXBuildFile; fileRef = D6EA5E9D1D1D2DCF006B6C33 /* NewsPhotoSetCell.xib */; };
		D6EA5EA31D1D2DF4006B6C33 /* NewsArticleCell.m in Sources */ = {isa = PBXBuildFile; fileRef = D6EA5EA11D1D2DF4006B6C33 /* NewsArticleCell.m */; };
		D6EA5EA41D1D2DF4006B6C33 /* NewsArticleCell.xib in Resources */ = {isa = PBXBuildFile; fileRef = D6EA5EA21D1D2DF4006B6C33 /* NewsArticleCell.xib */; };
		D6EA5ED51D1D576D006B6C33 /* UILabel+Font.m in Sources */ = {isa = PBXBuildFile; fileRef = D6EA5ED41D1D576D006B6C33 /* UILabel+Font.m */; };
		D6EA5ED91D1D6BF1006B6C33 /* MusicSearchController.m in Sources */ = {isa = PBXBuildFile; fileRef = D6EA5ED71D1D6BF1006B6C33 /* MusicSearchController.m */; };
		D6EA5EDA1D1D6BF1006B6C33 /* MusicSearchController.xib in Resources */ = {isa = PBXBuildFile; fileRef = D6EA5ED81D1D6BF1006B6C33 /* MusicSearchController.xib */; };
		F53783191D227866000B6A2C /* Security.framework in Frameworks */ = {isa = PBXBuildFile; fileRef = F53783181D227866000B6A2C /* Security.framework */; };
		F537831B1D227873000B6A2C /* libiconv.tbd in Frameworks */ = {isa = PBXBuildFile; fileRef = F537831A1D227873000B6A2C /* libiconv.tbd */; };
		F537831D1D227882000B6A2C /* SystemConfiguration.framework in Frameworks */ = {isa = PBXBuildFile; fileRef = F537831C1D227882000B6A2C /* SystemConfiguration.framework */; };
		F537831F1D227891000B6A2C /* CoreGraphics.framework in Frameworks */ = {isa = PBXBuildFile; fileRef = F537831E1D227891000B6A2C /* CoreGraphics.framework */; };
		F53783211D22789D000B6A2C /* libsqlite3.tbd in Frameworks */ = {isa = PBXBuildFile; fileRef = F53783201D22789D000B6A2C /* libsqlite3.tbd */; };
		F53783231D2278A7000B6A2C /* CoreTelephony.framework in Frameworks */ = {isa = PBXBuildFile; fileRef = F53783221D2278A7000B6A2C /* CoreTelephony.framework */; };
		F53783251D2278B3000B6A2C /* libstdc++.tbd in Frameworks */ = {isa = PBXBuildFile; fileRef = F53783241D2278B3000B6A2C /* libstdc++.tbd */; };
		F53783271D2278BF000B6A2C /* libz.tbd in Frameworks */ = {isa = PBXBuildFile; fileRef = F53783261D2278BF000B6A2C /* libz.tbd */; };
		F53783291D227927000B6A2C /* ImageIO.framework in Frameworks */ = {isa = PBXBuildFile; fileRef = F53783281D227927000B6A2C /* ImageIO.framework */; };
		F537832B1D229A6B000B6A2C /* 2.jpg in Resources */ = {isa = PBXBuildFile; fileRef = F537832A1D229A6B000B6A2C /* 2.jpg */; };
		F53D262B1D1E6CFD002E0644 /* GiFHUD.m in Sources */ = {isa = PBXBuildFile; fileRef = F53D26291D1E6CFD002E0644 /* GiFHUD.m */; };
		F53D262C1D1E6CFD002E0644 /* pika.gif in Resources */ = {isa = PBXBuildFile; fileRef = F53D262A1D1E6CFD002E0644 /* pika.gif */; };
		F557EF851D1FAE9B00C3C241 /* City.m in Sources */ = {isa = PBXBuildFile; fileRef = F557EF841D1FAE9B00C3C241 /* City.m */; };
		F570BD151D1D6C9A0031CDB3 /* VideoModel.m in Sources */ = {isa = PBXBuildFile; fileRef = F570BD141D1D6C9A0031CDB3 /* VideoModel.m */; };
		F5D2E3631D20BE9500D297A3 /* audionews_pause_button@2x.png in Resources */ = {isa = PBXBuildFile; fileRef = F5D2E3611D20BE9500D297A3 /* audionews_pause_button@2x.png */; };
		F5D2E3641D20BE9500D297A3 /* audionews_play_button@2x.png in Resources */ = {isa = PBXBuildFile; fileRef = F5D2E3621D20BE9500D297A3 /* audionews_play_button@2x.png */; };
		F5D2E3671D20BE9D00D297A3 /* action_love_selected@2x.png in Resources */ = {isa = PBXBuildFile; fileRef = F5D2E3651D20BE9D00D297A3 /* action_love_selected@2x.png */; };
		F5D2E3681D20BE9D00D297A3 /* action_love@2x.png in Resources */ = {isa = PBXBuildFile; fileRef = F5D2E3661D20BE9D00D297A3 /* action_love@2x.png */; };
		F5D2E36A1D20BEBD00D297A3 /* tabbar_icon_media_normal@2x.png in Resources */ = {isa = PBXBuildFile; fileRef = F5D2E3691D20BEBD00D297A3 /* tabbar_icon_media_normal@2x.png */; };
		F5D2E36E1D212C0700D297A3 /* WXPlayerView.m in Sources */ = {isa = PBXBuildFile; fileRef = F5D2E36D1D212C0700D297A3 /* WXPlayerView.m */; };
		F5D2E3711D212C1700D297A3 /* UIButton+CellButton.m in Sources */ = {isa = PBXBuildFile; fileRef = F5D2E3701D212C1700D297A3 /* UIButton+CellButton.m */; };
		F5D2E3741D212C2F00D297A3 /* VideoViewController.m in Sources */ = {isa = PBXBuildFile; fileRef = F5D2E3731D212C2F00D297A3 /* VideoViewController.m */; };
		F5D2E3781D212C3800D297A3 /* VideoCell.m in Sources */ = {isa = PBXBuildFile; fileRef = F5D2E3761D212C3800D297A3 /* VideoCell.m */; };
		F5D2E3791D212C3800D297A3 /* VideoCell.xib in Resources */ = {isa = PBXBuildFile; fileRef = F5D2E3771D212C3800D297A3 /* VideoCell.xib */; };
		F5D2E37C1D212C4B00D297A3 /* RequestHelper.m in Sources */ = {isa = PBXBuildFile; fileRef = F5D2E37B1D212C4B00D297A3 /* RequestHelper.m */; };
		F5D2E37E1D212DC000D297A3 /* WMPlayer.bundle in Resources */ = {isa = PBXBuildFile; fileRef = F5D2E37D1D212DC000D297A3 /* WMPlayer.bundle */; };
		F5D2E3801D212F4600D297A3 /* Unknown.png in Resources */ = {isa = PBXBuildFile; fileRef = F5D2E37F1D212F4600D297A3 /* Unknown.png */; };
		F5D8CC9D1D1E2620006077C7 /* NSString+TimeFormatter.m in Sources */ = {isa = PBXBuildFile; fileRef = F5D8CC9C1D1E2620006077C7 /* NSString+TimeFormatter.m */; };
/* End PBXBuildFile section */

/* Begin PBXFileReference section */
		79CF943A678FF3DE14FD163E /* Pods-ShowNews.debug.xcconfig */ = {isa = PBXFileReference; includeInIndex = 1; lastKnownFileType = text.xcconfig; name = "Pods-ShowNews.debug.xcconfig"; path = "Pods/Target Support Files/Pods-ShowNews/Pods-ShowNews.debug.xcconfig"; sourceTree = "<group>"; };
		96AD0E98A66EEF8312CF716E /* libPods-ShowNews.a */ = {isa = PBXFileReference; explicitFileType = archive.ar; includeInIndex = 0; path = "libPods-ShowNews.a"; sourceTree = BUILT_PRODUCTS_DIR; };
		D611904D1D226A92003F5447 /* NewsFirstViewCell.h */ = {isa = PBXFileReference; fileEncoding = 4; lastKnownFileType = sourcecode.c.h; path = NewsFirstViewCell.h; sourceTree = "<group>"; };
		D611904E1D226A92003F5447 /* NewsFirstViewCell.m */ = {isa = PBXFileReference; fileEncoding = 4; lastKnownFileType = sourcecode.c.objc; path = NewsFirstViewCell.m; sourceTree = "<group>"; };
		D613BBFE1D253CCD000CB718 /* ToolForHeight.h */ = {isa = PBXFileReference; fileEncoding = 4; lastKnownFileType = sourcecode.c.h; path = ToolForHeight.h; sourceTree = "<group>"; };
		D613BBFF1D253CCD000CB718 /* ToolForHeight.m */ = {isa = PBXFileReference; fileEncoding = 4; lastKnownFileType = sourcecode.c.objc; path = ToolForHeight.m; sourceTree = "<group>"; };
		D6224A3D1D1E6A560048ED57 /* Foundation+Log.m */ = {isa = PBXFileReference; fileEncoding = 4; lastKnownFileType = sourcecode.c.objc; path = "Foundation+Log.m"; sourceTree = "<group>"; };
		D6224A411D1E6F6E0048ED57 /* README.md */ = {isa = PBXFileReference; fileEncoding = 4; lastKnownFileType = net.daringfireball.markdown; path = README.md; sourceTree = "<group>"; };
		D6224A431D1E6F6E0048ED57 /* README.md */ = {isa = PBXFileReference; fileEncoding = 4; lastKnownFileType = net.daringfireball.markdown; path = README.md; sourceTree = "<group>"; };
		D6224A441D1E6F6E0048ED57 /* README.md */ = {isa = PBXFileReference; fileEncoding = 4; lastKnownFileType = net.daringfireball.markdown; path = README.md; sourceTree = "<group>"; };
		D6224A461D1E6F6E0048ED57 /* README.md */ = {isa = PBXFileReference; fileEncoding = 4; lastKnownFileType = net.daringfireball.markdown; path = README.md; sourceTree = "<group>"; };
		D6224A511D1E9EDA0048ED57 /* CityViewController.h */ = {isa = PBXFileReference; fileEncoding = 4; lastKnownFileType = sourcecode.c.h; path = CityViewController.h; sourceTree = "<group>"; };
		D6224A521D1E9EDA0048ED57 /* CityViewController.m */ = {isa = PBXFileReference; fileEncoding = 4; lastKnownFileType = sourcecode.c.objc; path = CityViewController.m; sourceTree = "<group>"; };
		D6224A531D1E9EDA0048ED57 /* CityViewController.xib */ = {isa = PBXFileReference; fileEncoding = 4; lastKnownFileType = file.xib; path = CityViewController.xib; sourceTree = "<group>"; };
		D6321E1A1D23BE69002F137F /* NewsSpecialListViewController.h */ = {isa = PBXFileReference; fileEncoding = 4; lastKnownFileType = sourcecode.c.h; path = NewsSpecialListViewController.h; sourceTree = "<group>"; };
		D6321E1B1D23BE69002F137F /* NewsSpecialListViewController.m */ = {isa = PBXFileReference; fileEncoding = 4; lastKnownFileType = sourcecode.c.objc; path = NewsSpecialListViewController.m; sourceTree = "<group>"; };
		D6321E1D1D23BE9C002F137F /* NewsDetailViewController.h */ = {isa = PBXFileReference; fileEncoding = 4; lastKnownFileType = sourcecode.c.h; path = NewsDetailViewController.h; sourceTree = "<group>"; };
		D6321E1E1D23BE9C002F137F /* NewsDetailViewController.m */ = {isa = PBXFileReference; fileEncoding = 4; lastKnownFileType = sourcecode.c.objc; path = NewsDetailViewController.m; sourceTree = "<group>"; };
		D6321E201D23C6EF002F137F /* NewsPhotoSetDetailViewController.h */ = {isa = PBXFileReference; fileEncoding = 4; lastKnownFileType = sourcecode.c.h; path = NewsPhotoSetDetailViewController.h; sourceTree = "<group>"; };
		D6321E211D23C6EF002F137F /* NewsPhotoSetDetailViewController.m */ = {isa = PBXFileReference; fileEncoding = 4; lastKnownFileType = sourcecode.c.objc; path = NewsPhotoSetDetailViewController.m; sourceTree = "<group>"; };
		D64FA10E1D1D1C92007DE414 /* ShowNews.app */ = {isa = PBXFileReference; explicitFileType = wrapper.application; includeInIndex = 0; path = ShowNews.app; sourceTree = BUILT_PRODUCTS_DIR; };
		D64FA1121D1D1C92007DE414 /* main.m */ = {isa = PBXFileReference; lastKnownFileType = sourcecode.c.objc; path = main.m; sourceTree = "<group>"; };
		D64FA1171D1D1C92007DE414 /* ViewController.h */ = {isa = PBXFileReference; lastKnownFileType = sourcecode.c.h; path = ViewController.h; sourceTree = "<group>"; };
		D64FA1181D1D1C92007DE414 /* ViewController.m */ = {isa = PBXFileReference; lastKnownFileType = sourcecode.c.objc; path = ViewController.m; sourceTree = "<group>"; };
		D64FA11B1D1D1C92007DE414 /* Base */ = {isa = PBXFileReference; lastKnownFileType = file.storyboard; name = Base; path = Base.lproj/Main.storyboard; sourceTree = "<group>"; };
		D64FA11D1D1D1C92007DE414 /* Assets.xcassets */ = {isa = PBXFileReference; lastKnownFileType = folder.assetcatalog; path = Assets.xcassets; sourceTree = "<group>"; };
		D64FA1201D1D1C92007DE414 /* Base */ = {isa = PBXFileReference; lastKnownFileType = file.storyboard; name = Base; path = Base.lproj/LaunchScreen.storyboard; sourceTree = "<group>"; };
		D64FA1221D1D1C92007DE414 /* Info.plist */ = {isa = PBXFileReference; lastKnownFileType = text.plist.xml; path = Info.plist; sourceTree = "<group>"; };
		D64FA1561D1D1D95007DE414 /* AppDelegate.h */ = {isa = PBXFileReference; fileEncoding = 4; lastKnownFileType = sourcecode.c.h; path = AppDelegate.h; sourceTree = "<group>"; };
		D64FA1571D1D1D95007DE414 /* AppDelegate.m */ = {isa = PBXFileReference; fileEncoding = 4; lastKnownFileType = sourcecode.c.objc; path = AppDelegate.m; sourceTree = "<group>"; };
		D64FA1591D1D1D95007DE414 /* README.md */ = {isa = PBXFileReference; fileEncoding = 4; lastKnownFileType = net.daringfireball.markdown; path = README.md; sourceTree = "<group>"; };
		D64FA15C1D1D1D95007DE414 /* UIScrollView+Touches.h */ = {isa = PBXFileReference; fileEncoding = 4; lastKnownFileType = sourcecode.c.h; path = "UIScrollView+Touches.h"; sourceTree = "<group>"; };
		D64FA15D1D1D1D95007DE414 /* UIScrollView+Touches.m */ = {isa = PBXFileReference; fileEncoding = 4; lastKnownFileType = sourcecode.c.objc; path = "UIScrollView+Touches.m"; sourceTree = "<group>"; };
		D64FA15F1D1D1D95007DE414 /* README.md */ = {isa = PBXFileReference; fileEncoding = 4; lastKnownFileType = net.daringfireball.markdown; path = README.md; sourceTree = "<group>"; };
		D64FA1611D1D1D95007DE414 /* README.md */ = {isa = PBXFileReference; fileEncoding = 4; lastKnownFileType = net.daringfireball.markdown; path = README.md; sourceTree = "<group>"; };
		D64FA1631D1D1D95007DE414 /* README.md */ = {isa = PBXFileReference; fileEncoding = 4; lastKnownFileType = net.daringfireball.markdown; path = README.md; sourceTree = "<group>"; };
		D64FA1651D1D1D95007DE414 /* README.md */ = {isa = PBXFileReference; fileEncoding = 4; lastKnownFileType = net.daringfireball.markdown; path = README.md; sourceTree = "<group>"; };
		D64FA1681D1D1D95007DE414 /* README.md */ = {isa = PBXFileReference; fileEncoding = 4; lastKnownFileType = net.daringfireball.markdown; path = README.md; sourceTree = "<group>"; };
		D64FA16A1D1D1D95007DE414 /* README.md */ = {isa = PBXFileReference; fileEncoding = 4; lastKnownFileType = net.daringfireball.markdown; path = README.md; sourceTree = "<group>"; };
		D64FA16C1D1D1D95007DE414 /* README.md */ = {isa = PBXFileReference; fileEncoding = 4; lastKnownFileType = net.daringfireball.markdown; path = README.md; sourceTree = "<group>"; };
		D64FA16E1D1D1D95007DE414 /* README.md */ = {isa = PBXFileReference; fileEncoding = 4; lastKnownFileType = net.daringfireball.markdown; path = README.md; sourceTree = "<group>"; };
		D64FA1701D1D1D95007DE414 /* README.md */ = {isa = PBXFileReference; fileEncoding = 4; lastKnownFileType = net.daringfireball.markdown; path = README.md; sourceTree = "<group>"; };
		D64FA1721D1D1D95007DE414 /* README.md */ = {isa = PBXFileReference; fileEncoding = 4; lastKnownFileType = net.daringfireball.markdown; path = README.md; sourceTree = "<group>"; };
		D64FA1811D1D2B41007DE414 /* README.md */ = {isa = PBXFileReference; fileEncoding = 4; lastKnownFileType = net.daringfireball.markdown; path = README.md; sourceTree = "<group>"; };
		D64FA1831D1D2B41007DE414 /* README.md */ = {isa = PBXFileReference; fileEncoding = 4; lastKnownFileType = net.daringfireball.markdown; path = README.md; sourceTree = "<group>"; };
		D64FA1851D1D2B41007DE414 /* README.md */ = {isa = PBXFileReference; fileEncoding = 4; lastKnownFileType = net.daringfireball.markdown; path = README.md; sourceTree = "<group>"; };
		D64FA18A1D1D2B63007DE414 /* README.md */ = {isa = PBXFileReference; fileEncoding = 4; lastKnownFileType = net.daringfireball.markdown; path = README.md; sourceTree = "<group>"; };
		D64FA18C1D1D2B63007DE414 /* README.md */ = {isa = PBXFileReference; fileEncoding = 4; lastKnownFileType = net.daringfireball.markdown; path = README.md; sourceTree = "<group>"; };
		D64FA18E1D1D2B63007DE414 /* README.md */ = {isa = PBXFileReference; fileEncoding = 4; lastKnownFileType = net.daringfireball.markdown; path = README.md; sourceTree = "<group>"; };
		D64FA19C1D1D2B8D007DE414 /* README.md */ = {isa = PBXFileReference; fileEncoding = 4; lastKnownFileType = net.daringfireball.markdown; path = README.md; sourceTree = "<group>"; };
		D64FA19E1D1D2B8D007DE414 /* README.md */ = {isa = PBXFileReference; fileEncoding = 4; lastKnownFileType = net.daringfireball.markdown; path = README.md; sourceTree = "<group>"; };
		D64FA1A01D1D2B8D007DE414 /* README.md */ = {isa = PBXFileReference; fileEncoding = 4; lastKnownFileType = net.daringfireball.markdown; path = README.md; sourceTree = "<group>"; };
		D64FA1A51D1D2B97007DE414 /* README.md */ = {isa = PBXFileReference; fileEncoding = 4; lastKnownFileType = net.daringfireball.markdown; path = README.md; sourceTree = "<group>"; };
		D64FA1A71D1D2B97007DE414 /* README.md */ = {isa = PBXFileReference; fileEncoding = 4; lastKnownFileType = net.daringfireball.markdown; path = README.md; sourceTree = "<group>"; };
		D64FA1A91D1D2B97007DE414 /* README.md */ = {isa = PBXFileReference; fileEncoding = 4; lastKnownFileType = net.daringfireball.markdown; path = README.md; sourceTree = "<group>"; };
		D64FA1AE1D1D2B9F007DE414 /* README.md */ = {isa = PBXFileReference; fileEncoding = 4; lastKnownFileType = net.daringfireball.markdown; path = README.md; sourceTree = "<group>"; };
		D64FA1B01D1D2B9F007DE414 /* README.md */ = {isa = PBXFileReference; fileEncoding = 4; lastKnownFileType = net.daringfireball.markdown; path = README.md; sourceTree = "<group>"; };
		D65A079F1D23ED8600DF3593 /* UIScrollView+ScalableCover.h */ = {isa = PBXFileReference; fileEncoding = 4; lastKnownFileType = sourcecode.c.h; path = "UIScrollView+ScalableCover.h"; sourceTree = "<group>"; };
		D65A07A01D23ED8600DF3593 /* UIScrollView+ScalableCover.m */ = {isa = PBXFileReference; fileEncoding = 4; lastKnownFileType = sourcecode.c.objc; path = "UIScrollView+ScalableCover.m"; sourceTree = "<group>"; };
		D65A07A21D23EF6300DF3593 /* collectCell.xib */ = {isa = PBXFileReference; fileEncoding = 4; lastKnownFileType = file.xib; path = collectCell.xib; sourceTree = "<group>"; };
		D65A07A31D23EF6300DF3593 /* collectCell.m */ = {isa = PBXFileReference; fileEncoding = 4; lastKnownFileType = sourcecode.c.objc; path = collectCell.m; sourceTree = "<group>"; };
		D65A07A41D23EF6300DF3593 /* collectCell.h */ = {isa = PBXFileReference; fileEncoding = 4; lastKnownFileType = sourcecode.c.h; path = collectCell.h; sourceTree = "<group>"; };
		D65E699D1D21081D004286E5 /* SmallPlayer.h */ = {isa = PBXFileReference; fileEncoding = 4; lastKnownFileType = sourcecode.c.h; path = SmallPlayer.h; sourceTree = "<group>"; };
		D65E699E1D21081D004286E5 /* SmallPlayer.m */ = {isa = PBXFileReference; fileEncoding = 4; lastKnownFileType = sourcecode.c.objc; path = SmallPlayer.m; sourceTree = "<group>"; };
		D66AA2911D1EC4BD00045D9E /* icon.png */ = {isa = PBXFileReference; lastKnownFileType = image.png; path = icon.png; sourceTree = "<group>"; };
		D66AA2991D1EC7FA00045D9E /* NewsViewController.h */ = {isa = PBXFileReference; fileEncoding = 4; lastKnownFileType = sourcecode.c.h; path = NewsViewController.h; sourceTree = "<group>"; };
		D66AA29A1D1EC7FA00045D9E /* NewsViewController.m */ = {isa = PBXFileReference; fileEncoding = 4; lastKnownFileType = sourcecode.c.objc; path = NewsViewController.m; sourceTree = "<group>"; };
		D66AA29C1D1ECCD900045D9E /* UserViewController.h */ = {isa = PBXFileReference; fileEncoding = 4; lastKnownFileType = sourcecode.c.h; path = UserViewController.h; sourceTree = "<group>"; };
		D66AA29D1D1ECCD900045D9E /* UserViewController.m */ = {isa = PBXFileReference; fileEncoding = 4; lastKnownFileType = sourcecode.c.objc; path = UserViewController.m; sourceTree = "<group>"; };
		D66AA29E1D1ECCD900045D9E /* UserViewController.xib */ = {isa = PBXFileReference; fileEncoding = 4; lastKnownFileType = file.xib; path = UserViewController.xib; sourceTree = "<group>"; };
		D66AA2A11D1ECCF100045D9E /* MapViewController.h */ = {isa = PBXFileReference; fileEncoding = 4; lastKnownFileType = sourcecode.c.h; path = MapViewController.h; sourceTree = "<group>"; };
		D66AA2A21D1ECCF100045D9E /* MapViewController.m */ = {isa = PBXFileReference; fileEncoding = 4; lastKnownFileType = sourcecode.c.objc; path = MapViewController.m; sourceTree = "<group>"; };
		D66AA2A31D1ECCF100045D9E /* MapViewController.xib */ = {isa = PBXFileReference; fileEncoding = 4; lastKnownFileType = file.xib; path = MapViewController.xib; sourceTree = "<group>"; };
		D66E3E731D1FBB4400DB84BF /* SegmentView.h */ = {isa = PBXFileReference; fileEncoding = 4; lastKnownFileType = sourcecode.c.h; path = SegmentView.h; sourceTree = "<group>"; };
		D66E3E741D1FBB4400DB84BF /* SegmentView.m */ = {isa = PBXFileReference; fileEncoding = 4; lastKnownFileType = sourcecode.c.objc; path = SegmentView.m; sourceTree = "<group>"; };
		D66E3E7B1D1FD6F500DB84BF /* MyScorllView.h */ = {isa = PBXFileReference; fileEncoding = 4; lastKnownFileType = sourcecode.c.h; path = MyScorllView.h; sourceTree = "<group>"; };
		D66E3E7C1D1FD6F500DB84BF /* MyScorllView.m */ = {isa = PBXFileReference; fileEncoding = 4; lastKnownFileType = sourcecode.c.objc; path = MyScorllView.m; sourceTree = "<group>"; };
		D66E3E811D1FEE5700DB84BF /* BigScrollView.h */ = {isa = PBXFileReference; fileEncoding = 4; lastKnownFileType = sourcecode.c.h; path = BigScrollView.h; sourceTree = "<group>"; };
		D66E3E821D1FEE5700DB84BF /* BigScrollView.m */ = {isa = PBXFileReference; fileEncoding = 4; lastKnownFileType = sourcecode.c.objc; path = BigScrollView.m; sourceTree = "<group>"; };
		D66E6EA51D261F5600534723 /* NewsCollectViewController.h */ = {isa = PBXFileReference; fileEncoding = 4; lastKnownFileType = sourcecode.c.h; path = NewsCollectViewController.h; sourceTree = "<group>"; };
		D66E6EA61D261F5600534723 /* NewsCollectViewController.m */ = {isa = PBXFileReference; fileEncoding = 4; lastKnownFileType = sourcecode.c.objc; path = NewsCollectViewController.m; sourceTree = "<group>"; };
		D66E6EA71D261F5600534723 /* NewsCollectViewController.xib */ = {isa = PBXFileReference; fileEncoding = 4; lastKnownFileType = file.xib; path = NewsCollectViewController.xib; sourceTree = "<group>"; };
		D686D3FA1D20B7FE002B75C2 /* UIImage+ImageByColor.h */ = {isa = PBXFileReference; fileEncoding = 4; lastKnownFileType = sourcecode.c.h; path = "UIImage+ImageByColor.h"; sourceTree = "<group>"; };
		D686D3FB1D20B7FE002B75C2 /* UIImage+ImageByColor.m */ = {isa = PBXFileReference; fileEncoding = 4; lastKnownFileType = sourcecode.c.objc; path = "UIImage+ImageByColor.m"; sourceTree = "<group>"; };
		D686D4151D20CBBD002B75C2 /* background.png */ = {isa = PBXFileReference; lastKnownFileType = image.png; path = background.png; sourceTree = "<group>"; };
		D686D4161D20CBBD002B75C2 /* collect.png */ = {isa = PBXFileReference; lastKnownFileType = image.png; path = collect.png; sourceTree = "<group>"; };
		D686D4171D20CBBD002B75C2 /* lyric.png */ = {isa = PBXFileReference; lastKnownFileType = image.png; path = lyric.png; sourceTree = "<group>"; };
		D686D4191D20CBBD002B75C2 /* tabbar_icon_me_highlight@2x.png */ = {isa = PBXFileReference; lastKnownFileType = image.png; path = "tabbar_icon_me_highlight@2x.png"; sourceTree = "<group>"; };
		D686D41A1D20CBBD002B75C2 /* tabbar_icon_me_normal@2x.png */ = {isa = PBXFileReference; lastKnownFileType = image.png; path = "tabbar_icon_me_normal@2x.png"; sourceTree = "<group>"; };
		D686D41B1D20CBBD002B75C2 /* tabbar_icon_media_highlight@2x.png */ = {isa = PBXFileReference; lastKnownFileType = image.png; path = "tabbar_icon_media_highlight@2x.png"; sourceTree = "<group>"; };
		D686D41C1D20CBBD002B75C2 /* tabbar_icon_media_normal@2x.png */ = {isa = PBXFileReference; lastKnownFileType = image.png; path = "tabbar_icon_media_normal@2x.png"; sourceTree = "<group>"; };
		D686D41D1D20CBBD002B75C2 /* tabbar_icon_news_highlight@2x.png */ = {isa = PBXFileReference; lastKnownFileType = image.png; path = "tabbar_icon_news_highlight@2x.png"; sourceTree = "<group>"; };
		D686D41E1D20CBBD002B75C2 /* tabbar_icon_news_normal@2x.png */ = {isa = PBXFileReference; lastKnownFileType = image.png; path = "tabbar_icon_news_normal@2x.png"; sourceTree = "<group>"; };
		D686D41F1D20CBBD002B75C2 /* thumb.png */ = {isa = PBXFileReference; lastKnownFileType = image.png; path = thumb.png; sourceTree = "<group>"; };
		D686D4321D20D35C002B75C2 /* musicBarButton.png */ = {isa = PBXFileReference; lastKnownFileType = image.png; path = musicBarButton.png; sourceTree = "<group>"; };
		D686D43C1D20FB26002B75C2 /* tabbar_icon_map_normal@2x.png */ = {isa = PBXFileReference; lastKnownFileType = image.png; path = "tabbar_icon_map_normal@2x.png"; sourceTree = "<group>"; };
		D686D43E1D20FB97002B75C2 /* tabbar_icon_map_highlight@2x.png */ = {isa = PBXFileReference; lastKnownFileType = image.png; path = "tabbar_icon_map_highlight@2x.png"; sourceTree = "<group>"; };
		D686D4401D20FC9A002B75C2 /* redPacket_btn_1@2x.png */ = {isa = PBXFileReference; lastKnownFileType = image.png; path = "redPacket_btn_1@2x.png"; sourceTree = "<group>"; };
		D686D4421D216144002B75C2 /* NewsDataManager.h */ = {isa = PBXFileReference; fileEncoding = 4; lastKnownFileType = sourcecode.c.h; path = NewsDataManager.h; sourceTree = "<group>"; };
		D686D4431D216144002B75C2 /* NewsDataManager.m */ = {isa = PBXFileReference; fileEncoding = 4; lastKnownFileType = sourcecode.c.objc; path = NewsDataManager.m; sourceTree = "<group>"; };
		D686D4451D21616C002B75C2 /* News.h */ = {isa = PBXFileReference; fileEncoding = 4; lastKnownFileType = sourcecode.c.h; path = News.h; sourceTree = "<group>"; };
		D686D4461D21616C002B75C2 /* News.m */ = {isa = PBXFileReference; fileEncoding = 4; lastKnownFileType = sourcecode.c.objc; path = News.m; sourceTree = "<group>"; };
		D6BA653E1D1E253200ECA213 /* WeatherHandle.h */ = {isa = PBXFileReference; fileEncoding = 4; lastKnownFileType = sourcecode.c.h; path = WeatherHandle.h; sourceTree = "<group>"; };
		D6BA653F1D1E253200ECA213 /* WeatherHandle.m */ = {isa = PBXFileReference; fileEncoding = 4; lastKnownFileType = sourcecode.c.objc; path = WeatherHandle.m; sourceTree = "<group>"; };
		D6BA65411D1E259400ECA213 /* Singleton.h */ = {isa = PBXFileReference; fileEncoding = 4; lastKnownFileType = sourcecode.c.h; path = Singleton.h; sourceTree = "<group>"; };
		D6BA65421D1E268F00ECA213 /* PrefixHeader.pch */ = {isa = PBXFileReference; fileEncoding = 4; lastKnownFileType = sourcecode.c.h; path = PrefixHeader.pch; sourceTree = "<group>"; };
		D6BA65431D1E2A5B00ECA213 /* EfficientDefine.h */ = {isa = PBXFileReference; fileEncoding = 4; lastKnownFileType = sourcecode.c.h; path = EfficientDefine.h; sourceTree = "<group>"; };
		D6BA65441D1E2C7B00ECA213 /* Weather.h */ = {isa = PBXFileReference; fileEncoding = 4; lastKnownFileType = sourcecode.c.h; path = Weather.h; sourceTree = "<group>"; };
		D6BA65451D1E2C7B00ECA213 /* Weather.m */ = {isa = PBXFileReference; fileEncoding = 4; lastKnownFileType = sourcecode.c.objc; path = Weather.m; sourceTree = "<group>"; };
		D6BA654A1D1E30C900ECA213 /* BaseViewController.h */ = {isa = PBXFileReference; fileEncoding = 4; lastKnownFileType = sourcecode.c.h; path = BaseViewController.h; sourceTree = "<group>"; };
		D6BA654B1D1E30C900ECA213 /* BaseViewController.m */ = {isa = PBXFileReference; fileEncoding = 4; lastKnownFileType = sourcecode.c.objc; path = BaseViewController.m; sourceTree = "<group>"; };
		D6BA65561D1E5E0B00ECA213 /* GetPinYinFromChinese.h */ = {isa = PBXFileReference; fileEncoding = 4; lastKnownFileType = sourcecode.c.h; path = GetPinYinFromChinese.h; sourceTree = "<group>"; };
		D6BA65571D1E5E0B00ECA213 /* GetPinYinFromChinese.m */ = {isa = PBXFileReference; fileEncoding = 4; lastKnownFileType = sourcecode.c.objc; path = GetPinYinFromChinese.m; sourceTree = "<group>"; };
		D6D1BF931D22C1C60023F6FC /* p1156430977.jpg */ = {isa = PBXFileReference; lastKnownFileType = image.jpeg; path = p1156430977.jpg; sourceTree = "<group>"; };
		D6E261851D1FEAA500F8570C /* GDataXMLNode.h */ = {isa = PBXFileReference; fileEncoding = 4; lastKnownFileType = sourcecode.c.h; path = GDataXMLNode.h; sourceTree = "<group>"; };
		D6E261861D1FEAA500F8570C /* GDataXMLNode.m */ = {isa = PBXFileReference; fileEncoding = 4; lastKnownFileType = sourcecode.c.objc; path = GDataXMLNode.m; sourceTree = "<group>"; };
		D6E2AC401D1E5E0200B18F0E /* Music.h */ = {isa = PBXFileReference; fileEncoding = 4; lastKnownFileType = sourcecode.c.h; path = Music.h; sourceTree = "<group>"; };
		D6E2AC411D1E5E0200B18F0E /* Music.m */ = {isa = PBXFileReference; fileEncoding = 4; lastKnownFileType = sourcecode.c.objc; path = Music.m; sourceTree = "<group>"; };
		D6E2AC431D1E681900B18F0E /* MusicListCell.h */ = {isa = PBXFileReference; fileEncoding = 4; lastKnownFileType = sourcecode.c.h; path = MusicListCell.h; sourceTree = "<group>"; };
		D6E2AC441D1E681900B18F0E /* MusicListCell.m */ = {isa = PBXFileReference; fileEncoding = 4; lastKnownFileType = sourcecode.c.objc; path = MusicListCell.m; sourceTree = "<group>"; };
		D6E2AC451D1E681900B18F0E /* MusicListCell.xib */ = {isa = PBXFileReference; fileEncoding = 4; lastKnownFileType = file.xib; path = MusicListCell.xib; sourceTree = "<group>"; };
		D6E2AC481D1E873600B18F0E /* PlayViewController.h */ = {isa = PBXFileReference; fileEncoding = 4; lastKnownFileType = sourcecode.c.h; path = PlayViewController.h; sourceTree = "<group>"; };
		D6E2AC491D1E873600B18F0E /* PlayViewController.m */ = {isa = PBXFileReference; fileEncoding = 4; lastKnownFileType = sourcecode.c.objc; path = PlayViewController.m; sourceTree = "<group>"; };
		D6E2AC4A1D1E873600B18F0E /* PlayViewController.xib */ = {isa = PBXFileReference; fileEncoding = 4; lastKnownFileType = file.xib; path = PlayViewController.xib; sourceTree = "<group>"; };
		D6E2AC4D1D1E876700B18F0E /* PlayerManager.h */ = {isa = PBXFileReference; fileEncoding = 4; lastKnownFileType = sourcecode.c.h; path = PlayerManager.h; sourceTree = "<group>"; };
		D6E2AC4E1D1E876700B18F0E /* PlayerManager.m */ = {isa = PBXFileReference; fileEncoding = 4; lastKnownFileType = sourcecode.c.objc; path = PlayerManager.m; sourceTree = "<group>"; };
		D6E2AC4F1D1E876700B18F0E /* PlayerConsole.h */ = {isa = PBXFileReference; fileEncoding = 4; lastKnownFileType = sourcecode.c.h; path = PlayerConsole.h; sourceTree = "<group>"; };
		D6E2AC501D1E876700B18F0E /* PlayerConsole.m */ = {isa = PBXFileReference; fileEncoding = 4; lastKnownFileType = sourcecode.c.objc; path = PlayerConsole.m; sourceTree = "<group>"; };
		D6E2AC531D1E878B00B18F0E /* MusicTimeFormatter.h */ = {isa = PBXFileReference; fileEncoding = 4; lastKnownFileType = sourcecode.c.h; path = MusicTimeFormatter.h; sourceTree = "<group>"; };
		D6E2AC541D1E878B00B18F0E /* MusicTimeFormatter.m */ = {isa = PBXFileReference; fileEncoding = 4; lastKnownFileType = sourcecode.c.objc; path = MusicTimeFormatter.m; sourceTree = "<group>"; };
		D6E4996A1D240E3200892D54 /* NewsImage.h */ = {isa = PBXFileReference; fileEncoding = 4; lastKnownFileType = sourcecode.c.h; path = NewsImage.h; sourceTree = "<group>"; };
		D6E4996B1D240E3200892D54 /* NewsImage.m */ = {isa = PBXFileReference; fileEncoding = 4; lastKnownFileType = sourcecode.c.objc; path = NewsImage.m; sourceTree = "<group>"; };
		D6E4996D1D240ED300892D54 /* Details.css */ = {isa = PBXFileReference; fileEncoding = 4; lastKnownFileType = text.css; path = Details.css; sourceTree = "<group>"; };
		D6E96A9A1D256CC300AF7AF3 /* SetCell.h */ = {isa = PBXFileReference; fileEncoding = 4; lastKnownFileType = sourcecode.c.h; path = SetCell.h; sourceTree = "<group>"; };
		D6E96A9B1D256CC300AF7AF3 /* SetCell.m */ = {isa = PBXFileReference; fileEncoding = 4; lastKnownFileType = sourcecode.c.objc; path = SetCell.m; sourceTree = "<group>"; };
		D6E96A9C1D256CC300AF7AF3 /* SetCell.xib */ = {isa = PBXFileReference; fileEncoding = 4; lastKnownFileType = file.xib; path = SetCell.xib; sourceTree = "<group>"; };
		D6EA5E9B1D1D2DCF006B6C33 /* NewsPhotoSetCell.h */ = {isa = PBXFileReference; fileEncoding = 4; lastKnownFileType = sourcecode.c.h; path = NewsPhotoSetCell.h; sourceTree = "<group>"; };
		D6EA5E9C1D1D2DCF006B6C33 /* NewsPhotoSetCell.m */ = {isa = PBXFileReference; fileEncoding = 4; lastKnownFileType = sourcecode.c.objc; path = NewsPhotoSetCell.m; sourceTree = "<group>"; };
		D6EA5E9D1D1D2DCF006B6C33 /* NewsPhotoSetCell.xib */ = {isa = PBXFileReference; fileEncoding = 4; lastKnownFileType = file.xib; path = NewsPhotoSetCell.xib; sourceTree = "<group>"; };
		D6EA5EA01D1D2DF4006B6C33 /* NewsArticleCell.h */ = {isa = PBXFileReference; fileEncoding = 4; lastKnownFileType = sourcecode.c.h; path = NewsArticleCell.h; sourceTree = "<group>"; };
		D6EA5EA11D1D2DF4006B6C33 /* NewsArticleCell.m */ = {isa = PBXFileReference; fileEncoding = 4; lastKnownFileType = sourcecode.c.objc; path = NewsArticleCell.m; sourceTree = "<group>"; };
		D6EA5EA21D1D2DF4006B6C33 /* NewsArticleCell.xib */ = {isa = PBXFileReference; fileEncoding = 4; lastKnownFileType = file.xib; path = NewsArticleCell.xib; sourceTree = "<group>"; };
		D6EA5ED31D1D576D006B6C33 /* UILabel+Font.h */ = {isa = PBXFileReference; fileEncoding = 4; lastKnownFileType = sourcecode.c.h; path = "UILabel+Font.h"; sourceTree = "<group>"; };
		D6EA5ED41D1D576D006B6C33 /* UILabel+Font.m */ = {isa = PBXFileReference; fileEncoding = 4; lastKnownFileType = sourcecode.c.objc; path = "UILabel+Font.m"; sourceTree = "<group>"; };
		D6EA5ED61D1D6BF1006B6C33 /* MusicSearchController.h */ = {isa = PBXFileReference; fileEncoding = 4; lastKnownFileType = sourcecode.c.h; path = MusicSearchController.h; sourceTree = "<group>"; };
		D6EA5ED71D1D6BF1006B6C33 /* MusicSearchController.m */ = {isa = PBXFileReference; fileEncoding = 4; lastKnownFileType = sourcecode.c.objc; path = MusicSearchController.m; sourceTree = "<group>"; };
		D6EA5ED81D1D6BF1006B6C33 /* MusicSearchController.xib */ = {isa = PBXFileReference; fileEncoding = 4; lastKnownFileType = file.xib; path = MusicSearchController.xib; sourceTree = "<group>"; };
		D99B500FD685B92161D43C8B /* Pods-ShowNews.release.xcconfig */ = {isa = PBXFileReference; includeInIndex = 1; lastKnownFileType = text.xcconfig; name = "Pods-ShowNews.release.xcconfig"; path = "Pods/Target Support Files/Pods-ShowNews/Pods-ShowNews.release.xcconfig"; sourceTree = "<group>"; };
		F53783181D227866000B6A2C /* Security.framework */ = {isa = PBXFileReference; lastKnownFileType = wrapper.framework; name = Security.framework; path = System/Library/Frameworks/Security.framework; sourceTree = SDKROOT; };
		F537831A1D227873000B6A2C /* libiconv.tbd */ = {isa = PBXFileReference; lastKnownFileType = "sourcecode.text-based-dylib-definition"; name = libiconv.tbd; path = usr/lib/libiconv.tbd; sourceTree = SDKROOT; };
		F537831C1D227882000B6A2C /* SystemConfiguration.framework */ = {isa = PBXFileReference; lastKnownFileType = wrapper.framework; name = SystemConfiguration.framework; path = System/Library/Frameworks/SystemConfiguration.framework; sourceTree = SDKROOT; };
		F537831E1D227891000B6A2C /* CoreGraphics.framework */ = {isa = PBXFileReference; lastKnownFileType = wrapper.framework; name = CoreGraphics.framework; path = System/Library/Frameworks/CoreGraphics.framework; sourceTree = SDKROOT; };
		F53783201D22789D000B6A2C /* libsqlite3.tbd */ = {isa = PBXFileReference; lastKnownFileType = "sourcecode.text-based-dylib-definition"; name = libsqlite3.tbd; path = usr/lib/libsqlite3.tbd; sourceTree = SDKROOT; };
		F53783221D2278A7000B6A2C /* CoreTelephony.framework */ = {isa = PBXFileReference; lastKnownFileType = wrapper.framework; name = CoreTelephony.framework; path = System/Library/Frameworks/CoreTelephony.framework; sourceTree = SDKROOT; };
		F53783241D2278B3000B6A2C /* libstdc++.tbd */ = {isa = PBXFileReference; lastKnownFileType = "sourcecode.text-based-dylib-definition"; name = "libstdc++.tbd"; path = "usr/lib/libstdc++.tbd"; sourceTree = SDKROOT; };
		F53783261D2278BF000B6A2C /* libz.tbd */ = {isa = PBXFileReference; lastKnownFileType = "sourcecode.text-based-dylib-definition"; name = libz.tbd; path = usr/lib/libz.tbd; sourceTree = SDKROOT; };
		F53783281D227927000B6A2C /* ImageIO.framework */ = {isa = PBXFileReference; lastKnownFileType = wrapper.framework; name = ImageIO.framework; path = System/Library/Frameworks/ImageIO.framework; sourceTree = SDKROOT; };
		F537832A1D229A6B000B6A2C /* 2.jpg */ = {isa = PBXFileReference; lastKnownFileType = image.jpeg; path = 2.jpg; sourceTree = "<group>"; };
		F53D26281D1E6CFD002E0644 /* GiFHUD.h */ = {isa = PBXFileReference; fileEncoding = 4; lastKnownFileType = sourcecode.c.h; path = GiFHUD.h; sourceTree = "<group>"; };
		F53D26291D1E6CFD002E0644 /* GiFHUD.m */ = {isa = PBXFileReference; fileEncoding = 4; lastKnownFileType = sourcecode.c.objc; path = GiFHUD.m; sourceTree = "<group>"; };
		F53D262A1D1E6CFD002E0644 /* pika.gif */ = {isa = PBXFileReference; lastKnownFileType = image.gif; path = pika.gif; sourceTree = "<group>"; };
		F557EF831D1FAE9B00C3C241 /* City.h */ = {isa = PBXFileReference; fileEncoding = 4; lastKnownFileType = sourcecode.c.h; path = City.h; sourceTree = "<group>"; };
		F557EF841D1FAE9B00C3C241 /* City.m */ = {isa = PBXFileReference; fileEncoding = 4; lastKnownFileType = sourcecode.c.objc; path = City.m; sourceTree = "<group>"; };
		F570BD131D1D6C9A0031CDB3 /* VideoModel.h */ = {isa = PBXFileReference; fileEncoding = 4; lastKnownFileType = sourcecode.c.h; path = VideoModel.h; sourceTree = "<group>"; };
		F570BD141D1D6C9A0031CDB3 /* VideoModel.m */ = {isa = PBXFileReference; fileEncoding = 4; lastKnownFileType = sourcecode.c.objc; path = VideoModel.m; sourceTree = "<group>"; };
		F570BD161D1D707D0031CDB3 /* NewsUrl.h */ = {isa = PBXFileReference; fileEncoding = 4; lastKnownFileType = sourcecode.c.h; path = NewsUrl.h; sourceTree = "<group>"; };
		F5D2E3611D20BE9500D297A3 /* audionews_pause_button@2x.png */ = {isa = PBXFileReference; lastKnownFileType = image.png; path = "audionews_pause_button@2x.png"; sourceTree = "<group>"; };
		F5D2E3621D20BE9500D297A3 /* audionews_play_button@2x.png */ = {isa = PBXFileReference; lastKnownFileType = image.png; path = "audionews_play_button@2x.png"; sourceTree = "<group>"; };
		F5D2E3651D20BE9D00D297A3 /* action_love_selected@2x.png */ = {isa = PBXFileReference; lastKnownFileType = image.png; path = "action_love_selected@2x.png"; sourceTree = "<group>"; };
		F5D2E3661D20BE9D00D297A3 /* action_love@2x.png */ = {isa = PBXFileReference; lastKnownFileType = image.png; path = "action_love@2x.png"; sourceTree = "<group>"; };
		F5D2E3691D20BEBD00D297A3 /* tabbar_icon_media_normal@2x.png */ = {isa = PBXFileReference; lastKnownFileType = image.png; path = "tabbar_icon_media_normal@2x.png"; sourceTree = "<group>"; };
		F5D2E36C1D212C0700D297A3 /* WXPlayerView.h */ = {isa = PBXFileReference; fileEncoding = 4; lastKnownFileType = sourcecode.c.h; path = WXPlayerView.h; sourceTree = "<group>"; };
		F5D2E36D1D212C0700D297A3 /* WXPlayerView.m */ = {isa = PBXFileReference; fileEncoding = 4; lastKnownFileType = sourcecode.c.objc; path = WXPlayerView.m; sourceTree = "<group>"; };
		F5D2E36F1D212C1700D297A3 /* UIButton+CellButton.h */ = {isa = PBXFileReference; fileEncoding = 4; lastKnownFileType = sourcecode.c.h; path = "UIButton+CellButton.h"; sourceTree = "<group>"; };
		F5D2E3701D212C1700D297A3 /* UIButton+CellButton.m */ = {isa = PBXFileReference; fileEncoding = 4; lastKnownFileType = sourcecode.c.objc; path = "UIButton+CellButton.m"; sourceTree = "<group>"; };
		F5D2E3721D212C2F00D297A3 /* VideoViewController.h */ = {isa = PBXFileReference; fileEncoding = 4; lastKnownFileType = sourcecode.c.h; path = VideoViewController.h; sourceTree = "<group>"; };
		F5D2E3731D212C2F00D297A3 /* VideoViewController.m */ = {isa = PBXFileReference; fileEncoding = 4; lastKnownFileType = sourcecode.c.objc; path = VideoViewController.m; sourceTree = "<group>"; };
		F5D2E3751D212C3800D297A3 /* VideoCell.h */ = {isa = PBXFileReference; fileEncoding = 4; lastKnownFileType = sourcecode.c.h; path = VideoCell.h; sourceTree = "<group>"; };
		F5D2E3761D212C3800D297A3 /* VideoCell.m */ = {isa = PBXFileReference; fileEncoding = 4; lastKnownFileType = sourcecode.c.objc; path = VideoCell.m; sourceTree = "<group>"; };
		F5D2E3771D212C3800D297A3 /* VideoCell.xib */ = {isa = PBXFileReference; fileEncoding = 4; lastKnownFileType = file.xib; path = VideoCell.xib; sourceTree = "<group>"; };
		F5D2E37A1D212C4B00D297A3 /* RequestHelper.h */ = {isa = PBXFileReference; fileEncoding = 4; lastKnownFileType = sourcecode.c.h; path = RequestHelper.h; sourceTree = "<group>"; };
		F5D2E37B1D212C4B00D297A3 /* RequestHelper.m */ = {isa = PBXFileReference; fileEncoding = 4; lastKnownFileType = sourcecode.c.objc; path = RequestHelper.m; sourceTree = "<group>"; };
		F5D2E37D1D212DC000D297A3 /* WMPlayer.bundle */ = {isa = PBXFileReference; lastKnownFileType = "wrapper.plug-in"; path = WMPlayer.bundle; sourceTree = "<group>"; };
		F5D2E37F1D212F4600D297A3 /* Unknown.png */ = {isa = PBXFileReference; lastKnownFileType = image.png; path = Unknown.png; sourceTree = "<group>"; };
		F5D8CC9B1D1E2620006077C7 /* NSString+TimeFormatter.h */ = {isa = PBXFileReference; fileEncoding = 4; lastKnownFileType = sourcecode.c.h; path = "NSString+TimeFormatter.h"; sourceTree = "<group>"; };
		F5D8CC9C1D1E2620006077C7 /* NSString+TimeFormatter.m */ = {isa = PBXFileReference; fileEncoding = 4; lastKnownFileType = sourcecode.c.objc; path = "NSString+TimeFormatter.m"; sourceTree = "<group>"; };
/* End PBXFileReference section */

/* Begin PBXFrameworksBuildPhase section */
		D64FA10B1D1D1C92007DE414 /* Frameworks */ = {
			isa = PBXFrameworksBuildPhase;
			buildActionMask = 2147483647;
			files = (
				F53783291D227927000B6A2C /* ImageIO.framework in Frameworks */,
				F53783271D2278BF000B6A2C /* libz.tbd in Frameworks */,
				F53783251D2278B3000B6A2C /* libstdc++.tbd in Frameworks */,
				F53783231D2278A7000B6A2C /* CoreTelephony.framework in Frameworks */,
				F53783211D22789D000B6A2C /* libsqlite3.tbd in Frameworks */,
				F537831F1D227891000B6A2C /* CoreGraphics.framework in Frameworks */,
				F537831D1D227882000B6A2C /* SystemConfiguration.framework in Frameworks */,
				F537831B1D227873000B6A2C /* libiconv.tbd in Frameworks */,
				F53783191D227866000B6A2C /* Security.framework in Frameworks */,
				3FC2CE9D4EB4A8CDA9AB3DBA /* libPods-ShowNews.a in Frameworks */,
			);
			runOnlyForDeploymentPostprocessing = 0;
		};
/* End PBXFrameworksBuildPhase section */

/* Begin PBXGroup section */
		B61C3E55DC25BB3517D4F597 /* Pods */ = {
			isa = PBXGroup;
			children = (
				79CF943A678FF3DE14FD163E /* Pods-ShowNews.debug.xcconfig */,
				D99B500FD685B92161D43C8B /* Pods-ShowNews.release.xcconfig */,
			);
			name = Pods;
			sourceTree = "<group>";
		};
		D6224A3F1D1E6F6E0048ED57 /* City */ = {
			isa = PBXGroup;
			children = (
				D6224A401D1E6F6E0048ED57 /* Controller */,
				D6224A421D1E6F6E0048ED57 /* Model */,
				D6224A441D1E6F6E0048ED57 /* README.md */,
				D6224A451D1E6F6E0048ED57 /* View */,
			);
			path = City;
			sourceTree = "<group>";
		};
		D6224A401D1E6F6E0048ED57 /* Controller */ = {
			isa = PBXGroup;
			children = (
				D6224A411D1E6F6E0048ED57 /* README.md */,
				D6224A511D1E9EDA0048ED57 /* CityViewController.h */,
				D6224A521D1E9EDA0048ED57 /* CityViewController.m */,
				D6224A531D1E9EDA0048ED57 /* CityViewController.xib */,
			);
			path = Controller;
			sourceTree = "<group>";
		};
		D6224A421D1E6F6E0048ED57 /* Model */ = {
			isa = PBXGroup;
			children = (
				D6224A431D1E6F6E0048ED57 /* README.md */,
				F557EF831D1FAE9B00C3C241 /* City.h */,
				F557EF841D1FAE9B00C3C241 /* City.m */,
			);
			path = Model;
			sourceTree = "<group>";
		};
		D6224A451D1E6F6E0048ED57 /* View */ = {
			isa = PBXGroup;
			children = (
				D6224A461D1E6F6E0048ED57 /* README.md */,
			);
			path = View;
			sourceTree = "<group>";
		};
		D64FA1051D1D1C92007DE414 = {
			isa = PBXGroup;
			children = (
				D64FA1101D1D1C92007DE414 /* ShowNews */,
				D64FA10F1D1D1C92007DE414 /* Products */,
				B61C3E55DC25BB3517D4F597 /* Pods */,
				EBC2337212AA4DE4AE825C25 /* Frameworks */,
			);
			sourceTree = "<group>";
		};
		D64FA10F1D1D1C92007DE414 /* Products */ = {
			isa = PBXGroup;
			children = (
				D64FA10E1D1D1C92007DE414 /* ShowNews.app */,
			);
			name = Products;
			sourceTree = "<group>";
		};
		D64FA1101D1D1C92007DE414 /* ShowNews */ = {
			isa = PBXGroup;
			children = (
				D64FA1541D1D1D95007DE414 /* classes */,
				D64FA1171D1D1C92007DE414 /* ViewController.h */,
				D64FA1181D1D1C92007DE414 /* ViewController.m */,
				D64FA11A1D1D1C92007DE414 /* Main.storyboard */,
				D64FA11D1D1D1C92007DE414 /* Assets.xcassets */,
				D64FA11F1D1D1C92007DE414 /* LaunchScreen.storyboard */,
				D64FA1221D1D1C92007DE414 /* Info.plist */,
				D64FA1111D1D1C92007DE414 /* Supporting Files */,
			);
			path = ShowNews;
			sourceTree = "<group>";
		};
		D64FA1111D1D1C92007DE414 /* Supporting Files */ = {
			isa = PBXGroup;
			children = (
				D64FA1121D1D1C92007DE414 /* main.m */,
			);
			name = "Supporting Files";
			sourceTree = "<group>";
		};
		D64FA1541D1D1D95007DE414 /* classes */ = {
			isa = PBXGroup;
			children = (
				D64FA1551D1D1D95007DE414 /* AppDelegate */,
				D64FA15A1D1D1D95007DE414 /* General */,
				D64FA15E1D1D1D95007DE414 /* Helper */,
				D64FA1601D1D1D95007DE414 /* Marco */,
				D64FA1621D1D1D95007DE414 /* Models */,
				D64FA1641D1D1D95007DE414 /* Resources */,
				D64FA1661D1D1D95007DE414 /* Scences */,
				D64FA1711D1D1D95007DE414 /* Vendors */,
			);
			path = classes;
			sourceTree = "<group>";
		};
		D64FA1551D1D1D95007DE414 /* AppDelegate */ = {
			isa = PBXGroup;
			children = (
				D64FA1561D1D1D95007DE414 /* AppDelegate.h */,
				D64FA1571D1D1D95007DE414 /* AppDelegate.m */,
				D64FA1581D1D1D95007DE414 /* RootViewController */,
			);
			path = AppDelegate;
			sourceTree = "<group>";
		};
		D64FA1581D1D1D95007DE414 /* RootViewController */ = {
			isa = PBXGroup;
			children = (
				D64FA1591D1D1D95007DE414 /* README.md */,
				D6BA654A1D1E30C900ECA213 /* BaseViewController.h */,
				D6BA654B1D1E30C900ECA213 /* BaseViewController.m */,
			);
			path = RootViewController;
			sourceTree = "<group>";
		};
		D64FA15A1D1D1D95007DE414 /* General */ = {
			isa = PBXGroup;
			children = (
				D64FA15B1D1D1D95007DE414 /* Categories */,
			);
			path = General;
			sourceTree = "<group>";
		};
		D64FA15B1D1D1D95007DE414 /* Categories */ = {
			isa = PBXGroup;
			children = (
				F5D2E36F1D212C1700D297A3 /* UIButton+CellButton.h */,
				F5D2E3701D212C1700D297A3 /* UIButton+CellButton.m */,
				D686D3FA1D20B7FE002B75C2 /* UIImage+ImageByColor.h */,
				D686D3FB1D20B7FE002B75C2 /* UIImage+ImageByColor.m */,
				D6EA5ED31D1D576D006B6C33 /* UILabel+Font.h */,
				D6EA5ED41D1D576D006B6C33 /* UILabel+Font.m */,
				D64FA15C1D1D1D95007DE414 /* UIScrollView+Touches.h */,
				D64FA15D1D1D1D95007DE414 /* UIScrollView+Touches.m */,
				F5D8CC9B1D1E2620006077C7 /* NSString+TimeFormatter.h */,
				F5D8CC9C1D1E2620006077C7 /* NSString+TimeFormatter.m */,
				F53D26281D1E6CFD002E0644 /* GiFHUD.h */,
				F53D26291D1E6CFD002E0644 /* GiFHUD.m */,
				D65A079F1D23ED8600DF3593 /* UIScrollView+ScalableCover.h */,
				D65A07A01D23ED8600DF3593 /* UIScrollView+ScalableCover.m */,
				F53D262A1D1E6CFD002E0644 /* pika.gif */,
			);
			path = Categories;
			sourceTree = "<group>";
		};
		D64FA15E1D1D1D95007DE414 /* Helper */ = {
			isa = PBXGroup;
			children = (
				F5D2E37A1D212C4B00D297A3 /* RequestHelper.h */,
				F5D2E37B1D212C4B00D297A3 /* RequestHelper.m */,
				D6E261851D1FEAA500F8570C /* GDataXMLNode.h */,
				D6E261861D1FEAA500F8570C /* GDataXMLNode.m */,
				D64FA15F1D1D1D95007DE414 /* README.md */,
				D6224A3D1D1E6A560048ED57 /* Foundation+Log.m */,
				D6BA65561D1E5E0B00ECA213 /* GetPinYinFromChinese.h */,
				D6BA65571D1E5E0B00ECA213 /* GetPinYinFromChinese.m */,
				D6BA653E1D1E253200ECA213 /* WeatherHandle.h */,
				D6BA653F1D1E253200ECA213 /* WeatherHandle.m */,
				D6E2AC531D1E878B00B18F0E /* MusicTimeFormatter.h */,
				D6E2AC541D1E878B00B18F0E /* MusicTimeFormatter.m */,
				D686D4421D216144002B75C2 /* NewsDataManager.h */,
				D686D4431D216144002B75C2 /* NewsDataManager.m */,
				D613BBFE1D253CCD000CB718 /* ToolForHeight.h */,
				D613BBFF1D253CCD000CB718 /* ToolForHeight.m */,
			);
			path = Helper;
			sourceTree = "<group>";
		};
		D64FA1601D1D1D95007DE414 /* Marco */ = {
			isa = PBXGroup;
			children = (
				D64FA1611D1D1D95007DE414 /* README.md */,
				D6BA65411D1E259400ECA213 /* Singleton.h */,
				F570BD161D1D707D0031CDB3 /* NewsUrl.h */,
				D6BA65421D1E268F00ECA213 /* PrefixHeader.pch */,
				D6BA65431D1E2A5B00ECA213 /* EfficientDefine.h */,
			);
			path = Marco;
			sourceTree = "<group>";
		};
		D64FA1621D1D1D95007DE414 /* Models */ = {
			isa = PBXGroup;
			children = (
				D64FA1631D1D1D95007DE414 /* README.md */,
				D6BA65441D1E2C7B00ECA213 /* Weather.h */,
				D6BA65451D1E2C7B00ECA213 /* Weather.m */,
			);
			path = Models;
			sourceTree = "<group>";
		};
		D64FA1641D1D1D95007DE414 /* Resources */ = {
			isa = PBXGroup;
			children = (
				F5D2E3601D20BE5E00D297A3 /* VideoImage */,
				D66AA28E1D1EC4BD00045D9E /* Image */,
				D64FA1651D1D1D95007DE414 /* README.md */,
			);
			path = Resources;
			sourceTree = "<group>";
		};
		D64FA1661D1D1D95007DE414 /* Scences */ = {
			isa = PBXGroup;
			children = (
				D6224A3F1D1E6F6E0048ED57 /* City */,
				D64FA1671D1D1D95007DE414 /* Map */,
				D64FA1691D1D1D95007DE414 /* Music */,
				D64FA16B1D1D1D95007DE414 /* News */,
				D64FA16D1D1D1D95007DE414 /* User */,
				D64FA16F1D1D1D95007DE414 /* Videos */,
			);
			path = Scences;
			sourceTree = "<group>";
		};
		D64FA1671D1D1D95007DE414 /* Map */ = {
			isa = PBXGroup;
			children = (
				D64FA1801D1D2B41007DE414 /* Controller */,
				D64FA1821D1D2B41007DE414 /* Model */,
				D64FA1841D1D2B41007DE414 /* View */,
				D64FA1681D1D1D95007DE414 /* README.md */,
			);
			path = Map;
			sourceTree = "<group>";
		};
		D64FA1691D1D1D95007DE414 /* Music */ = {
			isa = PBXGroup;
			children = (
				D64FA1891D1D2B63007DE414 /* Controller */,
				D64FA18B1D1D2B63007DE414 /* Model */,
				D64FA18D1D1D2B63007DE414 /* View */,
				D64FA16A1D1D1D95007DE414 /* README.md */,
			);
			path = Music;
			sourceTree = "<group>";
		};
		D64FA16B1D1D1D95007DE414 /* News */ = {
			isa = PBXGroup;
			children = (
				D64FA19B1D1D2B8D007DE414 /* Controller */,
				D64FA19D1D1D2B8D007DE414 /* Model */,
				D64FA19F1D1D2B8D007DE414 /* View */,
				D64FA16C1D1D1D95007DE414 /* README.md */,
			);
			path = News;
			sourceTree = "<group>";
		};
		D64FA16D1D1D1D95007DE414 /* User */ = {
			isa = PBXGroup;
			children = (
				D64FA1A41D1D2B97007DE414 /* Controller */,
				D64FA1A61D1D2B97007DE414 /* Model */,
				D64FA1A81D1D2B97007DE414 /* View */,
				D64FA16E1D1D1D95007DE414 /* README.md */,
			);
			path = User;
			sourceTree = "<group>";
		};
		D64FA16F1D1D1D95007DE414 /* Videos */ = {
			isa = PBXGroup;
			children = (
				D64FA1AD1D1D2B9F007DE414 /* Controller */,
				D64FA1AF1D1D2B9F007DE414 /* Model */,
				D64FA1B11D1D2B9F007DE414 /* View */,
				D64FA1701D1D1D95007DE414 /* README.md */,
			);
			path = Videos;
			sourceTree = "<group>";
		};
		D64FA1711D1D1D95007DE414 /* Vendors */ = {
			isa = PBXGroup;
			children = (
				D64FA1721D1D1D95007DE414 /* README.md */,
			);
			path = Vendors;
			sourceTree = "<group>";
		};
		D64FA1801D1D2B41007DE414 /* Controller */ = {
			isa = PBXGroup;
			children = (
				D64FA1811D1D2B41007DE414 /* README.md */,
				D66AA2A11D1ECCF100045D9E /* MapViewController.h */,
				D66AA2A21D1ECCF100045D9E /* MapViewController.m */,
				D66AA2A31D1ECCF100045D9E /* MapViewController.xib */,
			);
			path = Controller;
			sourceTree = "<group>";
		};
		D64FA1821D1D2B41007DE414 /* Model */ = {
			isa = PBXGroup;
			children = (
				D64FA1831D1D2B41007DE414 /* README.md */,
			);
			path = Model;
			sourceTree = "<group>";
		};
		D64FA1841D1D2B41007DE414 /* View */ = {
			isa = PBXGroup;
			children = (
				D64FA1851D1D2B41007DE414 /* README.md */,
			);
			path = View;
			sourceTree = "<group>";
		};
		D64FA1891D1D2B63007DE414 /* Controller */ = {
			isa = PBXGroup;
			children = (
				D64FA18A1D1D2B63007DE414 /* README.md */,
				D6EA5ED61D1D6BF1006B6C33 /* MusicSearchController.h */,
				D6EA5ED71D1D6BF1006B6C33 /* MusicSearchController.m */,
				D6EA5ED81D1D6BF1006B6C33 /* MusicSearchController.xib */,
				D6E2AC481D1E873600B18F0E /* PlayViewController.h */,
				D6E2AC491D1E873600B18F0E /* PlayViewController.m */,
				D6E2AC4A1D1E873600B18F0E /* PlayViewController.xib */,
			);
			path = Controller;
			sourceTree = "<group>";
		};
		D64FA18B1D1D2B63007DE414 /* Model */ = {
			isa = PBXGroup;
			children = (
				D6E2AC4D1D1E876700B18F0E /* PlayerManager.h */,
				D6E2AC4E1D1E876700B18F0E /* PlayerManager.m */,
				D6E2AC4F1D1E876700B18F0E /* PlayerConsole.h */,
				D6E2AC501D1E876700B18F0E /* PlayerConsole.m */,
				D65E699D1D21081D004286E5 /* SmallPlayer.h */,
				D65E699E1D21081D004286E5 /* SmallPlayer.m */,
				D64FA18C1D1D2B63007DE414 /* README.md */,
				D6E2AC401D1E5E0200B18F0E /* Music.h */,
				D6E2AC411D1E5E0200B18F0E /* Music.m */,
			);
			path = Model;
			sourceTree = "<group>";
		};
		D64FA18D1D1D2B63007DE414 /* View */ = {
			isa = PBXGroup;
			children = (
				D64FA18E1D1D2B63007DE414 /* README.md */,
				D6E2AC431D1E681900B18F0E /* MusicListCell.h */,
				D6E2AC441D1E681900B18F0E /* MusicListCell.m */,
				D6E2AC451D1E681900B18F0E /* MusicListCell.xib */,
			);
			path = View;
			sourceTree = "<group>";
		};
		D64FA19B1D1D2B8D007DE414 /* Controller */ = {
			isa = PBXGroup;
			children = (
				D64FA19C1D1D2B8D007DE414 /* README.md */,
				D66AA2991D1EC7FA00045D9E /* NewsViewController.h */,
				D66AA29A1D1EC7FA00045D9E /* NewsViewController.m */,
				D6321E1A1D23BE69002F137F /* NewsSpecialListViewController.h */,
				D6321E1B1D23BE69002F137F /* NewsSpecialListViewController.m */,
				D6321E1D1D23BE9C002F137F /* NewsDetailViewController.h */,
				D6321E1E1D23BE9C002F137F /* NewsDetailViewController.m */,
				D6321E201D23C6EF002F137F /* NewsPhotoSetDetailViewController.h */,
				D6321E211D23C6EF002F137F /* NewsPhotoSetDetailViewController.m */,
				D6E4996D1D240ED300892D54 /* Details.css */,
			);
			path = Controller;
			sourceTree = "<group>";
		};
		D64FA19D1D1D2B8D007DE414 /* Model */ = {
			isa = PBXGroup;
			children = (
				D64FA19E1D1D2B8D007DE414 /* README.md */,
				D686D4451D21616C002B75C2 /* News.h */,
				D686D4461D21616C002B75C2 /* News.m */,
				D6E4996A1D240E3200892D54 /* NewsImage.h */,
				D6E4996B1D240E3200892D54 /* NewsImage.m */,
			);
			path = Model;
			sourceTree = "<group>";
		};
		D64FA19F1D1D2B8D007DE414 /* View */ = {
			isa = PBXGroup;
			children = (
				D66E3E731D1FBB4400DB84BF /* SegmentView.h */,
				D66E3E741D1FBB4400DB84BF /* SegmentView.m */,
				D64FA1A01D1D2B8D007DE414 /* README.md */,
				D6EA5E9B1D1D2DCF006B6C33 /* NewsPhotoSetCell.h */,
				D6EA5E9C1D1D2DCF006B6C33 /* NewsPhotoSetCell.m */,
				D6EA5E9D1D1D2DCF006B6C33 /* NewsPhotoSetCell.xib */,
				D6EA5EA01D1D2DF4006B6C33 /* NewsArticleCell.h */,
				D6EA5EA11D1D2DF4006B6C33 /* NewsArticleCell.m */,
				D6EA5EA21D1D2DF4006B6C33 /* NewsArticleCell.xib */,
				D66E3E7B1D1FD6F500DB84BF /* MyScorllView.h */,
				D66E3E7C1D1FD6F500DB84BF /* MyScorllView.m */,
				D66E3E811D1FEE5700DB84BF /* BigScrollView.h */,
				D66E3E821D1FEE5700DB84BF /* BigScrollView.m */,
				D611904D1D226A92003F5447 /* NewsFirstViewCell.h */,
				D611904E1D226A92003F5447 /* NewsFirstViewCell.m */,
			);
			path = View;
			sourceTree = "<group>";
		};
		D64FA1A41D1D2B97007DE414 /* Controller */ = {
			isa = PBXGroup;
			children = (
				D64FA1A51D1D2B97007DE414 /* README.md */,
				D66AA29C1D1ECCD900045D9E /* UserViewController.h */,
				D66AA29D1D1ECCD900045D9E /* UserViewController.m */,
				D66AA29E1D1ECCD900045D9E /* UserViewController.xib */,
				D66E6EA51D261F5600534723 /* NewsCollectViewController.h */,
				D66E6EA61D261F5600534723 /* NewsCollectViewController.m */,
				D66E6EA71D261F5600534723 /* NewsCollectViewController.xib */,
			);
			path = Controller;
			sourceTree = "<group>";
		};
		D64FA1A61D1D2B97007DE414 /* Model */ = {
			isa = PBXGroup;
			children = (
				D64FA1A71D1D2B97007DE414 /* README.md */,
			);
			path = Model;
			sourceTree = "<group>";
		};
		D64FA1A81D1D2B97007DE414 /* View */ = {
			isa = PBXGroup;
			children = (
				D65A07A21D23EF6300DF3593 /* collectCell.xib */,
				D65A07A31D23EF6300DF3593 /* collectCell.m */,
				D65A07A41D23EF6300DF3593 /* collectCell.h */,
				D6E96A9A1D256CC300AF7AF3 /* SetCell.h */,
				D6E96A9B1D256CC300AF7AF3 /* SetCell.m */,
				D6E96A9C1D256CC300AF7AF3 /* SetCell.xib */,
				D64FA1A91D1D2B97007DE414 /* README.md */,
			);
			path = View;
			sourceTree = "<group>";
		};
		D64FA1AD1D1D2B9F007DE414 /* Controller */ = {
			isa = PBXGroup;
			children = (
				F5D2E3721D212C2F00D297A3 /* VideoViewController.h */,
				F5D2E3731D212C2F00D297A3 /* VideoViewController.m */,
				D64FA1AE1D1D2B9F007DE414 /* README.md */,
			);
			path = Controller;
			sourceTree = "<group>";
		};
		D64FA1AF1D1D2B9F007DE414 /* Model */ = {
			isa = PBXGroup;
			children = (
				D64FA1B01D1D2B9F007DE414 /* README.md */,
				F570BD131D1D6C9A0031CDB3 /* VideoModel.h */,
				F570BD141D1D6C9A0031CDB3 /* VideoModel.m */,
			);
			path = Model;
			sourceTree = "<group>";
		};
		D64FA1B11D1D2B9F007DE414 /* View */ = {
			isa = PBXGroup;
			children = (
				F5D2E3751D212C3800D297A3 /* VideoCell.h */,
				F5D2E3761D212C3800D297A3 /* VideoCell.m */,
				F5D2E3771D212C3800D297A3 /* VideoCell.xib */,
				F5D2E36C1D212C0700D297A3 /* WXPlayerView.h */,
				F5D2E36D1D212C0700D297A3 /* WXPlayerView.m */,
				F5D2E37D1D212DC000D297A3 /* WMPlayer.bundle */,
			);
			path = View;
			sourceTree = "<group>";
		};
		D66AA28E1D1EC4BD00045D9E /* Image */ = {
			isa = PBXGroup;
			children = (
				D686D4401D20FC9A002B75C2 /* redPacket_btn_1@2x.png */,
				D686D4151D20CBBD002B75C2 /* background.png */,
				D686D4161D20CBBD002B75C2 /* collect.png */,
				D686D4171D20CBBD002B75C2 /* lyric.png */,
				D686D4321D20D35C002B75C2 /* musicBarButton.png */,
				D6D1BF931D22C1C60023F6FC /* p1156430977.jpg */,
				D686D4181D20CBBD002B75C2 /* tabbar */,
				D686D41F1D20CBBD002B75C2 /* thumb.png */,
				D66AA2911D1EC4BD00045D9E /* icon.png */,
			);
			path = Image;
			sourceTree = "<group>";
		};
		D686D4181D20CBBD002B75C2 /* tabbar */ = {
			isa = PBXGroup;
			children = (
				D686D43C1D20FB26002B75C2 /* tabbar_icon_map_normal@2x.png */,
				D686D43E1D20FB97002B75C2 /* tabbar_icon_map_highlight@2x.png */,
				D686D4191D20CBBD002B75C2 /* tabbar_icon_me_highlight@2x.png */,
				D686D41A1D20CBBD002B75C2 /* tabbar_icon_me_normal@2x.png */,
				D686D41B1D20CBBD002B75C2 /* tabbar_icon_media_highlight@2x.png */,
				D686D41C1D20CBBD002B75C2 /* tabbar_icon_media_normal@2x.png */,
				D686D41D1D20CBBD002B75C2 /* tabbar_icon_news_highlight@2x.png */,
				D686D41E1D20CBBD002B75C2 /* tabbar_icon_news_normal@2x.png */,
			);
			path = tabbar;
			sourceTree = "<group>";
		};
		EBC2337212AA4DE4AE825C25 /* Frameworks */ = {
			isa = PBXGroup;
			children = (
				F53783281D227927000B6A2C /* ImageIO.framework */,
				F53783261D2278BF000B6A2C /* libz.tbd */,
				F53783241D2278B3000B6A2C /* libstdc++.tbd */,
				F53783221D2278A7000B6A2C /* CoreTelephony.framework */,
				F53783201D22789D000B6A2C /* libsqlite3.tbd */,
				F537831E1D227891000B6A2C /* CoreGraphics.framework */,
				F537831C1D227882000B6A2C /* SystemConfiguration.framework */,
				F537831A1D227873000B6A2C /* libiconv.tbd */,
				F53783181D227866000B6A2C /* Security.framework */,
				96AD0E98A66EEF8312CF716E /* libPods-ShowNews.a */,
			);
			name = Frameworks;
			sourceTree = "<group>";
		};
		F5D2E3601D20BE5E00D297A3 /* VideoImage */ = {
			isa = PBXGroup;
			children = (
				F5D2E3611D20BE9500D297A3 /* audionews_pause_button@2x.png */,
				F5D2E3621D20BE9500D297A3 /* audionews_play_button@2x.png */,
				F5D2E3651D20BE9D00D297A3 /* action_love_selected@2x.png */,
				F5D2E3661D20BE9D00D297A3 /* action_love@2x.png */,
				F5D2E3691D20BEBD00D297A3 /* tabbar_icon_media_normal@2x.png */,
				F5D2E37F1D212F4600D297A3 /* Unknown.png */,
				F537832A1D229A6B000B6A2C /* 2.jpg */,
			);
			name = VideoImage;
			path = Image/VideoImage;
			sourceTree = "<group>";
		};
/* End PBXGroup section */

/* Begin PBXNativeTarget section */
		D64FA10D1D1D1C92007DE414 /* ShowNews */ = {
			isa = PBXNativeTarget;
			buildConfigurationList = D64FA1251D1D1C92007DE414 /* Build configuration list for PBXNativeTarget "ShowNews" */;
			buildPhases = (
				089B828A87202E92E17AE6E7 /* 📦 Check Pods Manifest.lock */,
				D64FA10A1D1D1C92007DE414 /* Sources */,
				D64FA10B1D1D1C92007DE414 /* Frameworks */,
				D64FA10C1D1D1C92007DE414 /* Resources */,
				36C413AF1736369356E8D83E /* 📦 Embed Pods Frameworks */,
				0521704254F388981311C8E1 /* 📦 Copy Pods Resources */,
			);
			buildRules = (
			);
			dependencies = (
			);
			name = ShowNews;
			productName = ShowNews;
			productReference = D64FA10E1D1D1C92007DE414 /* ShowNews.app */;
			productType = "com.apple.product-type.application";
		};
/* End PBXNativeTarget section */

/* Begin PBXProject section */
		D64FA1061D1D1C92007DE414 /* Project object */ = {
			isa = PBXProject;
			attributes = {
				LastUpgradeCheck = 0720;
				ORGANIZATIONNAME = YZZL;
				TargetAttributes = {
					D64FA10D1D1D1C92007DE414 = {
						CreatedOnToolsVersion = 7.2;
						DevelopmentTeam = C74N88E94E;
					};
				};
			};
			buildConfigurationList = D64FA1091D1D1C92007DE414 /* Build configuration list for PBXProject "ShowNews" */;
			compatibilityVersion = "Xcode 3.2";
			developmentRegion = English;
			hasScannedForEncodings = 0;
			knownRegions = (
				en,
				Base,
			);
			mainGroup = D64FA1051D1D1C92007DE414;
			productRefGroup = D64FA10F1D1D1C92007DE414 /* Products */;
			projectDirPath = "";
			projectRoot = "";
			targets = (
				D64FA10D1D1D1C92007DE414 /* ShowNews */,
			);
		};
/* End PBXProject section */

/* Begin PBXResourcesBuildPhase section */
		D64FA10C1D1D1C92007DE414 /* Resources */ = {
			isa = PBXResourcesBuildPhase;
			buildActionMask = 2147483647;
			files = (
				D6EA5E9F1D1D2DCF006B6C33 /* NewsPhotoSetCell.xib in Resources */,
				F5D2E3631D20BE9500D297A3 /* audionews_pause_button@2x.png in Resources */,
				D66AA2A01D1ECCD900045D9E /* UserViewController.xib in Resources */,
				D686D4231D20CBBD002B75C2 /* tabbar_icon_me_highlight@2x.png in Resources */,
				D686D4331D20D35C002B75C2 /* musicBarButton.png in Resources */,
				D686D4241D20CBBD002B75C2 /* tabbar_icon_me_normal@2x.png in Resources */,
				D686D4221D20CBBD002B75C2 /* lyric.png in Resources */,
				D64FA1211D1D1C92007DE414 /* LaunchScreen.storyboard in Resources */,
				D6E96A9E1D256CC300AF7AF3 /* SetCell.xib in Resources */,
				F5D2E3681D20BE9D00D297A3 /* action_love@2x.png in Resources */,
				F5D2E3791D212C3800D297A3 /* VideoCell.xib in Resources */,
				F537832B1D229A6B000B6A2C /* 2.jpg in Resources */,
				D686D4261D20CBBD002B75C2 /* tabbar_icon_media_normal@2x.png in Resources */,
				D686D4291D20CBBD002B75C2 /* thumb.png in Resources */,
				D66AA2A51D1ECCF100045D9E /* MapViewController.xib in Resources */,
				F5D2E37E1D212DC000D297A3 /* WMPlayer.bundle in Resources */,
				D686D4201D20CBBD002B75C2 /* background.png in Resources */,
				D686D43F1D20FB97002B75C2 /* tabbar_icon_map_highlight@2x.png in Resources */,
				D6EA5EDA1D1D6BF1006B6C33 /* MusicSearchController.xib in Resources */,
				D6E4996E1D240ED300892D54 /* Details.css in Resources */,
				D6EA5EA41D1D2DF4006B6C33 /* NewsArticleCell.xib in Resources */,
				D686D4411D20FC9A002B75C2 /* redPacket_btn_1@2x.png in Resources */,
				F53D262C1D1E6CFD002E0644 /* pika.gif in Resources */,
				D6E2AC4C1D1E873600B18F0E /* PlayViewController.xib in Resources */,
				D6D1BF941D22C1C60023F6FC /* p1156430977.jpg in Resources */,
				F5D2E3641D20BE9500D297A3 /* audionews_play_button@2x.png in Resources */,
				D64FA11E1D1D1C92007DE414 /* Assets.xcassets in Resources */,
				F5D2E36A1D20BEBD00D297A3 /* tabbar_icon_media_normal@2x.png in Resources */,
				D66AA2961D1EC4BD00045D9E /* icon.png in Resources */,
				F5D2E3801D212F4600D297A3 /* Unknown.png in Resources */,
				D64FA11C1D1D1C92007DE414 /* Main.storyboard in Resources */,
				F5D2E3671D20BE9D00D297A3 /* action_love_selected@2x.png in Resources */,
				D65A07A51D23EF6300DF3593 /* collectCell.xib in Resources */,
				D6224A551D1E9EDA0048ED57 /* CityViewController.xib in Resources */,
				D686D4271D20CBBD002B75C2 /* tabbar_icon_news_highlight@2x.png in Resources */,
				D66E6EA91D261F5600534723 /* NewsCollectViewController.xib in Resources */,
				D686D43D1D20FB26002B75C2 /* tabbar_icon_map_normal@2x.png in Resources */,
				D686D4211D20CBBD002B75C2 /* collect.png in Resources */,
				D6E2AC471D1E681900B18F0E /* MusicListCell.xib in Resources */,
				D686D4251D20CBBD002B75C2 /* tabbar_icon_media_highlight@2x.png in Resources */,
				D686D4281D20CBBD002B75C2 /* tabbar_icon_news_normal@2x.png in Resources */,
			);
			runOnlyForDeploymentPostprocessing = 0;
		};
/* End PBXResourcesBuildPhase section */

/* Begin PBXShellScriptBuildPhase section */
		0521704254F388981311C8E1 /* 📦 Copy Pods Resources */ = {
			isa = PBXShellScriptBuildPhase;
			buildActionMask = 2147483647;
			files = (
			);
			inputPaths = (
			);
			name = "📦 Copy Pods Resources";
			outputPaths = (
			);
			runOnlyForDeploymentPostprocessing = 0;
			shellPath = /bin/sh;
			shellScript = "\"${SRCROOT}/Pods/Target Support Files/Pods-ShowNews/Pods-ShowNews-resources.sh\"\n";
			showEnvVarsInLog = 0;
		};
		089B828A87202E92E17AE6E7 /* 📦 Check Pods Manifest.lock */ = {
			isa = PBXShellScriptBuildPhase;
			buildActionMask = 2147483647;
			files = (
			);
			inputPaths = (
			);
			name = "📦 Check Pods Manifest.lock";
			outputPaths = (
			);
			runOnlyForDeploymentPostprocessing = 0;
			shellPath = /bin/sh;
			shellScript = "diff \"${PODS_ROOT}/../Podfile.lock\" \"${PODS_ROOT}/Manifest.lock\" > /dev/null\nif [[ $? != 0 ]] ; then\n    cat << EOM\nerror: The sandbox is not in sync with the Podfile.lock. Run 'pod install' or update your CocoaPods installation.\nEOM\n    exit 1\nfi\n";
			showEnvVarsInLog = 0;
		};
		36C413AF1736369356E8D83E /* 📦 Embed Pods Frameworks */ = {
			isa = PBXShellScriptBuildPhase;
			buildActionMask = 2147483647;
			files = (
			);
			inputPaths = (
			);
			name = "📦 Embed Pods Frameworks";
			outputPaths = (
			);
			runOnlyForDeploymentPostprocessing = 0;
			shellPath = /bin/sh;
			shellScript = "\"${SRCROOT}/Pods/Target Support Files/Pods-ShowNews/Pods-ShowNews-frameworks.sh\"\n";
			showEnvVarsInLog = 0;
		};
/* End PBXShellScriptBuildPhase section */

/* Begin PBXSourcesBuildPhase section */
		D64FA10A1D1D1C92007DE414 /* Sources */ = {
			isa = PBXSourcesBuildPhase;
			buildActionMask = 2147483647;
			files = (
				D64FA1761D1D1D95007DE414 /* README.md in Sources */,
				D6BA654C1D1E30C900ECA213 /* BaseViewController.m in Sources */,
				D65A07A11D23ED8600DF3593 /* UIScrollView+ScalableCover.m in Sources */,
				F5D2E3741D212C2F00D297A3 /* VideoViewController.m in Sources */,
				D64FA1191D1D1C92007DE414 /* ViewController.m in Sources */,
				D64FA1901D1D2B63007DE414 /* README.md in Sources */,
				D6BA65461D1E2C7B00ECA213 /* Weather.m in Sources */,
				D66AA2A41D1ECCF100045D9E /* MapViewController.m in Sources */,
				D686D4441D216144002B75C2 /* NewsDataManager.m in Sources */,
				F570BD151D1D6C9A0031CDB3 /* VideoModel.m in Sources */,
				D64FA1911D1D2B63007DE414 /* README.md in Sources */,
				D66E6EA81D261F5600534723 /* NewsCollectViewController.m in Sources */,
				D64FA1AB1D1D2B97007DE414 /* README.md in Sources */,
				D65E699F1D21081D004286E5 /* SmallPlayer.m in Sources */,
				D64FA17A1D1D1D95007DE414 /* README.md in Sources */,
				D64FA1131D1D1C92007DE414 /* main.m in Sources */,
				D64FA1A31D1D2B8D007DE414 /* README.md in Sources */,
				D6224A4A1D1E6F6E0048ED57 /* README.md in Sources */,
				D686D3FC1D20B7FE002B75C2 /* UIImage+ImageByColor.m in Sources */,
				D6224A471D1E6F6E0048ED57 /* README.md in Sources */,
				D64FA17D1D1D1D95007DE414 /* README.md in Sources */,
				D64FA1771D1D1D95007DE414 /* README.md in Sources */,
				D64FA1B31D1D2B9F007DE414 /* README.md in Sources */,
				D6224A3E1D1E6A560048ED57 /* Foundation+Log.m in Sources */,
				D6E2AC511D1E876700B18F0E /* PlayerManager.m in Sources */,
				D64FA1A21D1D2B8D007DE414 /* README.md in Sources */,
				D66AA29F1D1ECCD900045D9E /* UserViewController.m in Sources */,
				D6EA5EA31D1D2DF4006B6C33 /* NewsArticleCell.m in Sources */,
				D6E4996C1D240E3200892D54 /* NewsImage.m in Sources */,
				D66AA29B1D1EC7FA00045D9E /* NewsViewController.m in Sources */,
				D64FA1881D1D2B41007DE414 /* README.md in Sources */,
				F5D2E3781D212C3800D297A3 /* VideoCell.m in Sources */,
				D611904F1D226A92003F5447 /* NewsFirstViewCell.m in Sources */,
				F557EF851D1FAE9B00C3C241 /* City.m in Sources */,
				D64FA1B41D1D2B9F007DE414 /* README.md in Sources */,
				F53D262B1D1E6CFD002E0644 /* GiFHUD.m in Sources */,
				D6E96A9D1D256CC300AF7AF3 /* SetCell.m in Sources */,
				D6BA65401D1E253200ECA213 /* WeatherHandle.m in Sources */,
				D66E3E831D1FEE5700DB84BF /* BigScrollView.m in Sources */,
				D64FA1861D1D2B41007DE414 /* README.md in Sources */,
				F5D2E36E1D212C0700D297A3 /* WXPlayerView.m in Sources */,
				D64FA1AA1D1D2B97007DE414 /* README.md in Sources */,
				D64FA1741D1D1D95007DE414 /* README.md in Sources */,
				D6224A491D1E6F6E0048ED57 /* README.md in Sources */,
				D6321E1C1D23BE69002F137F /* NewsSpecialListViewController.m in Sources */,
				D64FA1AC1D1D2B97007DE414 /* README.md in Sources */,
				D64FA17C1D1D1D95007DE414 /* README.md in Sources */,
				D6E2AC521D1E876700B18F0E /* PlayerConsole.m in Sources */,
				D6EA5ED51D1D576D006B6C33 /* UILabel+Font.m in Sources */,
				F5D2E37C1D212C4B00D297A3 /* RequestHelper.m in Sources */,
				D6EA5E9E1D1D2DCF006B6C33 /* NewsPhotoSetCell.m in Sources */,
				D66E3E751D1FBB4400DB84BF /* SegmentView.m in Sources */,
				D6E2AC461D1E681900B18F0E /* MusicListCell.m in Sources */,
				D6E2AC4B1D1E873600B18F0E /* PlayViewController.m in Sources */,
				D64FA1751D1D1D95007DE414 /* UIScrollView+Touches.m in Sources */,
				D686D4471D21616C002B75C2 /* News.m in Sources */,
				D6321E1F1D23BE9C002F137F /* NewsDetailViewController.m in Sources */,
				D6EA5ED91D1D6BF1006B6C33 /* MusicSearchController.m in Sources */,
				D64FA1791D1D1D95007DE414 /* README.md in Sources */,
				D64FA1871D1D2B41007DE414 /* README.md in Sources */,
				D6E2AC421D1E5E0200B18F0E /* Music.m in Sources */,
				D6E261871D1FEAA500F8570C /* GDataXMLNode.m in Sources */,
				D64FA18F1D1D2B63007DE414 /* README.md in Sources */,
				D64FA17E1D1D1D95007DE414 /* README.md in Sources */,
				F5D2E3711D212C1700D297A3 /* UIButton+CellButton.m in Sources */,
				D6BA65581D1E5E0B00ECA213 /* GetPinYinFromChinese.m in Sources */,
				D64FA1781D1D1D95007DE414 /* README.md in Sources */,
				D6224A481D1E6F6E0048ED57 /* README.md in Sources */,
				D64FA17F1D1D1D95007DE414 /* README.md in Sources */,
				D65A07A61D23EF6300DF3593 /* collectCell.m in Sources */,
				D66E3E7D1D1FD6F500DB84BF /* MyScorllView.m in Sources */,
				D64FA17B1D1D1D95007DE414 /* README.md in Sources */,
				F5D8CC9D1D1E2620006077C7 /* NSString+TimeFormatter.m in Sources */,
				D6224A541D1E9EDA0048ED57 /* CityViewController.m in Sources */,
				D6321E221D23C6EF002F137F /* NewsPhotoSetDetailViewController.m in Sources */,
				D6E2AC551D1E878B00B18F0E /* MusicTimeFormatter.m in Sources */,
				D64FA1A11D1D2B8D007DE414 /* README.md in Sources */,
				D613BC001D253CCD000CB718 /* ToolForHeight.m in Sources */,
				D64FA1731D1D1D95007DE414 /* AppDelegate.m in Sources */,
			);
			runOnlyForDeploymentPostprocessing = 0;
		};
/* End PBXSourcesBuildPhase section */

/* Begin PBXVariantGroup section */
		D64FA11A1D1D1C92007DE414 /* Main.storyboard */ = {
			isa = PBXVariantGroup;
			children = (
				D64FA11B1D1D1C92007DE414 /* Base */,
			);
			name = Main.storyboard;
			sourceTree = "<group>";
		};
		D64FA11F1D1D1C92007DE414 /* LaunchScreen.storyboard */ = {
			isa = PBXVariantGroup;
			children = (
				D64FA1201D1D1C92007DE414 /* Base */,
			);
			name = LaunchScreen.storyboard;
			sourceTree = "<group>";
		};
/* End PBXVariantGroup section */

/* Begin XCBuildConfiguration section */
		D64FA1231D1D1C92007DE414 /* Debug */ = {
			isa = XCBuildConfiguration;
			buildSettings = {
				ALWAYS_SEARCH_USER_PATHS = NO;
				CLANG_CXX_LANGUAGE_STANDARD = "gnu++0x";
				CLANG_CXX_LIBRARY = "libc++";
				CLANG_ENABLE_MODULES = YES;
				CLANG_ENABLE_OBJC_ARC = YES;
				CLANG_WARN_BOOL_CONVERSION = YES;
				CLANG_WARN_CONSTANT_CONVERSION = YES;
				CLANG_WARN_DIRECT_OBJC_ISA_USAGE = YES_ERROR;
				CLANG_WARN_EMPTY_BODY = YES;
				CLANG_WARN_ENUM_CONVERSION = YES;
				CLANG_WARN_INT_CONVERSION = YES;
				CLANG_WARN_OBJC_ROOT_CLASS = YES_ERROR;
				CLANG_WARN_UNREACHABLE_CODE = YES;
				CLANG_WARN__DUPLICATE_METHOD_MATCH = YES;
				"CODE_SIGN_IDENTITY[sdk=iphoneos*]" = "iPhone Developer";
				COPY_PHASE_STRIP = NO;
				DEBUG_INFORMATION_FORMAT = dwarf;
				ENABLE_STRICT_OBJC_MSGSEND = YES;
				ENABLE_TESTABILITY = YES;
				GCC_C_LANGUAGE_STANDARD = gnu99;
				GCC_DYNAMIC_NO_PIC = NO;
				GCC_NO_COMMON_BLOCKS = YES;
				GCC_OPTIMIZATION_LEVEL = 0;
				GCC_PREPROCESSOR_DEFINITIONS = (
					"DEBUG=1",
					"$(inherited)",
				);
				GCC_WARN_64_TO_32_BIT_CONVERSION = YES;
				GCC_WARN_ABOUT_RETURN_TYPE = YES_ERROR;
				GCC_WARN_UNDECLARED_SELECTOR = YES;
				GCC_WARN_UNINITIALIZED_AUTOS = YES_AGGRESSIVE;
				GCC_WARN_UNUSED_FUNCTION = YES;
				GCC_WARN_UNUSED_VARIABLE = YES;
				IPHONEOS_DEPLOYMENT_TARGET = 9.2;
				MTL_ENABLE_DEBUG_INFO = YES;
				ONLY_ACTIVE_ARCH = YES;
				SDKROOT = iphoneos;
			};
			name = Debug;
		};
		D64FA1241D1D1C92007DE414 /* Release */ = {
			isa = XCBuildConfiguration;
			buildSettings = {
				ALWAYS_SEARCH_USER_PATHS = NO;
				CLANG_CXX_LANGUAGE_STANDARD = "gnu++0x";
				CLANG_CXX_LIBRARY = "libc++";
				CLANG_ENABLE_MODULES = YES;
				CLANG_ENABLE_OBJC_ARC = YES;
				CLANG_WARN_BOOL_CONVERSION = YES;
				CLANG_WARN_CONSTANT_CONVERSION = YES;
				CLANG_WARN_DIRECT_OBJC_ISA_USAGE = YES_ERROR;
				CLANG_WARN_EMPTY_BODY = YES;
				CLANG_WARN_ENUM_CONVERSION = YES;
				CLANG_WARN_INT_CONVERSION = YES;
				CLANG_WARN_OBJC_ROOT_CLASS = YES_ERROR;
				CLANG_WARN_UNREACHABLE_CODE = YES;
				CLANG_WARN__DUPLICATE_METHOD_MATCH = YES;
				"CODE_SIGN_IDENTITY[sdk=iphoneos*]" = "iPhone Developer";
				COPY_PHASE_STRIP = NO;
				DEBUG_INFORMATION_FORMAT = "dwarf-with-dsym";
				ENABLE_NS_ASSERTIONS = NO;
				ENABLE_STRICT_OBJC_MSGSEND = YES;
				GCC_C_LANGUAGE_STANDARD = gnu99;
				GCC_NO_COMMON_BLOCKS = YES;
				GCC_WARN_64_TO_32_BIT_CONVERSION = YES;
				GCC_WARN_ABOUT_RETURN_TYPE = YES_ERROR;
				GCC_WARN_UNDECLARED_SELECTOR = YES;
				GCC_WARN_UNINITIALIZED_AUTOS = YES_AGGRESSIVE;
				GCC_WARN_UNUSED_FUNCTION = YES;
				GCC_WARN_UNUSED_VARIABLE = YES;
				IPHONEOS_DEPLOYMENT_TARGET = 9.2;
				MTL_ENABLE_DEBUG_INFO = NO;
				SDKROOT = iphoneos;
				VALIDATE_PRODUCT = YES;
			};
			name = Release;
		};
		D64FA1261D1D1C92007DE414 /* Debug */ = {
			isa = XCBuildConfiguration;
			baseConfigurationReference = 79CF943A678FF3DE14FD163E /* Pods-ShowNews.debug.xcconfig */;
			buildSettings = {
				ASSETCATALOG_COMPILER_APPICON_NAME = AppIcon;
				CODE_SIGN_IDENTITY = "iPhone Developer: Wei Yang (F2N9DLANA4)";
				"CODE_SIGN_IDENTITY[sdk=iphoneos*]" = "iPhone Developer: Wei Yang (F2N9DLANA4)";
				ENABLE_BITCODE = NO;
				GCC_PREFIX_HEADER = "$(SRCROOT)/ShowNews/classes/Marco/PrefixHeader.pch";
				HEADER_SEARCH_PATHS = (
					"$(inherited)",
					"\"${PODS_ROOT}/Headers/Public\"",
					"\"${PODS_ROOT}/Headers/Public/AFNetworking\"",
					"\"${PODS_ROOT}/Headers/Public/BaiduMapKit\"",
					"\"${PODS_ROOT}/Headers/Public/MBProgressHUD\"",
					"\"${PODS_ROOT}/Headers/Public/MJRefresh\"",
					"\"${PODS_ROOT}/Headers/Public/Masonry\"",
					"\"${PODS_ROOT}/Headers/Public/RESideMenu\"",
					"\"${PODS_ROOT}/Headers/Public/SDWebImage\"",
					/usr/include/libxml2,
				);
				INFOPLIST_FILE = ShowNews/Info.plist;
				IPHONEOS_DEPLOYMENT_TARGET = 9.2;
				LD_RUNPATH_SEARCH_PATHS = "$(inherited) @executable_path/Frameworks";
				OTHER_LDFLAGS = (
					"$(inherited)",
					"-ObjC",
					"-l\"AFNetworking\"",
					"-l\"MBProgressHUD\"",
					"-l\"MJRefresh\"",
					"-l\"Masonry\"",
					"-l\"RESideMenu\"",
					"-l\"SDWebImage\"",
					"-l\"sqlite3.0\"",
					"-l\"stdc++.6.0.9\"",
					"-framework",
					"\"BaiduMapAPI_Base\"",
					"-framework",
					"\"BaiduMapAPI_Cloud\"",
					"-framework",
					"\"BaiduMapAPI_Location\"",
					"-framework",
					"\"BaiduMapAPI_Map\"",
					"-framework",
					"\"BaiduMapAPI_Radar\"",
					"-framework",
					"\"BaiduMapAPI_Search\"",
					"-framework",
					"\"BaiduMapAPI_Utils\"",
					"-framework",
					"\"CoreGraphics\"",
					"-framework",
					"\"CoreLocation\"",
					"-framework",
					"\"CoreTelephony\"",
					"-framework",
					"\"Foundation\"",
					"-framework",
					"\"ImageIO\"",
					"-framework",
					"\"MobileCoreServices\"",
					"-framework",
					"\"OpenGLES\"",
					"-framework",
					"\"QuartzCore\"",
					"-framework",
					"\"Security\"",
					"-framework",
					"\"SystemConfiguration\"",
					"-framework",
					"\"UIKit\"",
					"-lxml2",
				);
				PRODUCT_BUNDLE_IDENTIFIER = com.YZZL.ShowNews;
				PRODUCT_NAME = "$(TARGET_NAME)";
				PROVISIONING_PROFILE = "b72ed5ba-2c80-4fc4-ad1b-b5d374b7c63c";
			};
			name = Debug;
		};
		D64FA1271D1D1C92007DE414 /* Release */ = {
			isa = XCBuildConfiguration;
			baseConfigurationReference = D99B500FD685B92161D43C8B /* Pods-ShowNews.release.xcconfig */;
			buildSettings = {
				ASSETCATALOG_COMPILER_APPICON_NAME = AppIcon;
				CODE_SIGN_IDENTITY = "iPhone Developer: Wei Yang (F2N9DLANA4)";
				"CODE_SIGN_IDENTITY[sdk=iphoneos*]" = "iPhone Developer: Wei Yang (F2N9DLANA4)";
				ENABLE_BITCODE = NO;
				GCC_PREFIX_HEADER = "$(SRCROOT)/ShowNews/classes/Marco/PrefixHeader.pch";
				HEADER_SEARCH_PATHS = (
					"$(inherited)",
					"\"${PODS_ROOT}/Headers/Public\"",
					"\"${PODS_ROOT}/Headers/Public/AFNetworking\"",
					"\"${PODS_ROOT}/Headers/Public/BaiduMapKit\"",
					"\"${PODS_ROOT}/Headers/Public/MBProgressHUD\"",
					"\"${PODS_ROOT}/Headers/Public/MJRefresh\"",
					"\"${PODS_ROOT}/Headers/Public/Masonry\"",
					"\"${PODS_ROOT}/Headers/Public/RESideMenu\"",
					"\"${PODS_ROOT}/Headers/Public/SDWebImage\"",
					/usr/include/libxml2,
				);
				INFOPLIST_FILE = ShowNews/Info.plist;
				IPHONEOS_DEPLOYMENT_TARGET = 9.2;
				LD_RUNPATH_SEARCH_PATHS = "$(inherited) @executable_path/Frameworks";
				OTHER_LDFLAGS = (
					"$(inherited)",
					"-ObjC",
					"-l\"AFNetworking\"",
					"-l\"MBProgressHUD\"",
					"-l\"MJRefresh\"",
					"-l\"Masonry\"",
					"-l\"RESideMenu\"",
					"-l\"SDWebImage\"",
					"-l\"sqlite3.0\"",
					"-l\"stdc++.6.0.9\"",
					"-framework",
					"\"BaiduMapAPI_Base\"",
					"-framework",
					"\"BaiduMapAPI_Cloud\"",
					"-framework",
					"\"BaiduMapAPI_Location\"",
					"-framework",
					"\"BaiduMapAPI_Map\"",
					"-framework",
					"\"BaiduMapAPI_Radar\"",
					"-framework",
					"\"BaiduMapAPI_Search\"",
					"-framework",
					"\"BaiduMapAPI_Utils\"",
					"-framework",
					"\"CoreGraphics\"",
					"-framework",
					"\"CoreLocation\"",
					"-framework",
					"\"CoreTelephony\"",
					"-framework",
					"\"Foundation\"",
					"-framework",
					"\"ImageIO\"",
					"-framework",
					"\"MobileCoreServices\"",
					"-framework",
					"\"OpenGLES\"",
					"-framework",
					"\"QuartzCore\"",
					"-framework",
					"\"Security\"",
					"-framework",
					"\"SystemConfiguration\"",
					"-framework",
					"\"UIKit\"",
					"-lxml2",
				);
				PRODUCT_BUNDLE_IDENTIFIER = com.YZZL.ShowNews;
				PRODUCT_NAME = "$(TARGET_NAME)";
				PROVISIONING_PROFILE = "b72ed5ba-2c80-4fc4-ad1b-b5d374b7c63c";
			};
			name = Release;
		};
/* End XCBuildConfiguration section */

/* Begin XCConfigurationList section */
		D64FA1091D1D1C92007DE414 /* Build configuration list for PBXProject "ShowNews" */ = {
			isa = XCConfigurationList;
			buildConfigurations = (
				D64FA1231D1D1C92007DE414 /* Debug */,
				D64FA1241D1D1C92007DE414 /* Release */,
			);
			defaultConfigurationIsVisible = 0;
			defaultConfigurationName = Release;
		};
		D64FA1251D1D1C92007DE414 /* Build configuration list for PBXNativeTarget "ShowNews" */ = {
			isa = XCConfigurationList;
			buildConfigurations = (
				D64FA1261D1D1C92007DE414 /* Debug */,
				D64FA1271D1D1C92007DE414 /* Release */,
			);
			defaultConfigurationIsVisible = 0;
			defaultConfigurationName = Release;
		};
/* End XCConfigurationList section */
	};
	rootObject = D64FA1061D1D1C92007DE414 /* Project object */;
}
